2025-07-27T21:44:43.1587338Z Current runner version: '2.326.0'
2025-07-27T21:44:43.1612581Z ##[group]Runner Image Provisioner
2025-07-27T21:44:43.1613666Z Hosted Compute Agent
2025-07-27T21:44:43.1614229Z Version: 20250711.363
2025-07-27T21:44:43.1614915Z Commit: 6785254374ce925a23743850c1cb91912ce5c14c
2025-07-27T21:44:43.1615603Z Build Date: 2025-07-11T20:04:25Z
2025-07-27T21:44:43.1616181Z ##[endgroup]
2025-07-27T21:44:43.1616814Z ##[group]Operating System
2025-07-27T21:44:43.1617377Z Ubuntu
2025-07-27T21:44:43.1617809Z 24.04.2
2025-07-27T21:44:43.1618335Z LTS
2025-07-27T21:44:43.1618813Z ##[endgroup]
2025-07-27T21:44:43.1619353Z ##[group]Runner Image
2025-07-27T21:44:43.1619978Z Image: ubuntu-24.04
2025-07-27T21:44:43.1620484Z Version: 20250720.1.0
2025-07-27T21:44:43.1621575Z Included Software: https://github.com/actions/runner-images/blob/ubuntu24/20250720.1/images/ubuntu/Ubuntu2404-Readme.md
2025-07-27T21:44:43.1623355Z Image Release: https://github.com/actions/runner-images/releases/tag/ubuntu24%2F20250720.1
2025-07-27T21:44:43.1624488Z ##[endgroup]
2025-07-27T21:44:43.1625514Z ##[group]GITHUB_TOKEN Permissions
2025-07-27T21:44:43.1627714Z Contents: read
2025-07-27T21:44:43.1628311Z Metadata: read
2025-07-27T21:44:43.1628842Z ##[endgroup]
2025-07-27T21:44:43.1631279Z Secret source: Actions
2025-07-27T21:44:43.1632509Z Prepare workflow directory
2025-07-27T21:44:43.2223188Z Prepare all required actions
2025-07-27T21:44:43.2260796Z Getting action download info
2025-07-27T21:44:43.6702839Z ##[group]Download immutable action package 'actions/checkout@v4'
2025-07-27T21:44:43.6703965Z Version: 4.2.2
2025-07-27T21:44:43.6705021Z Digest: sha256:ccb2698953eaebd21c7bf6268a94f9c26518a7e38e27e0b83c1fe1ad049819b1
2025-07-27T21:44:43.6706182Z Source commit SHA: 11bd71901bbe5b1630ceea73d27597364c9af683
2025-07-27T21:44:43.6706947Z ##[endgroup]
2025-07-27T21:44:43.7607861Z Download action repository 'aws-actions/configure-aws-credentials@v4' (SHA:e3dd6a429d7300a6a4c196c26e071d42e0343502)
2025-07-27T21:44:44.3142319Z Download action repository 'hashicorp/setup-terraform@v3' (SHA:b9cd54a3c349d3f38e8881555d616ced269862dd)
2025-07-27T21:44:44.8882722Z Complete job name: Terraform Apply
2025-07-27T21:44:44.9663321Z ##[group]Run actions/checkout@v4
2025-07-27T21:44:44.9664684Z with:
2025-07-27T21:44:44.9665677Z   repository: rmcveyhsawaknow/tasky-pivot-for-insight
2025-07-27T21:44:44.9667217Z   token: ***
2025-07-27T21:44:44.9668031Z   ssh-strict: true
2025-07-27T21:44:44.9668881Z   ssh-user: git
2025-07-27T21:44:44.9669739Z   persist-credentials: true
2025-07-27T21:44:44.9670714Z   clean: true
2025-07-27T21:44:44.9671581Z   sparse-checkout-cone-mode: true
2025-07-27T21:44:44.9672810Z   fetch-depth: 1
2025-07-27T21:44:44.9673671Z   fetch-tags: false
2025-07-27T21:44:44.9674550Z   show-progress: true
2025-07-27T21:44:44.9675436Z   lfs: false
2025-07-27T21:44:44.9676268Z   submodules: false
2025-07-27T21:44:44.9677152Z   set-safe-directory: true
2025-07-27T21:44:44.9678320Z env:
2025-07-27T21:44:44.9679103Z   TF_VERSION: 1.7.5
2025-07-27T21:44:44.9679984Z   AWS_REGION: us-east-1
2025-07-27T21:44:44.9680926Z   PROJECT_NAME: tasky
2025-07-27T21:44:44.9681837Z   ENVIRONMENT: dev
2025-07-27T21:44:44.9682889Z   STACK_VERSION: v15
2025-07-27T21:44:44.9683745Z ##[endgroup]
2025-07-27T21:44:45.0802943Z Syncing repository: rmcveyhsawaknow/tasky-pivot-for-insight
2025-07-27T21:44:45.0805939Z ##[group]Getting Git version info
2025-07-27T21:44:45.0807720Z Working directory is '/home/runner/work/tasky-pivot-for-insight/tasky-pivot-for-insight'
2025-07-27T21:44:45.0810093Z [command]/usr/bin/git version
2025-07-27T21:44:45.0816396Z git version 2.50.1
2025-07-27T21:44:45.0844057Z ##[endgroup]
2025-07-27T21:44:45.0860442Z Temporarily overriding HOME='/home/runner/work/_temp/e1aa3e9d-126c-4897-8096-000446bcea7d' before making global git config changes
2025-07-27T21:44:45.0865430Z Adding repository directory to the temporary git global config as a safe directory
2025-07-27T21:44:45.0875675Z [command]/usr/bin/git config --global --add safe.directory /home/runner/work/tasky-pivot-for-insight/tasky-pivot-for-insight
2025-07-27T21:44:45.0911033Z Deleting the contents of '/home/runner/work/tasky-pivot-for-insight/tasky-pivot-for-insight'
2025-07-27T21:44:45.0915502Z ##[group]Initializing the repository
2025-07-27T21:44:45.0920023Z [command]/usr/bin/git init /home/runner/work/tasky-pivot-for-insight/tasky-pivot-for-insight
2025-07-27T21:44:45.0986260Z hint: Using 'master' as the name for the initial branch. This default branch name
2025-07-27T21:44:45.0989268Z hint: is subject to change. To configure the initial branch name to use in all
2025-07-27T21:44:45.0991192Z hint: of your new repositories, which will suppress this warning, call:
2025-07-27T21:44:45.0992836Z hint:
2025-07-27T21:44:45.0994253Z hint: 	git config --global init.defaultBranch <name>
2025-07-27T21:44:45.0995532Z hint:
2025-07-27T21:44:45.0996678Z hint: Names commonly chosen instead of 'master' are 'main', 'trunk' and
2025-07-27T21:44:45.0998761Z hint: 'development'. The just-created branch can be renamed via this command:
2025-07-27T21:44:45.1000455Z hint:
2025-07-27T21:44:45.1001260Z hint: 	git branch -m <name>
2025-07-27T21:44:45.1002473Z hint:
2025-07-27T21:44:45.1003764Z hint: Disable this message with "git config set advice.defaultBranchName false"
2025-07-27T21:44:45.1006225Z Initialized empty Git repository in /home/runner/work/tasky-pivot-for-insight/tasky-pivot-for-insight/.git/
2025-07-27T21:44:45.1010085Z [command]/usr/bin/git remote add origin https://github.com/rmcveyhsawaknow/tasky-pivot-for-insight
2025-07-27T21:44:45.1032973Z ##[endgroup]
2025-07-27T21:44:45.1034474Z ##[group]Disabling automatic garbage collection
2025-07-27T21:44:45.1036142Z [command]/usr/bin/git config --local gc.auto 0
2025-07-27T21:44:45.1064910Z ##[endgroup]
2025-07-27T21:44:45.1066298Z ##[group]Setting up auth
2025-07-27T21:44:45.1070869Z [command]/usr/bin/git config --local --name-only --get-regexp core\.sshCommand
2025-07-27T21:44:45.1100951Z [command]/usr/bin/git submodule foreach --recursive sh -c "git config --local --name-only --get-regexp 'core\.sshCommand' && git config --local --unset-all 'core.sshCommand' || :"
2025-07-27T21:44:45.1383002Z [command]/usr/bin/git config --local --name-only --get-regexp http\.https\:\/\/github\.com\/\.extraheader
2025-07-27T21:44:45.1416752Z [command]/usr/bin/git submodule foreach --recursive sh -c "git config --local --name-only --get-regexp 'http\.https\:\/\/github\.com\/\.extraheader' && git config --local --unset-all 'http.https://github.com/.extraheader' || :"
2025-07-27T21:44:45.1637663Z [command]/usr/bin/git config --local http.https://github.com/.extraheader AUTHORIZATION: basic ***
2025-07-27T21:44:45.1680593Z ##[endgroup]
2025-07-27T21:44:45.1683261Z ##[group]Fetching the repository
2025-07-27T21:44:45.1692983Z [command]/usr/bin/git -c protocol.version=2 fetch --no-tags --prune --no-recurse-submodules --depth=1 origin +9fa1f2f3ebbd93da34d09b533b77fdc0ae0fab51:refs/remotes/origin/deploy/v15-quickstart
2025-07-27T21:44:45.9269387Z From https://github.com/rmcveyhsawaknow/tasky-pivot-for-insight
2025-07-27T21:44:45.9273834Z  * [new ref]         9fa1f2f3ebbd93da34d09b533b77fdc0ae0fab51 -> origin/deploy/v15-quickstart
2025-07-27T21:44:45.9299705Z ##[endgroup]
2025-07-27T21:44:45.9302466Z ##[group]Determining the checkout info
2025-07-27T21:44:45.9308965Z ##[endgroup]
2025-07-27T21:44:45.9310532Z [command]/usr/bin/git sparse-checkout disable
2025-07-27T21:44:45.9351536Z [command]/usr/bin/git config --local --unset-all extensions.worktreeConfig
2025-07-27T21:44:45.9380981Z ##[group]Checking out the ref
2025-07-27T21:44:45.9385131Z [command]/usr/bin/git checkout --progress --force -B deploy/v15-quickstart refs/remotes/origin/deploy/v15-quickstart
2025-07-27T21:44:46.0564894Z Switched to a new branch 'deploy/v15-quickstart'
2025-07-27T21:44:46.0566889Z branch 'deploy/v15-quickstart' set up to track 'origin/deploy/v15-quickstart'.
2025-07-27T21:44:46.0580871Z ##[endgroup]
2025-07-27T21:44:46.0619486Z [command]/usr/bin/git log -1 --format=%H
2025-07-27T21:44:46.0642167Z 9fa1f2f3ebbd93da34d09b533b77fdc0ae0fab51
2025-07-27T21:44:46.0888951Z ##[group]Run aws-actions/configure-aws-credentials@v4
2025-07-27T21:44:46.0889836Z with:
2025-07-27T21:44:46.0890831Z   role-to-assume: ***
2025-07-27T21:44:46.0891591Z   aws-region: us-east-1
2025-07-27T21:44:46.0892562Z   audience: sts.amazonaws.com
2025-07-27T21:44:46.0893328Z env:
2025-07-27T21:44:46.0894048Z   TF_VERSION: 1.7.5
2025-07-27T21:44:46.0894785Z   AWS_REGION: us-east-1
2025-07-27T21:44:46.0895530Z   PROJECT_NAME: tasky
2025-07-27T21:44:46.0896262Z   ENVIRONMENT: dev
2025-07-27T21:44:46.0896963Z   STACK_VERSION: v15
2025-07-27T21:44:46.0897681Z ##[endgroup]
2025-07-27T21:44:46.4869224Z Assuming role with OIDC
2025-07-27T21:44:46.8841677Z Authenticated as assumedRoleId AROASG7WNPAI6M3AFE467:GitHubActions
2025-07-27T21:44:46.9940160Z ##[group]Run hashicorp/setup-terraform@v3
2025-07-27T21:44:46.9940528Z with:
2025-07-27T21:44:46.9940780Z   terraform_version: 1.7.5
2025-07-27T21:44:46.9941098Z   cli_config_credentials_hostname: app.terraform.io
2025-07-27T21:44:46.9941457Z   terraform_wrapper: true
2025-07-27T21:44:46.9941715Z env:
2025-07-27T21:44:46.9942193Z   TF_VERSION: 1.7.5
2025-07-27T21:44:46.9942467Z   AWS_REGION: us-east-1
2025-07-27T21:44:46.9942731Z   PROJECT_NAME: tasky
2025-07-27T21:44:46.9942991Z   ENVIRONMENT: dev
2025-07-27T21:44:46.9943243Z   STACK_VERSION: v15
2025-07-27T21:44:46.9943508Z   AWS_DEFAULT_REGION: us-east-1
2025-07-27T21:44:46.9943955Z   AWS_ACCESS_KEY_ID: ***
2025-07-27T21:44:46.9944336Z   AWS_SECRET_ACCESS_KEY: ***
2025-07-27T21:44:46.9949435Z   AWS_SESSION_TOKEN: ***
2025-07-27T21:44:46.9949711Z ##[endgroup]
2025-07-27T21:44:47.5007318Z [command]/usr/bin/unzip -o -q /home/runner/work/_temp/b6e81a8c-0552-443a-a8ba-9ee1175f09dd
2025-07-27T21:44:48.0951372Z ##[group]Run cat > terraform.tfvars << EOF
2025-07-27T21:44:48.0951776Z [36;1mcat > terraform.tfvars << EOF[0m
2025-07-27T21:44:48.0952310Z [36;1mproject_name = "tasky"[0m
2025-07-27T21:44:48.0952567Z [36;1menvironment = "dev"[0m
2025-07-27T21:44:48.0952811Z [36;1mstack_version = "v15"[0m
2025-07-27T21:44:48.0953077Z [36;1maws_region = "us-east-1"[0m
2025-07-27T21:44:48.0953372Z [36;1mmongodb_instance_type = "t3.micro"[0m
2025-07-27T21:44:48.0953648Z [36;1mvpc_cidr = "10.0.0.0/16"[0m
2025-07-27T21:44:48.0954017Z [36;1mmongodb_username = "***"[0m
2025-07-27T21:44:48.0954318Z [36;1mmongodb_password = "***"[0m
2025-07-27T21:44:48.0954598Z [36;1mmongodb_database_name = "go-mongodb"[0m
2025-07-27T21:44:48.0954968Z [36;1mjwt_secret = "***"[0m
2025-07-27T21:44:48.0955192Z [36;1mEOF[0m
2025-07-27T21:44:48.0955453Z [36;1m# Format the generated file immediately  [0m
2025-07-27T21:44:48.0955778Z [36;1mterraform fmt terraform.tfvars[0m
2025-07-27T21:44:48.0987919Z shell: /usr/bin/bash -e {0}
2025-07-27T21:44:48.0988183Z env:
2025-07-27T21:44:48.0988376Z   TF_VERSION: 1.7.5
2025-07-27T21:44:48.0988587Z   AWS_REGION: us-east-1
2025-07-27T21:44:48.0988804Z   PROJECT_NAME: tasky
2025-07-27T21:44:48.0989014Z   ENVIRONMENT: dev
2025-07-27T21:44:48.0989210Z   STACK_VERSION: v15
2025-07-27T21:44:48.0989435Z   AWS_DEFAULT_REGION: us-east-1
2025-07-27T21:44:48.0989767Z   AWS_ACCESS_KEY_ID: ***
2025-07-27T21:44:48.0990107Z   AWS_SECRET_ACCESS_KEY: ***
2025-07-27T21:44:48.0995404Z   AWS_SESSION_TOKEN: ***
2025-07-27T21:44:48.0995777Z   TERRAFORM_CLI_PATH: /home/runner/work/_temp/e800c029-1fbc-4bd5-96cf-f5bfd4c335ff
2025-07-27T21:44:48.0996154Z ##[endgroup]
2025-07-27T21:44:50.1510017Z terraform.tfvars
2025-07-27T21:44:50.3853236Z ##[group]Run terraform init -backend-config=backend-prod.hcl
2025-07-27T21:44:50.3853713Z [36;1mterraform init -backend-config=backend-prod.hcl[0m
2025-07-27T21:44:50.3881323Z shell: /usr/bin/bash -e {0}
2025-07-27T21:44:50.3881565Z env:
2025-07-27T21:44:50.3881752Z   TF_VERSION: 1.7.5
2025-07-27T21:44:50.3882216Z   AWS_REGION: us-east-1
2025-07-27T21:44:50.3882470Z   PROJECT_NAME: tasky
2025-07-27T21:44:50.3882683Z   ENVIRONMENT: dev
2025-07-27T21:44:50.3882882Z   STACK_VERSION: v15
2025-07-27T21:44:50.3883096Z   AWS_DEFAULT_REGION: us-east-1
2025-07-27T21:44:50.3883663Z   AWS_ACCESS_KEY_ID: ***
2025-07-27T21:44:50.3884003Z   AWS_SECRET_ACCESS_KEY: ***
2025-07-27T21:44:50.3889020Z   AWS_SESSION_TOKEN: ***
2025-07-27T21:44:50.3889386Z   TERRAFORM_CLI_PATH: /home/runner/work/_temp/e800c029-1fbc-4bd5-96cf-f5bfd4c335ff
2025-07-27T21:44:50.3889791Z ##[endgroup]
2025-07-27T21:44:50.4940434Z 
2025-07-27T21:44:50.4941459Z [0m[1mInitializing the backend...[0m
2025-07-27T21:44:51.1814465Z [0m[32m
2025-07-27T21:44:51.1814998Z Successfully configured the backend "s3"! Terraform will automatically
2025-07-27T21:44:51.1815844Z use this backend unless the backend configuration changes.[0m
2025-07-27T21:44:51.6645953Z [0m[1mInitializing modules...[0m
2025-07-27T21:44:51.6671109Z - eks in modules/eks
2025-07-27T21:44:51.6703419Z - mongodb_ec2 in modules/mongodb-ec2
2025-07-27T21:44:51.6708297Z - s3_backup in modules/s3-backup
2025-07-27T21:44:51.6721246Z - vpc in modules/vpc
2025-07-27T21:44:51.6745530Z 
2025-07-27T21:44:51.6745991Z [0m[1mInitializing provider plugins...[0m
2025-07-27T21:44:51.6748095Z - Reusing previous version of hashicorp/random from the dependency lock file
2025-07-27T21:44:51.7536840Z - Reusing previous version of hashicorp/aws from the dependency lock file
2025-07-27T21:44:51.7701695Z - Reusing previous version of hashicorp/kubernetes from the dependency lock file
2025-07-27T21:44:51.7843460Z - Reusing previous version of hashicorp/helm from the dependency lock file
2025-07-27T21:44:51.7976542Z - Reusing previous version of hashicorp/tls from the dependency lock file
2025-07-27T21:44:51.8411147Z - Installing hashicorp/random v3.7.2...
2025-07-27T21:44:52.1019991Z - Installed hashicorp/random v3.7.2 (signed by HashiCorp)
2025-07-27T21:44:52.1298273Z - Installing hashicorp/aws v5.100.0...
2025-07-27T21:44:59.1330939Z - Installed hashicorp/aws v5.100.0 (signed by HashiCorp)
2025-07-27T21:44:59.1779118Z - Installing hashicorp/kubernetes v2.37.1...
2025-07-27T21:44:59.9445662Z - Installed hashicorp/kubernetes v2.37.1 (signed by HashiCorp)
2025-07-27T21:44:59.9743364Z - Installing hashicorp/helm v2.17.0...
2025-07-27T21:45:00.8825555Z - Installed hashicorp/helm v2.17.0 (signed by HashiCorp)
2025-07-27T21:45:00.9096536Z - Installing hashicorp/tls v4.1.0...
2025-07-27T21:45:01.1927077Z - Installed hashicorp/tls v4.1.0 (signed by HashiCorp)
2025-07-27T21:45:01.1927630Z 
2025-07-27T21:45:01.1930429Z [0m[1m[32mTerraform has been successfully initialized![0m[32m[0m
2025-07-27T21:45:01.1931101Z [0m[32m
2025-07-27T21:45:01.1931756Z You may now begin working with Terraform. Try running "terraform plan" to see
2025-07-27T21:45:01.1932899Z any changes that are required for your infrastructure. All Terraform commands
2025-07-27T21:45:01.1933607Z should now work.
2025-07-27T21:45:01.1933838Z 
2025-07-27T21:45:01.1934154Z If you ever set or change modules or backend configuration for Terraform,
2025-07-27T21:45:01.1935065Z rerun this command to reinitialize your working directory. If you forget, other
2025-07-27T21:45:01.1936002Z commands will detect it and remind you to do so if necessary.[0m
2025-07-27T21:45:01.2054810Z ##[group]Run terraform plan -out=tfplan
2025-07-27T21:45:01.2055155Z [36;1mterraform plan -out=tfplan[0m
2025-07-27T21:45:01.2082941Z shell: /usr/bin/bash -e {0}
2025-07-27T21:45:01.2083186Z env:
2025-07-27T21:45:01.2083368Z   TF_VERSION: 1.7.5
2025-07-27T21:45:01.2083590Z   AWS_REGION: us-east-1
2025-07-27T21:45:01.2083819Z   PROJECT_NAME: tasky
2025-07-27T21:45:01.2084032Z   ENVIRONMENT: dev
2025-07-27T21:45:01.2084230Z   STACK_VERSION: v15
2025-07-27T21:45:01.2084448Z   AWS_DEFAULT_REGION: us-east-1
2025-07-27T21:45:01.2084988Z   AWS_ACCESS_KEY_ID: ***
2025-07-27T21:45:01.2085314Z   AWS_SECRET_ACCESS_KEY: ***
2025-07-27T21:45:01.2090300Z   AWS_SESSION_TOKEN: ***
2025-07-27T21:45:01.2090667Z   TERRAFORM_CLI_PATH: /home/runner/work/_temp/e800c029-1fbc-4bd5-96cf-f5bfd4c335ff
2025-07-27T21:45:01.2091049Z ##[endgroup]
2025-07-27T21:45:05.4016633Z [0m[1mdata.aws_caller_identity.current: Reading...[0m[0m
2025-07-27T21:45:05.4018063Z [0m[1mmodule.mongodb_ec2.data.aws_ami.amazon_linux_2: Reading...[0m[0m
2025-07-27T21:45:05.4019861Z [0m[1mdata.aws_availability_zones.available: Reading...[0m[0m
2025-07-27T21:45:05.4071064Z [0m[1mmodule.vpc.data.aws_region.current: Reading...[0m[0m
2025-07-27T21:45:05.4097052Z [0m[1mmodule.vpc.data.aws_region.current: Read complete after 0s [id=us-east-1][0m
2025-07-27T21:45:05.4773079Z [0m[1mdata.aws_caller_identity.current: Read complete after 0s [id=152451250193][0m
2025-07-27T21:45:05.7779200Z [0m[1mdata.aws_availability_zones.available: Read complete after 1s [id=us-east-1][0m
2025-07-27T21:45:06.0979675Z [0m[1mmodule.mongodb_ec2.data.aws_ami.amazon_linux_2: Read complete after 1s [id=ami-083e865b97bdf1c1b][0m
2025-07-27T21:45:06.2852543Z 
2025-07-27T21:45:06.2853726Z Terraform used the selected providers to generate the following execution
2025-07-27T21:45:06.2854981Z plan. Resource actions are indicated with the following symbols:
2025-07-27T21:45:06.2856057Z   [32m+[0m create[0m
2025-07-27T21:45:06.2856817Z  [36m<=[0m read (data resources)[0m
2025-07-27T21:45:06.2862135Z 
2025-07-27T21:45:06.2865094Z Terraform will perform the following actions:
2025-07-27T21:45:06.2865467Z 
2025-07-27T21:45:06.2866280Z [1m  # module.eks.data.aws_iam_policy_document.aws_load_balancer_controller_assume_role_policy[0m will be read during apply
2025-07-27T21:45:06.2867205Z   # (config refers to values not yet known)
2025-07-27T21:45:06.2868099Z [0m [36m<=[0m[0m data "aws_iam_policy_document" "aws_load_balancer_controller_assume_role_policy" {
2025-07-27T21:45:06.2868954Z       [32m+[0m[0m id            = (known after apply)
2025-07-27T21:45:06.2869569Z       [32m+[0m[0m json          = (known after apply)
2025-07-27T21:45:06.2870169Z       [32m+[0m[0m minified_json = (known after apply)
2025-07-27T21:45:06.2870504Z 
2025-07-27T21:45:06.2870718Z       [32m+[0m[0m statement {
2025-07-27T21:45:06.2871192Z           [32m+[0m[0m actions = [
2025-07-27T21:45:06.2871785Z               [32m+[0m[0m "sts:AssumeRoleWithWebIdentity",
2025-07-27T21:45:06.2872449Z             ]
2025-07-27T21:45:06.2872867Z           [32m+[0m[0m effect  = "Allow"
2025-07-27T21:45:06.2873177Z 
2025-07-27T21:45:06.2873392Z           [32m+[0m[0m condition {
2025-07-27T21:45:06.2873926Z               [32m+[0m[0m test     = "StringEquals"
2025-07-27T21:45:06.2874468Z               [32m+[0m[0m values   = [
2025-07-27T21:45:06.2875257Z                   [32m+[0m[0m "system:serviceaccount:kube-system:aws-load-balancer-controller",
2025-07-27T21:45:06.2875901Z                 ]
2025-07-27T21:45:06.2876396Z               [32m+[0m[0m variable = (known after apply)
2025-07-27T21:45:06.2876857Z             }
2025-07-27T21:45:06.2877044Z 
2025-07-27T21:45:06.2877261Z           [32m+[0m[0m principals {
2025-07-27T21:45:06.2877801Z               [32m+[0m[0m identifiers = [
2025-07-27T21:45:06.2878376Z                   [32m+[0m[0m (known after apply),
2025-07-27T21:45:06.2878828Z                 ]
2025-07-27T21:45:06.2879725Z               [32m+[0m[0m type        = "Federated"
2025-07-27T21:45:06.2880190Z             }
2025-07-27T21:45:06.2880509Z         }
2025-07-27T21:45:06.2880798Z     }
2025-07-27T21:45:06.2880959Z 
2025-07-27T21:45:06.2881390Z [1m  # module.eks.data.tls_certificate.eks[0m will be read during apply
2025-07-27T21:45:06.2882187Z   # (config refers to values not yet known)
2025-07-27T21:45:06.2882792Z [0m [36m<=[0m[0m data "tls_certificate" "eks" {
2025-07-27T21:45:06.2883414Z       [32m+[0m[0m certificates = (known after apply)
2025-07-27T21:45:06.2884026Z       [32m+[0m[0m id           = (known after apply)
2025-07-27T21:45:06.2884614Z       [32m+[0m[0m url          = (known after apply)
2025-07-27T21:45:06.2885070Z     }
2025-07-27T21:45:06.2885232Z 
2025-07-27T21:45:06.2885571Z [1m  # module.eks.aws_eks_addon.coredns[0m will be created
2025-07-27T21:45:06.2886247Z [0m  [32m+[0m[0m resource "aws_eks_addon" "coredns" {
2025-07-27T21:45:06.2886871Z       [32m+[0m[0m addon_name           = "coredns"
2025-07-27T21:45:06.2887749Z       [32m+[0m[0m addon_version        = "v1.10.1-eksbuild.5"
2025-07-27T21:45:06.2888443Z       [32m+[0m[0m arn                  = (known after apply)
2025-07-27T21:45:06.2889155Z       [32m+[0m[0m cluster_name         = "tasky-dev-v15-eks-cluster"
2025-07-27T21:45:06.2889872Z       [32m+[0m[0m configuration_values = (known after apply)
2025-07-27T21:45:06.2890538Z       [32m+[0m[0m created_at           = (known after apply)
2025-07-27T21:45:06.2891170Z       [32m+[0m[0m id                   = (known after apply)
2025-07-27T21:45:06.2891811Z       [32m+[0m[0m modified_at          = (known after apply)
2025-07-27T21:45:06.2892636Z       [32m+[0m[0m tags                 = (known after apply)
2025-07-27T21:45:06.2893283Z       [32m+[0m[0m tags_all             = (known after apply)
2025-07-27T21:45:06.2893794Z     }
2025-07-27T21:45:06.2893974Z 
2025-07-27T21:45:06.2894306Z [1m  # module.eks.aws_eks_addon.ebs_csi[0m will be created
2025-07-27T21:45:06.2894997Z [0m  [32m+[0m[0m resource "aws_eks_addon" "ebs_csi" {
2025-07-27T21:45:06.2895660Z       [32m+[0m[0m addon_name           = "aws-ebs-csi-driver"
2025-07-27T21:45:06.2896333Z       [32m+[0m[0m addon_version        = "v1.24.0-eksbuild.1"
2025-07-27T21:45:06.2896977Z       [32m+[0m[0m arn                  = (known after apply)
2025-07-27T21:45:06.2897690Z       [32m+[0m[0m cluster_name         = "tasky-dev-v15-eks-cluster"
2025-07-27T21:45:06.2898405Z       [32m+[0m[0m configuration_values = (known after apply)
2025-07-27T21:45:06.2899077Z       [32m+[0m[0m created_at           = (known after apply)
2025-07-27T21:45:06.2899713Z       [32m+[0m[0m id                   = (known after apply)
2025-07-27T21:45:06.2900341Z       [32m+[0m[0m modified_at          = (known after apply)
2025-07-27T21:45:06.2900982Z       [32m+[0m[0m tags                 = (known after apply)
2025-07-27T21:45:06.2901616Z       [32m+[0m[0m tags_all             = (known after apply)
2025-07-27T21:45:06.2902267Z     }
2025-07-27T21:45:06.2902503Z 
2025-07-27T21:45:06.2902867Z [1m  # module.eks.aws_eks_addon.kube_proxy[0m will be created
2025-07-27T21:45:06.2903614Z [0m  [32m+[0m[0m resource "aws_eks_addon" "kube_proxy" {
2025-07-27T21:45:06.2904253Z       [32m+[0m[0m addon_name           = "kube-proxy"
2025-07-27T21:45:06.2904902Z       [32m+[0m[0m addon_version        = "v1.28.2-eksbuild.2"
2025-07-27T21:45:06.2905549Z       [32m+[0m[0m arn                  = (known after apply)
2025-07-27T21:45:06.2906206Z       [32m+[0m[0m cluster_name         = "tasky-dev-v15-eks-cluster"
2025-07-27T21:45:06.2906869Z       [32m+[0m[0m configuration_values = (known after apply)
2025-07-27T21:45:06.2907509Z       [32m+[0m[0m created_at           = (known after apply)
2025-07-27T21:45:06.2908111Z       [32m+[0m[0m id                   = (known after apply)
2025-07-27T21:45:06.2908696Z       [32m+[0m[0m modified_at          = (known after apply)
2025-07-27T21:45:06.2909548Z       [32m+[0m[0m tags                 = (known after apply)
2025-07-27T21:45:06.2910213Z       [32m+[0m[0m tags_all             = (known after apply)
2025-07-27T21:45:06.2910669Z     }
2025-07-27T21:45:06.2910844Z 
2025-07-27T21:45:06.2911152Z [1m  # module.eks.aws_eks_addon.vpc_cni[0m will be created
2025-07-27T21:45:06.2911826Z [0m  [32m+[0m[0m resource "aws_eks_addon" "vpc_cni" {
2025-07-27T21:45:06.2912688Z       [32m+[0m[0m addon_name           = "vpc-cni"
2025-07-27T21:45:06.2913306Z       [32m+[0m[0m addon_version        = "v1.15.1-eksbuild.1"
2025-07-27T21:45:06.2913961Z       [32m+[0m[0m arn                  = (known after apply)
2025-07-27T21:45:06.2914613Z       [32m+[0m[0m cluster_name         = "tasky-dev-v15-eks-cluster"
2025-07-27T21:45:06.2915274Z       [32m+[0m[0m configuration_values = (known after apply)
2025-07-27T21:45:06.2915893Z       [32m+[0m[0m created_at           = (known after apply)
2025-07-27T21:45:06.2916495Z       [32m+[0m[0m id                   = (known after apply)
2025-07-27T21:45:06.2917303Z       [32m+[0m[0m modified_at          = (known after apply)
2025-07-27T21:45:06.2917899Z       [32m+[0m[0m tags                 = (known after apply)
2025-07-27T21:45:06.2918498Z       [32m+[0m[0m tags_all             = (known after apply)
2025-07-27T21:45:06.2918942Z     }
2025-07-27T21:45:06.2919096Z 
2025-07-27T21:45:06.2919399Z [1m  # module.eks.aws_eks_cluster.main[0m will be created
2025-07-27T21:45:06.2920018Z [0m  [32m+[0m[0m resource "aws_eks_cluster" "main" {
2025-07-27T21:45:06.2920659Z       [32m+[0m[0m arn                           = (known after apply)
2025-07-27T21:45:06.2921271Z       [32m+[0m[0m bootstrap_self_managed_addons = true
2025-07-27T21:45:06.2922205Z       [32m+[0m[0m certificate_authority         = (known after apply)
2025-07-27T21:45:06.2922911Z       [32m+[0m[0m cluster_id                    = (known after apply)
2025-07-27T21:45:06.2923576Z       [32m+[0m[0m created_at                    = (known after apply)
2025-07-27T21:45:06.2924207Z       [32m+[0m[0m enabled_cluster_log_types     = [
2025-07-27T21:45:06.2924706Z           [32m+[0m[0m "api",
2025-07-27T21:45:06.2925122Z           [32m+[0m[0m "audit",
2025-07-27T21:45:06.2925587Z           [32m+[0m[0m "authenticator",
2025-07-27T21:45:06.2926080Z           [32m+[0m[0m "controllerManager",
2025-07-27T21:45:06.2926553Z           [32m+[0m[0m "scheduler",
2025-07-27T21:45:06.2926917Z         ]
2025-07-27T21:45:06.2927377Z       [32m+[0m[0m endpoint                      = (known after apply)
2025-07-27T21:45:06.2928010Z       [32m+[0m[0m id                            = (known after apply)
2025-07-27T21:45:06.2928640Z       [32m+[0m[0m identity                      = (known after apply)
2025-07-27T21:45:06.2929319Z       [32m+[0m[0m name                          = "tasky-dev-v15-eks-cluster"
2025-07-27T21:45:06.2929999Z       [32m+[0m[0m platform_version              = (known after apply)
2025-07-27T21:45:06.2930679Z       [32m+[0m[0m role_arn                      = (known after apply)
2025-07-27T21:45:06.2931307Z       [32m+[0m[0m status                        = (known after apply)
2025-07-27T21:45:06.2932081Z       [32m+[0m[0m tags                          = (known after apply)
2025-07-27T21:45:06.2932718Z       [32m+[0m[0m tags_all                      = (known after apply)
2025-07-27T21:45:06.2933329Z       [32m+[0m[0m version                       = "1.28"
2025-07-27T21:45:06.2933653Z 
2025-07-27T21:45:06.2933840Z       [32m+[0m[0m vpc_config {
2025-07-27T21:45:06.2934391Z           [32m+[0m[0m cluster_security_group_id = (known after apply)
2025-07-27T21:45:06.2935017Z           [32m+[0m[0m endpoint_private_access   = true
2025-07-27T21:45:06.2935592Z           [32m+[0m[0m endpoint_public_access    = true
2025-07-27T21:45:06.2936217Z           [32m+[0m[0m public_access_cidrs       = (known after apply)
2025-07-27T21:45:06.2936881Z           [32m+[0m[0m security_group_ids        = (known after apply)
2025-07-27T21:45:06.2937712Z           [32m+[0m[0m subnet_ids                = (known after apply)
2025-07-27T21:45:06.2938360Z           [32m+[0m[0m vpc_id                    = (known after apply)
2025-07-27T21:45:06.2938818Z         }
2025-07-27T21:45:06.2939080Z     }
2025-07-27T21:45:06.2939235Z 
2025-07-27T21:45:06.2939547Z [1m  # module.eks.aws_eks_node_group.main[0m will be created
2025-07-27T21:45:06.2940175Z [0m  [32m+[0m[0m resource "aws_eks_node_group" "main" {
2025-07-27T21:45:06.2940791Z       [32m+[0m[0m ami_type               = (known after apply)
2025-07-27T21:45:06.2941410Z       [32m+[0m[0m arn                    = (known after apply)
2025-07-27T21:45:06.2942129Z       [32m+[0m[0m capacity_type          = "ON_DEMAND"
2025-07-27T21:45:06.2942776Z       [32m+[0m[0m cluster_name           = "tasky-dev-v15-eks-cluster"
2025-07-27T21:45:06.2943434Z       [32m+[0m[0m disk_size              = (known after apply)
2025-07-27T21:45:06.2944029Z       [32m+[0m[0m id                     = (known after apply)
2025-07-27T21:45:06.2944741Z       [32m+[0m[0m instance_types         = [
2025-07-27T21:45:06.2945222Z           [32m+[0m[0m "t3.medium",
2025-07-27T21:45:06.2945591Z         ]
2025-07-27T21:45:06.2946074Z       [32m+[0m[0m node_group_name        = "tasky-dev-v15-eks-nodes"
2025-07-27T21:45:06.2946783Z       [32m+[0m[0m node_group_name_prefix = (known after apply)
2025-07-27T21:45:06.2947408Z       [32m+[0m[0m node_role_arn          = (known after apply)
2025-07-27T21:45:06.2948027Z       [32m+[0m[0m release_version        = (known after apply)
2025-07-27T21:45:06.2948646Z       [32m+[0m[0m resources              = (known after apply)
2025-07-27T21:45:06.2949257Z       [32m+[0m[0m status                 = (known after apply)
2025-07-27T21:45:06.2949852Z       [32m+[0m[0m subnet_ids             = (known after apply)
2025-07-27T21:45:06.2950446Z       [32m+[0m[0m tags                   = (known after apply)
2025-07-27T21:45:06.2951064Z       [32m+[0m[0m tags_all               = (known after apply)
2025-07-27T21:45:06.2951671Z       [32m+[0m[0m version                = (known after apply)
2025-07-27T21:45:06.2952140Z 
2025-07-27T21:45:06.2952353Z       [32m+[0m[0m scaling_config {
2025-07-27T21:45:06.2952822Z           [32m+[0m[0m desired_size = 2
2025-07-27T21:45:06.2953290Z           [32m+[0m[0m max_size     = 3
2025-07-27T21:45:06.2953755Z           [32m+[0m[0m min_size     = 1
2025-07-27T21:45:06.2954127Z         }
2025-07-27T21:45:06.2954284Z 
2025-07-27T21:45:06.2954476Z       [32m+[0m[0m update_config {
2025-07-27T21:45:06.2954941Z           [32m+[0m[0m max_unavailable = 1
2025-07-27T21:45:06.2955331Z         }
2025-07-27T21:45:06.2955589Z     }
2025-07-27T21:45:06.2955746Z 
2025-07-27T21:45:06.2956115Z [1m  # module.eks.aws_iam_openid_connect_provider.eks[0m will be created
2025-07-27T21:45:06.2956852Z [0m  [32m+[0m[0m resource "aws_iam_openid_connect_provider" "eks" {
2025-07-27T21:45:06.2957503Z       [32m+[0m[0m arn             = (known after apply)
2025-07-27T21:45:06.2958009Z       [32m+[0m[0m client_id_list  = [
2025-07-27T21:45:06.2958498Z           [32m+[0m[0m "sts.amazonaws.com",
2025-07-27T21:45:06.2958889Z         ]
2025-07-27T21:45:06.2959290Z       [32m+[0m[0m id              = (known after apply)
2025-07-27T21:45:06.2959846Z       [32m+[0m[0m tags            = (known after apply)
2025-07-27T21:45:06.2960407Z       [32m+[0m[0m tags_all        = (known after apply)
2025-07-27T21:45:06.2960975Z       [32m+[0m[0m thumbprint_list = (known after apply)
2025-07-27T21:45:06.2961532Z       [32m+[0m[0m url             = (known after apply)
2025-07-27T21:45:06.2962068Z     }
2025-07-27T21:45:06.2962218Z 
2025-07-27T21:45:06.2962642Z [1m  # module.eks.aws_iam_policy.aws_load_balancer_controller[0m will be created
2025-07-27T21:45:06.2963467Z [0m  [32m+[0m[0m resource "aws_iam_policy" "aws_load_balancer_controller" {
2025-07-27T21:45:06.2964269Z       [32m+[0m[0m arn              = (known after apply)
2025-07-27T21:45:06.2964854Z       [32m+[0m[0m attachment_count = (known after apply)
2025-07-27T21:45:06.2965417Z       [32m+[0m[0m id               = (known after apply)
2025-07-27T21:45:06.2966115Z       [32m+[0m[0m name             = "tasky-dev-v15-AWSLoadBalancerControllerPolicy"
2025-07-27T21:45:06.2966780Z       [32m+[0m[0m name_prefix      = (known after apply)
2025-07-27T21:45:06.2967293Z       [32m+[0m[0m path             = "/"
2025-07-27T21:45:06.2967785Z       [32m+[0m[0m policy           = jsonencode(
2025-07-27T21:45:06.2968185Z             {
2025-07-27T21:45:06.2968550Z               [32m+[0m[0m Statement = [
2025-07-27T21:45:06.2969007Z                   [32m+[0m[0m {
2025-07-27T21:45:06.2969452Z                       [32m+[0m[0m Action   = [
2025-07-27T21:45:06.2970006Z                           [32m+[0m[0m "iam:CreateServiceLinkedRole",
2025-07-27T21:45:06.2970620Z                           [32m+[0m[0m "ec2:DescribeAccountAttributes",
2025-07-27T21:45:06.2971384Z                           [32m+[0m[0m "ec2:DescribeAddresses",
2025-07-27T21:45:06.2972113Z                           [32m+[0m[0m "ec2:DescribeAvailabilityZones",
2025-07-27T21:45:06.2972728Z                           [32m+[0m[0m "ec2:DescribeInternetGateways",
2025-07-27T21:45:06.2973317Z                           [32m+[0m[0m "ec2:DescribeVpcs",
2025-07-27T21:45:06.2973865Z                           [32m+[0m[0m "ec2:DescribeSubnets",
2025-07-27T21:45:06.2974450Z                           [32m+[0m[0m "ec2:DescribeSecurityGroups",
2025-07-27T21:45:06.2975033Z                           [32m+[0m[0m "ec2:DescribeInstances",
2025-07-27T21:45:06.2975630Z                           [32m+[0m[0m "ec2:DescribeNetworkInterfaces",
2025-07-27T21:45:06.2976219Z                           [32m+[0m[0m "ec2:DescribeTags",
2025-07-27T21:45:06.2976795Z                           [32m+[0m[0m "ec2:GetCoipPoolUsage",
2025-07-27T21:45:06.2977384Z                           [32m+[0m[0m "ec2:DescribeCoipPools",
2025-07-27T21:45:06.2978089Z                           [32m+[0m[0m "elasticloadbalancing:DescribeLoadBalancers",
2025-07-27T21:45:06.2978904Z                           [32m+[0m[0m "elasticloadbalancing:DescribeLoadBalancerAttributes",
2025-07-27T21:45:06.2979668Z                           [32m+[0m[0m "elasticloadbalancing:DescribeListeners",
2025-07-27T21:45:06.2980398Z                           [32m+[0m[0m "elasticloadbalancing:DescribeListenerAttributes",
2025-07-27T21:45:06.2981190Z                           [32m+[0m[0m "elasticloadbalancing:DescribeListenerCertificates",
2025-07-27T21:45:06.2982080Z                           [32m+[0m[0m "elasticloadbalancing:DescribeSSLPolicies",
2025-07-27T21:45:06.2982784Z                           [32m+[0m[0m "elasticloadbalancing:DescribeRules",
2025-07-27T21:45:06.2983500Z                           [32m+[0m[0m "elasticloadbalancing:DescribeTargetGroups",
2025-07-27T21:45:06.2984325Z                           [32m+[0m[0m "elasticloadbalancing:DescribeTargetGroupAttributes",
2025-07-27T21:45:06.2985127Z                           [32m+[0m[0m "elasticloadbalancing:DescribeTargetHealth",
2025-07-27T21:45:06.2985820Z                           [32m+[0m[0m "elasticloadbalancing:DescribeTags",
2025-07-27T21:45:06.2986304Z                         ]
2025-07-27T21:45:06.2986762Z                       [32m+[0m[0m Effect   = "Allow"
2025-07-27T21:45:06.2987275Z                       [32m+[0m[0m Resource = "*"
2025-07-27T21:45:06.2987682Z                     },
2025-07-27T21:45:06.2988056Z                   [32m+[0m[0m {
2025-07-27T21:45:06.2988527Z                       [32m+[0m[0m Action   = [
2025-07-27T21:45:06.2989125Z                           [32m+[0m[0m "cognito-idp:DescribeUserPoolClient",
2025-07-27T21:45:06.2989759Z                           [32m+[0m[0m "acm:ListCertificates",
2025-07-27T21:45:06.2990337Z                           [32m+[0m[0m "acm:DescribeCertificate",
2025-07-27T21:45:06.2991099Z                           [32m+[0m[0m "iam:ListServerCertificates",
2025-07-27T21:45:06.2991715Z                           [32m+[0m[0m "iam:GetServerCertificate",
2025-07-27T21:45:06.2992452Z                           [32m+[0m[0m "waf-regional:GetWebACL",
2025-07-27T21:45:06.2993067Z                           [32m+[0m[0m "waf-regional:GetWebACLForResource",
2025-07-27T21:45:06.2993737Z                           [32m+[0m[0m "waf-regional:AssociateWebACL",
2025-07-27T21:45:06.2994374Z                           [32m+[0m[0m "waf-regional:DisassociateWebACL",
2025-07-27T21:45:06.2994967Z                           [32m+[0m[0m "wafv2:GetWebACL",
2025-07-27T21:45:06.2995550Z                           [32m+[0m[0m "wafv2:GetWebACLForResource",
2025-07-27T21:45:06.2996139Z                           [32m+[0m[0m "wafv2:AssociateWebACL",
2025-07-27T21:45:06.2996714Z                           [32m+[0m[0m "wafv2:DisassociateWebACL",
2025-07-27T21:45:06.2997310Z                           [32m+[0m[0m "shield:DescribeProtection",
2025-07-27T21:45:06.2998096Z                           [32m+[0m[0m "shield:DescribeSubscription",
2025-07-27T21:45:06.2998689Z                           [32m+[0m[0m "shield:CreateProtection",
2025-07-27T21:45:06.2999260Z                           [32m+[0m[0m "shield:DeleteProtection",
2025-07-27T21:45:06.2999706Z                         ]
2025-07-27T21:45:06.3000157Z                       [32m+[0m[0m Effect   = "Allow"
2025-07-27T21:45:06.3000679Z                       [32m+[0m[0m Resource = "*"
2025-07-27T21:45:06.3001088Z                     },
2025-07-27T21:45:06.3001470Z                   [32m+[0m[0m {
2025-07-27T21:45:06.3002061Z                       [32m+[0m[0m Action   = [
2025-07-27T21:45:06.3002679Z                           [32m+[0m[0m "ec2:AuthorizeSecurityGroupIngress",
2025-07-27T21:45:06.3003345Z                           [32m+[0m[0m "ec2:RevokeSecurityGroupIngress",
2025-07-27T21:45:06.3003824Z                         ]
2025-07-27T21:45:06.3004280Z                       [32m+[0m[0m Effect   = "Allow"
2025-07-27T21:45:06.3004797Z                       [32m+[0m[0m Resource = "*"
2025-07-27T21:45:06.3005207Z                     },
2025-07-27T21:45:06.3005579Z                   [32m+[0m[0m {
2025-07-27T21:45:06.3006045Z                       [32m+[0m[0m Action   = [
2025-07-27T21:45:06.3006598Z                           [32m+[0m[0m "ec2:CreateSecurityGroup",
2025-07-27T21:45:06.3007037Z                         ]
2025-07-27T21:45:06.3007478Z                       [32m+[0m[0m Effect   = "Allow"
2025-07-27T21:45:06.3007987Z                       [32m+[0m[0m Resource = "*"
2025-07-27T21:45:06.3008395Z                     },
2025-07-27T21:45:06.3008771Z                   [32m+[0m[0m {
2025-07-27T21:45:06.3009239Z                       [32m+[0m[0m Action    = [
2025-07-27T21:45:06.3009773Z                           [32m+[0m[0m "ec2:CreateTags",
2025-07-27T21:45:06.3010191Z                         ]
2025-07-27T21:45:06.3010634Z                       [32m+[0m[0m Condition = {
2025-07-27T21:45:06.3011153Z                           [32m+[0m[0m Null         = {
2025-07-27T21:45:06.3011729Z                               [32m+[0m[0m "aws:RequestedRegion" = "false"
2025-07-27T21:45:06.3012333Z                             }
2025-07-27T21:45:06.3012804Z                           [32m+[0m[0m StringEquals = {
2025-07-27T21:45:06.3013438Z                               [32m+[0m[0m "ec2:CreateAction" = "CreateSecurityGroup"
2025-07-27T21:45:06.3014067Z                             }
2025-07-27T21:45:06.3038199Z                         }
2025-07-27T21:45:06.3038719Z                       [32m+[0m[0m Effect    = "Allow"
2025-07-27T21:45:06.3039370Z                       [32m+[0m[0m Resource  = "arn:aws:ec2:*:*:security-group/*"
2025-07-27T21:45:06.3039873Z                     },
2025-07-27T21:45:06.3040269Z                   [32m+[0m[0m {
2025-07-27T21:45:06.3040945Z                       [32m+[0m[0m Action    = [
2025-07-27T21:45:06.3041586Z                           [32m+[0m[0m "elasticloadbalancing:CreateLoadBalancer",
2025-07-27T21:45:06.3042475Z                           [32m+[0m[0m "elasticloadbalancing:CreateTargetGroup",
2025-07-27T21:45:06.3042982Z                         ]
2025-07-27T21:45:06.3043421Z                       [32m+[0m[0m Condition = {
2025-07-27T21:45:06.3043927Z                           [32m+[0m[0m Null = {
2025-07-27T21:45:06.3044488Z                               [32m+[0m[0m "aws:RequestedRegion" = "false"
2025-07-27T21:45:06.3044949Z                             }
2025-07-27T21:45:06.3045291Z                         }
2025-07-27T21:45:06.3045727Z                       [32m+[0m[0m Effect    = "Allow"
2025-07-27T21:45:06.3046247Z                       [32m+[0m[0m Resource  = "*"
2025-07-27T21:45:06.3046651Z                     },
2025-07-27T21:45:06.3047035Z                   [32m+[0m[0m {
2025-07-27T21:45:06.3047498Z                       [32m+[0m[0m Action   = [
2025-07-27T21:45:06.3048275Z                           [32m+[0m[0m "elasticloadbalancing:CreateListener",
2025-07-27T21:45:06.3048941Z                           [32m+[0m[0m "elasticloadbalancing:DeleteListener",
2025-07-27T21:45:06.3049587Z                           [32m+[0m[0m "elasticloadbalancing:CreateRule",
2025-07-27T21:45:06.3050210Z                           [32m+[0m[0m "elasticloadbalancing:DeleteRule",
2025-07-27T21:45:06.3050665Z                         ]
2025-07-27T21:45:06.3051106Z                       [32m+[0m[0m Effect   = "Allow"
2025-07-27T21:45:06.3051615Z                       [32m+[0m[0m Resource = "*"
2025-07-27T21:45:06.3052161Z                     },
2025-07-27T21:45:06.3052543Z                   [32m+[0m[0m {
2025-07-27T21:45:06.3052994Z                       [32m+[0m[0m Action    = [
2025-07-27T21:45:06.3053561Z                           [32m+[0m[0m "elasticloadbalancing:AddTags",
2025-07-27T21:45:06.3054191Z                           [32m+[0m[0m "elasticloadbalancing:RemoveTags",
2025-07-27T21:45:06.3054659Z                         ]
2025-07-27T21:45:06.3055069Z                       [32m+[0m[0m Condition = {
2025-07-27T21:45:06.3055557Z                           [32m+[0m[0m Null = {
2025-07-27T21:45:06.3056178Z                               [32m+[0m[0m "aws:RequestedRegion"                   = "false"
2025-07-27T21:45:06.3056899Z                               [32m+[0m[0m "aws:ResourceTag/elbv2.k8s.aws/cluster" = "false"
2025-07-27T21:45:06.3057406Z                             }
2025-07-27T21:45:06.3057752Z                         }
2025-07-27T21:45:06.3058194Z                       [32m+[0m[0m Effect    = "Allow"
2025-07-27T21:45:06.3058702Z                       [32m+[0m[0m Resource  = [
2025-07-27T21:45:06.3059352Z                           [32m+[0m[0m "arn:aws:elasticloadbalancing:*:*:targetgroup/*/*",
2025-07-27T21:45:06.3060133Z                           [32m+[0m[0m "arn:aws:elasticloadbalancing:*:*:loadbalancer/net/*/*",
2025-07-27T21:45:06.3060952Z                           [32m+[0m[0m "arn:aws:elasticloadbalancing:*:*:loadbalancer/app/*/*",
2025-07-27T21:45:06.3061477Z                         ]
2025-07-27T21:45:06.3061807Z                     },
2025-07-27T21:45:06.3062310Z                   [32m+[0m[0m {
2025-07-27T21:45:06.3062745Z                       [32m+[0m[0m Action   = [
2025-07-27T21:45:06.3063318Z                           [32m+[0m[0m "elasticloadbalancing:AddTags",
2025-07-27T21:45:06.3063968Z                           [32m+[0m[0m "elasticloadbalancing:RemoveTags",
2025-07-27T21:45:06.3064434Z                         ]
2025-07-27T21:45:06.3064871Z                       [32m+[0m[0m Effect   = "Allow"
2025-07-27T21:45:06.3065370Z                       [32m+[0m[0m Resource = [
2025-07-27T21:45:06.3066033Z                           [32m+[0m[0m "arn:aws:elasticloadbalancing:*:*:listener/net/*/*/*",
2025-07-27T21:45:06.3067034Z                           [32m+[0m[0m "arn:aws:elasticloadbalancing:*:*:listener/app/*/*/*",
2025-07-27T21:45:06.3067851Z                           [32m+[0m[0m "arn:aws:elasticloadbalancing:*:*:listener-rule/net/*/*/*",
2025-07-27T21:45:06.3068671Z                           [32m+[0m[0m "arn:aws:elasticloadbalancing:*:*:listener-rule/app/*/*/*",
2025-07-27T21:45:06.3069215Z                         ]
2025-07-27T21:45:06.3069536Z                     },
2025-07-27T21:45:06.3069920Z                   [32m+[0m[0m {
2025-07-27T21:45:06.3070387Z                       [32m+[0m[0m Action    = [
2025-07-27T21:45:06.3071064Z                           [32m+[0m[0m "elasticloadbalancing:ModifyLoadBalancerAttributes",
2025-07-27T21:45:06.3071791Z                           [32m+[0m[0m "elasticloadbalancing:SetIpAddressType",
2025-07-27T21:45:06.3072646Z                           [32m+[0m[0m "elasticloadbalancing:SetSecurityGroups",
2025-07-27T21:45:06.3073298Z                           [32m+[0m[0m "elasticloadbalancing:SetSubnets",
2025-07-27T21:45:06.3074145Z                           [32m+[0m[0m "elasticloadbalancing:DeleteLoadBalancer",
2025-07-27T21:45:06.3074830Z                           [32m+[0m[0m "elasticloadbalancing:ModifyTargetGroup",
2025-07-27T21:45:06.3075567Z                           [32m+[0m[0m "elasticloadbalancing:ModifyTargetGroupAttributes",
2025-07-27T21:45:06.3076285Z                           [32m+[0m[0m "elasticloadbalancing:DeleteTargetGroup",
2025-07-27T21:45:06.3076773Z                         ]
2025-07-27T21:45:06.3077192Z                       [32m+[0m[0m Condition = {
2025-07-27T21:45:06.3077682Z                           [32m+[0m[0m Null = {
2025-07-27T21:45:06.3078296Z                               [32m+[0m[0m "aws:ResourceTag/elbv2.k8s.aws/cluster" = "false"
2025-07-27T21:45:06.3078802Z                             }
2025-07-27T21:45:06.3079144Z                         }
2025-07-27T21:45:06.3079581Z                       [32m+[0m[0m Effect    = "Allow"
2025-07-27T21:45:06.3080097Z                       [32m+[0m[0m Resource  = "*"
2025-07-27T21:45:06.3080504Z                     },
2025-07-27T21:45:06.3080874Z                   [32m+[0m[0m {
2025-07-27T21:45:06.3081332Z                       [32m+[0m[0m Action   = [
2025-07-27T21:45:06.3082064Z                           [32m+[0m[0m "elasticloadbalancing:RegisterTargets",
2025-07-27T21:45:06.3082742Z                           [32m+[0m[0m "elasticloadbalancing:DeregisterTargets",
2025-07-27T21:45:06.3083223Z                         ]
2025-07-27T21:45:06.3083665Z                       [32m+[0m[0m Effect   = "Allow"
2025-07-27T21:45:06.3084356Z                       [32m+[0m[0m Resource = "arn:aws:elasticloadbalancing:*:*:targetgroup/*/*"
2025-07-27T21:45:06.3084908Z                     },
2025-07-27T21:45:06.3085279Z                   [32m+[0m[0m {
2025-07-27T21:45:06.3085738Z                       [32m+[0m[0m Action   = [
2025-07-27T21:45:06.3086320Z                           [32m+[0m[0m "elasticloadbalancing:SetWebAcl",
2025-07-27T21:45:06.3086976Z                           [32m+[0m[0m "elasticloadbalancing:ModifyListener",
2025-07-27T21:45:06.3087687Z                           [32m+[0m[0m "elasticloadbalancing:AddListenerCertificates",
2025-07-27T21:45:06.3088456Z                           [32m+[0m[0m "elasticloadbalancing:RemoveListenerCertificates",
2025-07-27T21:45:06.3089155Z                           [32m+[0m[0m "elasticloadbalancing:ModifyRule",
2025-07-27T21:45:06.3089619Z                         ]
2025-07-27T21:45:06.3090061Z                       [32m+[0m[0m Effect   = "Allow"
2025-07-27T21:45:06.3090566Z                       [32m+[0m[0m Resource = "*"
2025-07-27T21:45:06.3090969Z                     },
2025-07-27T21:45:06.3091297Z                 ]
2025-07-27T21:45:06.3091705Z               [32m+[0m[0m Version   = "2012-10-17"
2025-07-27T21:45:06.3092251Z             }
2025-07-27T21:45:06.3092535Z         )
2025-07-27T21:45:06.3092966Z       [32m+[0m[0m policy_id        = (known after apply)
2025-07-27T21:45:06.3093772Z       [32m+[0m[0m tags             = (known after apply)
2025-07-27T21:45:06.3094356Z       [32m+[0m[0m tags_all         = (known after apply)
2025-07-27T21:45:06.3094781Z     }
2025-07-27T21:45:06.3094947Z 
2025-07-27T21:45:06.3095354Z [1m  # module.eks.aws_iam_role.aws_load_balancer_controller[0m will be created
2025-07-27T21:45:06.3096157Z [0m  [32m+[0m[0m resource "aws_iam_role" "aws_load_balancer_controller" {
2025-07-27T21:45:06.3096834Z       [32m+[0m[0m arn                   = (known after apply)
2025-07-27T21:45:06.3097442Z       [32m+[0m[0m assume_role_policy    = (known after apply)
2025-07-27T21:45:06.3098052Z       [32m+[0m[0m create_date           = (known after apply)
2025-07-27T21:45:06.3098610Z       [32m+[0m[0m force_detach_policies = false
2025-07-27T21:45:06.3099171Z       [32m+[0m[0m id                    = (known after apply)
2025-07-27T21:45:06.3099765Z       [32m+[0m[0m managed_policy_arns   = (known after apply)
2025-07-27T21:45:06.3100499Z       [32m+[0m[0m max_session_duration  = 3600
2025-07-27T21:45:06.3101173Z       [32m+[0m[0m name                  = "tasky-dev-v15-aws-load-balancer-controller"
2025-07-27T21:45:06.3101872Z       [32m+[0m[0m name_prefix           = (known after apply)
2025-07-27T21:45:06.3102582Z       [32m+[0m[0m path                  = "/"
2025-07-27T21:45:06.3103146Z       [32m+[0m[0m tags                  = (known after apply)
2025-07-27T21:45:06.3103734Z       [32m+[0m[0m tags_all              = (known after apply)
2025-07-27T21:45:06.3104316Z       [32m+[0m[0m unique_id             = (known after apply)
2025-07-27T21:45:06.3104752Z     }
2025-07-27T21:45:06.3104905Z 
2025-07-27T21:45:06.3105222Z [1m  # module.eks.aws_iam_role.eks_cluster[0m will be created
2025-07-27T21:45:06.3105879Z [0m  [32m+[0m[0m resource "aws_iam_role" "eks_cluster" {
2025-07-27T21:45:06.3106472Z       [32m+[0m[0m arn                   = (known after apply)
2025-07-27T21:45:06.3107059Z       [32m+[0m[0m assume_role_policy    = jsonencode(
2025-07-27T21:45:06.3107493Z             {
2025-07-27T21:45:06.3107867Z               [32m+[0m[0m Statement = [
2025-07-27T21:45:06.3108331Z                   [32m+[0m[0m {
2025-07-27T21:45:06.3108833Z                       [32m+[0m[0m Action    = "sts:AssumeRole"
2025-07-27T21:45:06.3109381Z                       [32m+[0m[0m Effect    = "Allow"
2025-07-27T21:45:06.3109901Z                       [32m+[0m[0m Principal = {
2025-07-27T21:45:06.3110465Z                           [32m+[0m[0m Service = "eks.amazonaws.com"
2025-07-27T21:45:06.3110912Z                         }
2025-07-27T21:45:06.3111236Z                     },
2025-07-27T21:45:06.3111541Z                 ]
2025-07-27T21:45:06.3112078Z               [32m+[0m[0m Version   = "2012-10-17"
2025-07-27T21:45:06.3112484Z             }
2025-07-27T21:45:06.3112753Z         )
2025-07-27T21:45:06.3113191Z       [32m+[0m[0m create_date           = (known after apply)
2025-07-27T21:45:06.3113780Z       [32m+[0m[0m force_detach_policies = false
2025-07-27T21:45:06.3114343Z       [32m+[0m[0m id                    = (known after apply)
2025-07-27T21:45:06.3114943Z       [32m+[0m[0m managed_policy_arns   = (known after apply)
2025-07-27T21:45:06.3115530Z       [32m+[0m[0m max_session_duration  = 3600
2025-07-27T21:45:06.3116158Z       [32m+[0m[0m name                  = "tasky-dev-v15-eks-cluster-role"
2025-07-27T21:45:06.3116805Z       [32m+[0m[0m name_prefix           = (known after apply)
2025-07-27T21:45:06.3117354Z       [32m+[0m[0m path                  = "/"
2025-07-27T21:45:06.3117907Z       [32m+[0m[0m tags                  = (known after apply)
2025-07-27T21:45:06.3118503Z       [32m+[0m[0m tags_all              = (known after apply)
2025-07-27T21:45:06.3119090Z       [32m+[0m[0m unique_id             = (known after apply)
2025-07-27T21:45:06.3119530Z     }
2025-07-27T21:45:06.3119689Z 
2025-07-27T21:45:06.3120022Z [1m  # module.eks.aws_iam_role.eks_node_group[0m will be created
2025-07-27T21:45:06.3120866Z [0m  [32m+[0m[0m resource "aws_iam_role" "eks_node_group" {
2025-07-27T21:45:06.3121492Z       [32m+[0m[0m arn                   = (known after apply)
2025-07-27T21:45:06.3122217Z       [32m+[0m[0m assume_role_policy    = jsonencode(
2025-07-27T21:45:06.3122645Z             {
2025-07-27T21:45:06.3123026Z               [32m+[0m[0m Statement = [
2025-07-27T21:45:06.3123500Z                   [32m+[0m[0m {
2025-07-27T21:45:06.3123990Z                       [32m+[0m[0m Action    = "sts:AssumeRole"
2025-07-27T21:45:06.3124532Z                       [32m+[0m[0m Effect    = "Allow"
2025-07-27T21:45:06.3125038Z                       [32m+[0m[0m Principal = {
2025-07-27T21:45:06.3125596Z                           [32m+[0m[0m Service = "ec2.amazonaws.com"
2025-07-27T21:45:06.3126038Z                         }
2025-07-27T21:45:06.3126375Z                     },
2025-07-27T21:45:06.3126679Z                 ]
2025-07-27T21:45:06.3127091Z               [32m+[0m[0m Version   = "2012-10-17"
2025-07-27T21:45:06.3127660Z             }
2025-07-27T21:45:06.3127942Z         )
2025-07-27T21:45:06.3128385Z       [32m+[0m[0m create_date           = (known after apply)
2025-07-27T21:45:06.3128953Z       [32m+[0m[0m force_detach_policies = false
2025-07-27T21:45:06.3129517Z       [32m+[0m[0m id                    = (known after apply)
2025-07-27T21:45:06.3130125Z       [32m+[0m[0m managed_policy_arns   = (known after apply)
2025-07-27T21:45:06.3130694Z       [32m+[0m[0m max_session_duration  = 3600
2025-07-27T21:45:06.3131337Z       [32m+[0m[0m name                  = "tasky-dev-v15-eks-node-group-role"
2025-07-27T21:45:06.3132138Z       [32m+[0m[0m name_prefix           = (known after apply)
2025-07-27T21:45:06.3132700Z       [32m+[0m[0m path                  = "/"
2025-07-27T21:45:06.3133261Z       [32m+[0m[0m tags                  = (known after apply)
2025-07-27T21:45:06.3133856Z       [32m+[0m[0m tags_all              = (known after apply)
2025-07-27T21:45:06.3134463Z       [32m+[0m[0m unique_id             = (known after apply)
2025-07-27T21:45:06.3134903Z     }
2025-07-27T21:45:06.3135060Z 
2025-07-27T21:45:06.3135622Z [1m  # module.eks.aws_iam_role_policy_attachment.aws_load_balancer_controller_attach[0m will be created
2025-07-27T21:45:06.3136706Z [0m  [32m+[0m[0m resource "aws_iam_role_policy_attachment" "aws_load_balancer_controller_attach" {
2025-07-27T21:45:06.3137494Z       [32m+[0m[0m id         = (known after apply)
2025-07-27T21:45:06.3138048Z       [32m+[0m[0m policy_arn = (known after apply)
2025-07-27T21:45:06.3138713Z       [32m+[0m[0m role       = "tasky-dev-v15-aws-load-balancer-controller"
2025-07-27T21:45:06.3139249Z     }
2025-07-27T21:45:06.3139400Z 
2025-07-27T21:45:06.3139859Z [1m  # module.eks.aws_iam_role_policy_attachment.eks_cluster_policy[0m will be created
2025-07-27T21:45:06.3140767Z [0m  [32m+[0m[0m resource "aws_iam_role_policy_attachment" "eks_cluster_policy" {
2025-07-27T21:45:06.3141459Z       [32m+[0m[0m id         = (known after apply)
2025-07-27T21:45:06.3147662Z       [32m+[0m[0m policy_arn = "arn:aws:iam::aws:policy/AmazonEKSClusterPolicy"
2025-07-27T21:45:06.3148453Z       [32m+[0m[0m role       = "tasky-dev-v15-eks-cluster-role"
2025-07-27T21:45:06.3148928Z     }
2025-07-27T21:45:06.3149095Z 
2025-07-27T21:45:06.3149539Z [1m  # module.eks.aws_iam_role_policy_attachment.eks_cni_policy[0m will be created
2025-07-27T21:45:06.3150405Z [0m  [32m+[0m[0m resource "aws_iam_role_policy_attachment" "eks_cni_policy" {
2025-07-27T21:45:06.3151160Z       [32m+[0m[0m id         = (known after apply)
2025-07-27T21:45:06.3152111Z       [32m+[0m[0m policy_arn = "arn:aws:iam::aws:policy/AmazonEKS_CNI_Policy"
2025-07-27T21:45:06.3152841Z       [32m+[0m[0m role       = "tasky-dev-v15-eks-node-group-role"
2025-07-27T21:45:06.3153318Z     }
2025-07-27T21:45:06.3153481Z 
2025-07-27T21:45:06.3154237Z [1m  # module.eks.aws_iam_role_policy_attachment.eks_container_registry_policy[0m will be created
2025-07-27T21:45:06.3155289Z [0m  [32m+[0m[0m resource "aws_iam_role_policy_attachment" "eks_container_registry_policy" {
2025-07-27T21:45:06.3156037Z       [32m+[0m[0m id         = (known after apply)
2025-07-27T21:45:06.3156864Z       [32m+[0m[0m policy_arn = "arn:aws:iam::aws:policy/AmazonEC2ContainerRegistryReadOnly"
2025-07-27T21:45:06.3157671Z       [32m+[0m[0m role       = "tasky-dev-v15-eks-node-group-role"
2025-07-27T21:45:06.3158146Z     }
2025-07-27T21:45:06.3158300Z 
2025-07-27T21:45:06.3158797Z [1m  # module.eks.aws_iam_role_policy_attachment.eks_worker_node_policy[0m will be created
2025-07-27T21:45:06.3159772Z [0m  [32m+[0m[0m resource "aws_iam_role_policy_attachment" "eks_worker_node_policy" {
2025-07-27T21:45:06.3160492Z       [32m+[0m[0m id         = (known after apply)
2025-07-27T21:45:06.3161245Z       [32m+[0m[0m policy_arn = "arn:aws:iam::aws:policy/AmazonEKSWorkerNodePolicy"
2025-07-27T21:45:06.3162157Z       [32m+[0m[0m role       = "tasky-dev-v15-eks-node-group-role"
2025-07-27T21:45:06.3162818Z     }
2025-07-27T21:45:06.3162972Z 
2025-07-27T21:45:06.3163409Z [1m  # module.eks.aws_security_group.eks_additional[0m will be created
2025-07-27T21:45:06.3164161Z [0m  [32m+[0m[0m resource "aws_security_group" "eks_additional" {
2025-07-27T21:45:06.3164797Z       [32m+[0m[0m arn                    = (known after apply)
2025-07-27T21:45:06.3165437Z       [32m+[0m[0m description            = "Managed by Terraform"
2025-07-27T21:45:06.3166016Z       [32m+[0m[0m egress                 = [
2025-07-27T21:45:06.3166479Z           [32m+[0m[0m {
2025-07-27T21:45:06.3166912Z               [32m+[0m[0m cidr_blocks      = [
2025-07-27T21:45:06.3167649Z                   [32m+[0m[0m "0.0.0.0/0",
2025-07-27T21:45:06.3168033Z                 ]
2025-07-27T21:45:06.3168502Z               [32m+[0m[0m description      = "All outbound traffic"
2025-07-27T21:45:06.3169053Z               [32m+[0m[0m from_port        = 0
2025-07-27T21:45:06.3169578Z               [32m+[0m[0m ipv6_cidr_blocks = []
2025-07-27T21:45:06.3170099Z               [32m+[0m[0m prefix_list_ids  = []
2025-07-27T21:45:06.3170627Z               [32m+[0m[0m protocol         = "-1"
2025-07-27T21:45:06.3171132Z               [32m+[0m[0m security_groups  = []
2025-07-27T21:45:06.3171650Z               [32m+[0m[0m self             = false
2025-07-27T21:45:06.3172308Z               [32m+[0m[0m to_port          = 0
2025-07-27T21:45:06.3172706Z             },
2025-07-27T21:45:06.3173048Z           [32m+[0m[0m {
2025-07-27T21:45:06.3173474Z               [32m+[0m[0m cidr_blocks      = []
2025-07-27T21:45:06.3174068Z               [32m+[0m[0m description      = "Access to MongoDB"
2025-07-27T21:45:06.3174672Z               [32m+[0m[0m from_port        = 27017
2025-07-27T21:45:06.3175252Z               [32m+[0m[0m ipv6_cidr_blocks = []
2025-07-27T21:45:06.3175839Z               [32m+[0m[0m prefix_list_ids  = []
2025-07-27T21:45:06.3176459Z               [32m+[0m[0m protocol         = "tcp"
2025-07-27T21:45:06.3177083Z               [32m+[0m[0m security_groups  = (known after apply)
2025-07-27T21:45:06.3177687Z               [32m+[0m[0m self             = false
2025-07-27T21:45:06.3178218Z               [32m+[0m[0m to_port          = 27017
2025-07-27T21:45:06.3178630Z             },
2025-07-27T21:45:06.3178930Z         ]
2025-07-27T21:45:06.3179377Z       [32m+[0m[0m id                     = (known after apply)
2025-07-27T21:45:06.3180005Z       [32m+[0m[0m ingress                = (known after apply)
2025-07-27T21:45:06.3180674Z       [32m+[0m[0m name                   = (known after apply)
2025-07-27T21:45:06.3181424Z       [32m+[0m[0m name_prefix            = "tasky-dev-v15-eks-additional-"
2025-07-27T21:45:06.3182325Z       [32m+[0m[0m owner_id               = (known after apply)
2025-07-27T21:45:06.3182917Z       [32m+[0m[0m revoke_rules_on_delete = false
2025-07-27T21:45:06.3183711Z       [32m+[0m[0m tags                   = (known after apply)
2025-07-27T21:45:06.3184357Z       [32m+[0m[0m tags_all               = (known after apply)
2025-07-27T21:45:06.3184961Z       [32m+[0m[0m vpc_id                 = (known after apply)
2025-07-27T21:45:06.3185402Z     }
2025-07-27T21:45:06.3185564Z 
2025-07-27T21:45:06.3186071Z [1m  # module.eks.aws_security_group_rule.mongodb_from_eks_additional[0m will be created
2025-07-27T21:45:06.3187008Z [0m  [32m+[0m[0m resource "aws_security_group_rule" "mongodb_from_eks_additional" {
2025-07-27T21:45:06.3187906Z       [32m+[0m[0m description              = "MongoDB access from EKS additional security group"
2025-07-27T21:45:06.3188606Z       [32m+[0m[0m from_port                = 27017
2025-07-27T21:45:06.3189188Z       [32m+[0m[0m id                       = (known after apply)
2025-07-27T21:45:06.3189746Z       [32m+[0m[0m protocol                 = "tcp"
2025-07-27T21:45:06.3190345Z       [32m+[0m[0m security_group_id        = (known after apply)
2025-07-27T21:45:06.3191184Z       [32m+[0m[0m security_group_rule_id   = (known after apply)
2025-07-27T21:45:06.3191747Z       [32m+[0m[0m self                     = false
2025-07-27T21:45:06.3192505Z       [32m+[0m[0m source_security_group_id = (known after apply)
2025-07-27T21:45:06.3193080Z       [32m+[0m[0m to_port                  = 27017
2025-07-27T21:45:06.3193605Z       [32m+[0m[0m type                     = "ingress"
2025-07-27T21:45:06.3194052Z     }
2025-07-27T21:45:06.3194198Z 
2025-07-27T21:45:06.3194639Z [1m  # module.eks.aws_security_group_rule.mongodb_from_eks_cluster[0m will be created
2025-07-27T21:45:06.3195512Z [0m  [32m+[0m[0m resource "aws_security_group_rule" "mongodb_from_eks_cluster" {
2025-07-27T21:45:06.3196267Z       [32m+[0m[0m description              = "MongoDB access from EKS cluster security group"
2025-07-27T21:45:06.3196908Z       [32m+[0m[0m from_port                = 27017
2025-07-27T21:45:06.3197414Z       [32m+[0m[0m id                       = (known after apply)
2025-07-27T21:45:06.3197915Z       [32m+[0m[0m protocol                 = "tcp"
2025-07-27T21:45:06.3198435Z       [32m+[0m[0m security_group_id        = (known after apply)
2025-07-27T21:45:06.3198997Z       [32m+[0m[0m security_group_rule_id   = (known after apply)
2025-07-27T21:45:06.3199497Z       [32m+[0m[0m self                     = false
2025-07-27T21:45:06.3200006Z       [32m+[0m[0m source_security_group_id = (known after apply)
2025-07-27T21:45:06.3200510Z       [32m+[0m[0m to_port                  = 27017
2025-07-27T21:45:06.3200972Z       [32m+[0m[0m type                     = "ingress"
2025-07-27T21:45:06.3201337Z     }
2025-07-27T21:45:06.3201475Z 
2025-07-27T21:45:06.3201867Z [1m  # module.mongodb_ec2.aws_cloudwatch_log_group.mongodb[0m will be created
2025-07-27T21:45:06.3202756Z [0m  [32m+[0m[0m resource "aws_cloudwatch_log_group" "mongodb" {
2025-07-27T21:45:06.3203348Z       [32m+[0m[0m arn               = (known after apply)
2025-07-27T21:45:06.3203918Z       [32m+[0m[0m id                = (known after apply)
2025-07-27T21:45:06.3204499Z       [32m+[0m[0m log_group_class   = (known after apply)
2025-07-27T21:45:06.3205118Z       [32m+[0m[0m name              = "/aws/ec2/tasky-dev-v15/mongodb"
2025-07-27T21:45:06.3205718Z       [32m+[0m[0m name_prefix       = (known after apply)
2025-07-27T21:45:06.3206236Z       [32m+[0m[0m retention_in_days = 30
2025-07-27T21:45:06.3206708Z       [32m+[0m[0m skip_destroy      = false
2025-07-27T21:45:06.3207227Z       [32m+[0m[0m tags              = (known after apply)
2025-07-27T21:45:06.3207758Z       [32m+[0m[0m tags_all          = (known after apply)
2025-07-27T21:45:06.3208162Z     }
2025-07-27T21:45:06.3208303Z 
2025-07-27T21:45:06.3208707Z [1m  # module.mongodb_ec2.aws_iam_instance_profile.mongodb[0m will be created
2025-07-27T21:45:06.3209444Z [0m  [32m+[0m[0m resource "aws_iam_instance_profile" "mongodb" {
2025-07-27T21:45:06.3210007Z       [32m+[0m[0m arn         = (known after apply)
2025-07-27T21:45:06.3210682Z       [32m+[0m[0m create_date = (known after apply)
2025-07-27T21:45:06.3211237Z       [32m+[0m[0m id          = (known after apply)
2025-07-27T21:45:06.3211848Z       [32m+[0m[0m name        = "tasky-dev-v15-mongodb-profile"
2025-07-27T21:45:06.3212596Z       [32m+[0m[0m name_prefix = (known after apply)
2025-07-27T21:45:06.3213103Z       [32m+[0m[0m path        = "/"
2025-07-27T21:45:06.3213670Z       [32m+[0m[0m role        = "tasky-dev-v15-mongodb-role"
2025-07-27T21:45:06.3214243Z       [32m+[0m[0m tags        = (known after apply)
2025-07-27T21:45:06.3214778Z       [32m+[0m[0m tags_all    = (known after apply)
2025-07-27T21:45:06.3215304Z       [32m+[0m[0m unique_id   = (known after apply)
2025-07-27T21:45:06.3215701Z     }
2025-07-27T21:45:06.3215849Z 
2025-07-27T21:45:06.3216175Z [1m  # module.mongodb_ec2.aws_iam_role.mongodb[0m will be created
2025-07-27T21:45:06.3216804Z [0m  [32m+[0m[0m resource "aws_iam_role" "mongodb" {
2025-07-27T21:45:06.3217550Z       [32m+[0m[0m arn                   = (known after apply)
2025-07-27T21:45:06.3218127Z       [32m+[0m[0m assume_role_policy    = jsonencode(
2025-07-27T21:45:06.3218552Z             {
2025-07-27T21:45:06.3218932Z               [32m+[0m[0m Statement = [
2025-07-27T21:45:06.3219384Z                   [32m+[0m[0m {
2025-07-27T21:45:06.3219872Z                       [32m+[0m[0m Action    = "sts:AssumeRole"
2025-07-27T21:45:06.3220405Z                       [32m+[0m[0m Effect    = "Allow"
2025-07-27T21:45:06.3220950Z                       [32m+[0m[0m Principal = {
2025-07-27T21:45:06.3221535Z                           [32m+[0m[0m Service = "ec2.amazonaws.com"
2025-07-27T21:45:06.3222223Z                         }
2025-07-27T21:45:06.3222444Z                     },
2025-07-27T21:45:06.3222647Z                 ]
2025-07-27T21:45:06.3222914Z               [32m+[0m[0m Version   = "2012-10-17"
2025-07-27T21:45:06.3223161Z             }
2025-07-27T21:45:06.3223342Z         )
2025-07-27T21:45:06.3223617Z       [32m+[0m[0m create_date           = (known after apply)
2025-07-27T21:45:06.3223985Z       [32m+[0m[0m force_detach_policies = false
2025-07-27T21:45:06.3224336Z       [32m+[0m[0m id                    = (known after apply)
2025-07-27T21:45:06.3224705Z       [32m+[0m[0m managed_policy_arns   = (known after apply)
2025-07-27T21:45:06.3225047Z       [32m+[0m[0m max_session_duration  = 3600
2025-07-27T21:45:06.3225414Z       [32m+[0m[0m name                  = "tasky-dev-v15-mongodb-role"
2025-07-27T21:45:06.3225801Z       [32m+[0m[0m name_prefix           = (known after apply)
2025-07-27T21:45:06.3226133Z       [32m+[0m[0m path                  = "/"
2025-07-27T21:45:06.3226459Z       [32m+[0m[0m tags                  = (known after apply)
2025-07-27T21:45:06.3226807Z       [32m+[0m[0m tags_all              = (known after apply)
2025-07-27T21:45:06.3227152Z       [32m+[0m[0m unique_id             = (known after apply)
2025-07-27T21:45:06.3227418Z     }
2025-07-27T21:45:06.3227522Z 
2025-07-27T21:45:06.3227807Z [1m  # module.mongodb_ec2.aws_iam_role_policy_attachment.mongodb_admin[0m will be created
2025-07-27T21:45:06.3228340Z [0m  [32m+[0m[0m resource "aws_iam_role_policy_attachment" "mongodb_admin" {
2025-07-27T21:45:06.3228738Z       [32m+[0m[0m id         = (known after apply)
2025-07-27T21:45:06.3229209Z       [32m+[0m[0m policy_arn = "arn:aws:iam::aws:policy/AdministratorAccess"
2025-07-27T21:45:06.3229625Z       [32m+[0m[0m role       = "tasky-dev-v15-mongodb-role"
2025-07-27T21:45:06.3229895Z     }
2025-07-27T21:45:06.3229986Z 
2025-07-27T21:45:06.3230197Z [1m  # module.mongodb_ec2.aws_instance.mongodb[0m will be created
2025-07-27T21:45:06.3230594Z [0m  [32m+[0m[0m resource "aws_instance" "mongodb" {
2025-07-27T21:45:06.3230983Z       [32m+[0m[0m ami                                  = "ami-083e865b97bdf1c1b"
2025-07-27T21:45:06.3231374Z       [32m+[0m[0m arn                                  = (known after apply)
2025-07-27T21:45:06.3232135Z       [32m+[0m[0m associate_public_ip_address          = (known after apply)
2025-07-27T21:45:06.3232739Z       [32m+[0m[0m availability_zone                    = (known after apply)
2025-07-27T21:45:06.3233186Z       [32m+[0m[0m cpu_core_count                       = (known after apply)
2025-07-27T21:45:06.3233611Z       [32m+[0m[0m cpu_threads_per_core                 = (known after apply)
2025-07-27T21:45:06.3234036Z       [32m+[0m[0m disable_api_stop                     = (known after apply)
2025-07-27T21:45:06.3234476Z       [32m+[0m[0m disable_api_termination              = (known after apply)
2025-07-27T21:45:06.3234894Z       [32m+[0m[0m ebs_optimized                        = (known after apply)
2025-07-27T21:45:06.3235312Z       [32m+[0m[0m enable_primary_ipv6                  = (known after apply)
2025-07-27T21:45:06.3235713Z       [32m+[0m[0m get_password_data                    = false
2025-07-27T21:45:06.3236099Z       [32m+[0m[0m host_id                              = (known after apply)
2025-07-27T21:45:06.3236637Z       [32m+[0m[0m host_resource_group_arn              = (known after apply)
2025-07-27T21:45:06.3237122Z       [32m+[0m[0m iam_instance_profile                 = "tasky-dev-v15-mongodb-profile"
2025-07-27T21:45:06.3237584Z       [32m+[0m[0m id                                   = (known after apply)
2025-07-27T21:45:06.3238001Z       [32m+[0m[0m instance_initiated_shutdown_behavior = (known after apply)
2025-07-27T21:45:06.3238441Z       [32m+[0m[0m instance_lifecycle                   = (known after apply)
2025-07-27T21:45:06.3238863Z       [32m+[0m[0m instance_state                       = (known after apply)
2025-07-27T21:45:06.3239273Z       [32m+[0m[0m instance_type                        = "t3.micro"
2025-07-27T21:45:06.3239681Z       [32m+[0m[0m ipv6_address_count                   = (known after apply)
2025-07-27T21:45:06.3240103Z       [32m+[0m[0m ipv6_addresses                       = (known after apply)
2025-07-27T21:45:06.3240508Z       [32m+[0m[0m key_name                             = (known after apply)
2025-07-27T21:45:06.3240907Z       [32m+[0m[0m monitoring                           = (known after apply)
2025-07-27T21:45:06.3241314Z       [32m+[0m[0m outpost_arn                          = (known after apply)
2025-07-27T21:45:06.3241757Z       [32m+[0m[0m password_data                        = (known after apply)
2025-07-27T21:45:06.3242394Z       [32m+[0m[0m placement_group                      = (known after apply)
2025-07-27T21:45:06.3242837Z       [32m+[0m[0m placement_partition_number           = (known after apply)
2025-07-27T21:45:06.3243280Z       [32m+[0m[0m primary_network_interface_id         = (known after apply)
2025-07-27T21:45:06.3243704Z       [32m+[0m[0m private_dns                          = (known after apply)
2025-07-27T21:45:06.3244109Z       [32m+[0m[0m private_ip                           = (known after apply)
2025-07-27T21:45:06.3244521Z       [32m+[0m[0m public_dns                           = (known after apply)
2025-07-27T21:45:06.3244931Z       [32m+[0m[0m public_ip                            = (known after apply)
2025-07-27T21:45:06.3245385Z       [32m+[0m[0m secondary_private_ips                = (known after apply)
2025-07-27T21:45:06.3245830Z       [32m+[0m[0m security_groups                      = (known after apply)
2025-07-27T21:45:06.3246233Z       [32m+[0m[0m source_dest_check                    = true
2025-07-27T21:45:06.3246641Z       [32m+[0m[0m spot_instance_request_id             = (known after apply)
2025-07-27T21:45:06.3247070Z       [32m+[0m[0m subnet_id                            = (known after apply)
2025-07-27T21:45:06.3247461Z       [32m+[0m[0m tags                                 = (known after apply)
2025-07-27T21:45:06.3247846Z       [32m+[0m[0m tags_all                             = (known after apply)
2025-07-27T21:45:06.3248360Z       [32m+[0m[0m tenancy                              = (known after apply)
2025-07-27T21:45:06.3248783Z       [32m+[0m[0m user_data                            = (known after apply)
2025-07-27T21:45:06.3249209Z       [32m+[0m[0m user_data_base64                     = (known after apply)
2025-07-27T21:45:06.3249625Z       [32m+[0m[0m user_data_replace_on_change          = true
2025-07-27T21:45:06.3250038Z       [32m+[0m[0m vpc_security_group_ids               = (known after apply)
2025-07-27T21:45:06.3250274Z 
2025-07-27T21:45:06.3250409Z       [32m+[0m[0m root_block_device {
2025-07-27T21:45:06.3250730Z           [32m+[0m[0m delete_on_termination = true
2025-07-27T21:45:06.3251095Z           [32m+[0m[0m device_name           = (known after apply)
2025-07-27T21:45:06.3251438Z           [32m+[0m[0m encrypted             = true
2025-07-27T21:45:06.3251782Z           [32m+[0m[0m iops                  = (known after apply)
2025-07-27T21:45:06.3252343Z           [32m+[0m[0m kms_key_id            = (known after apply)
2025-07-27T21:45:06.3252903Z           [32m+[0m[0m tags                  = (known after apply)
2025-07-27T21:45:06.3253266Z           [32m+[0m[0m tags_all              = (known after apply)
2025-07-27T21:45:06.3253625Z           [32m+[0m[0m throughput            = (known after apply)
2025-07-27T21:45:06.3253987Z           [32m+[0m[0m volume_id             = (known after apply)
2025-07-27T21:45:06.3254320Z           [32m+[0m[0m volume_size           = 20
2025-07-27T21:45:06.3254639Z           [32m+[0m[0m volume_type           = "gp3"
2025-07-27T21:45:06.3254889Z         }
2025-07-27T21:45:06.3255054Z     }
2025-07-27T21:45:06.3255151Z 
2025-07-27T21:45:06.3255379Z [1m  # module.mongodb_ec2.aws_security_group.mongodb[0m will be created
2025-07-27T21:45:06.3255810Z [0m  [32m+[0m[0m resource "aws_security_group" "mongodb" {
2025-07-27T21:45:06.3256189Z       [32m+[0m[0m arn                    = (known after apply)
2025-07-27T21:45:06.3256572Z       [32m+[0m[0m description            = "Managed by Terraform"
2025-07-27T21:45:06.3256922Z       [32m+[0m[0m egress                 = [
2025-07-27T21:45:06.3257201Z           [32m+[0m[0m {
2025-07-27T21:45:06.3257468Z               [32m+[0m[0m cidr_blocks      = [
2025-07-27T21:45:06.3257768Z                   [32m+[0m[0m "0.0.0.0/0",
2025-07-27T21:45:06.3258003Z                 ]
2025-07-27T21:45:06.3258286Z               [32m+[0m[0m description      = "All outbound traffic"
2025-07-27T21:45:06.3258631Z               [32m+[0m[0m from_port        = 0
2025-07-27T21:45:06.3258946Z               [32m+[0m[0m ipv6_cidr_blocks = []
2025-07-27T21:45:06.3259256Z               [32m+[0m[0m prefix_list_ids  = []
2025-07-27T21:45:06.3259575Z               [32m+[0m[0m protocol         = "-1"
2025-07-27T21:45:06.3259884Z               [32m+[0m[0m security_groups  = []
2025-07-27T21:45:06.3260192Z               [32m+[0m[0m self             = false
2025-07-27T21:45:06.3260492Z               [32m+[0m[0m to_port          = 0
2025-07-27T21:45:06.3260737Z             },
2025-07-27T21:45:06.3260912Z         ]
2025-07-27T21:45:06.3261182Z       [32m+[0m[0m id                     = (known after apply)
2025-07-27T21:45:06.3261513Z       [32m+[0m[0m ingress                = [
2025-07-27T21:45:06.3261798Z           [32m+[0m[0m {
2025-07-27T21:45:06.3262254Z               [32m+[0m[0m cidr_blocks      = [
2025-07-27T21:45:06.3262556Z                   [32m+[0m[0m "10.0.0.0/16",
2025-07-27T21:45:06.3262793Z                 ]
2025-07-27T21:45:06.3263086Z               [32m+[0m[0m description      = "MongoDB access from VPC"
2025-07-27T21:45:06.3263447Z               [32m+[0m[0m from_port        = 27017
2025-07-27T21:45:06.3263789Z               [32m+[0m[0m ipv6_cidr_blocks = []
2025-07-27T21:45:06.3264109Z               [32m+[0m[0m prefix_list_ids  = []
2025-07-27T21:45:06.3264431Z               [32m+[0m[0m protocol         = "tcp"
2025-07-27T21:45:06.3264751Z               [32m+[0m[0m security_groups  = []
2025-07-27T21:45:06.3265188Z               [32m+[0m[0m self             = false
2025-07-27T21:45:06.3265509Z               [32m+[0m[0m to_port          = 27017
2025-07-27T21:45:06.3265750Z             },
2025-07-27T21:45:06.3265962Z           [32m+[0m[0m {
2025-07-27T21:45:06.3266226Z               [32m+[0m[0m cidr_blocks      = [
2025-07-27T21:45:06.3266533Z                   [32m+[0m[0m "10.0.0.0/16",
2025-07-27T21:45:06.3266768Z                 ]
2025-07-27T21:45:06.3267052Z               [32m+[0m[0m description      = "SSH access from VPC"
2025-07-27T21:45:06.3267393Z               [32m+[0m[0m from_port        = 22
2025-07-27T21:45:06.3267701Z               [32m+[0m[0m ipv6_cidr_blocks = []
2025-07-27T21:45:06.3268000Z               [32m+[0m[0m prefix_list_ids  = []
2025-07-27T21:45:06.3268309Z               [32m+[0m[0m protocol         = "tcp"
2025-07-27T21:45:06.3268617Z               [32m+[0m[0m security_groups  = []
2025-07-27T21:45:06.3268928Z               [32m+[0m[0m self             = false
2025-07-27T21:45:06.3269344Z               [32m+[0m[0m to_port          = 22
2025-07-27T21:45:06.3269582Z             },
2025-07-27T21:45:06.3269756Z         ]
2025-07-27T21:45:06.3270021Z       [32m+[0m[0m name                   = (known after apply)
2025-07-27T21:45:06.3270408Z       [32m+[0m[0m name_prefix            = "tasky-dev-mongodb-"
2025-07-27T21:45:06.3270792Z       [32m+[0m[0m owner_id               = (known after apply)
2025-07-27T21:45:06.3271133Z       [32m+[0m[0m revoke_rules_on_delete = false
2025-07-27T21:45:06.3271480Z       [32m+[0m[0m tags                   = (known after apply)
2025-07-27T21:45:06.3271836Z       [32m+[0m[0m tags_all               = (known after apply)
2025-07-27T21:45:06.3272408Z       [32m+[0m[0m vpc_id                 = (known after apply)
2025-07-27T21:45:06.3272677Z     }
2025-07-27T21:45:06.3272776Z 
2025-07-27T21:45:06.3272971Z [1m  # module.s3_backup.aws_s3_bucket.backup[0m will be created
2025-07-27T21:45:06.3273366Z [0m  [32m+[0m[0m resource "aws_s3_bucket" "backup" {
2025-07-27T21:45:06.3273760Z       [32m+[0m[0m acceleration_status         = (known after apply)
2025-07-27T21:45:06.3274168Z       [32m+[0m[0m acl                         = (known after apply)
2025-07-27T21:45:06.3274533Z       [32m+[0m[0m arn                         = (known after apply)
2025-07-27T21:45:06.3274901Z       [32m+[0m[0m bucket                      = (known after apply)
2025-07-27T21:45:06.3275281Z       [32m+[0m[0m bucket_domain_name          = (known after apply)
2025-07-27T21:45:06.3275677Z       [32m+[0m[0m bucket_prefix               = (known after apply)
2025-07-27T21:45:06.3276065Z       [32m+[0m[0m bucket_regional_domain_name = (known after apply)
2025-07-27T21:45:06.3276426Z       [32m+[0m[0m force_destroy               = true
2025-07-27T21:45:06.3276790Z       [32m+[0m[0m hosted_zone_id              = (known after apply)
2025-07-27T21:45:06.3277171Z       [32m+[0m[0m id                          = (known after apply)
2025-07-27T21:45:06.3277551Z       [32m+[0m[0m object_lock_enabled         = (known after apply)
2025-07-27T21:45:06.3277935Z       [32m+[0m[0m policy                      = (known after apply)
2025-07-27T21:45:06.3278312Z       [32m+[0m[0m region                      = (known after apply)
2025-07-27T21:45:06.3278694Z       [32m+[0m[0m request_payer               = (known after apply)
2025-07-27T21:45:06.3279071Z       [32m+[0m[0m tags                        = (known after apply)
2025-07-27T21:45:06.3279440Z       [32m+[0m[0m tags_all                    = (known after apply)
2025-07-27T21:45:06.3279818Z       [32m+[0m[0m website_domain              = (known after apply)
2025-07-27T21:45:06.3280208Z       [32m+[0m[0m website_endpoint            = (known after apply)
2025-07-27T21:45:06.3280490Z     }
2025-07-27T21:45:06.3280586Z 
2025-07-27T21:45:06.3280866Z [1m  # module.s3_backup.aws_s3_bucket_lifecycle_configuration.backup[0m will be created
2025-07-27T21:45:06.3281526Z [0m  [32m+[0m[0m resource "aws_s3_bucket_lifecycle_configuration" "backup" {
2025-07-27T21:45:06.3282169Z       [32m+[0m[0m bucket                                 = (known after apply)
2025-07-27T21:45:06.3282619Z       [32m+[0m[0m expected_bucket_owner                  = (known after apply)
2025-07-27T21:45:06.3283032Z       [32m+[0m[0m id                                     = (known after apply)
2025-07-27T21:45:06.3283483Z       [32m+[0m[0m transition_default_minimum_object_size = "all_storage_classes_128K"
2025-07-27T21:45:06.3283768Z 
2025-07-27T21:45:06.3283883Z       [32m+[0m[0m rule {
2025-07-27T21:45:06.3284167Z           [32m+[0m[0m id     = "backup_lifecycle"
2025-07-27T21:45:06.3284478Z           [32m+[0m[0m status = "Enabled"
2025-07-27T21:45:06.3284645Z 
2025-07-27T21:45:06.3284769Z           [32m+[0m[0m expiration {
2025-07-27T21:45:06.3285082Z               [32m+[0m[0m days                         = 30
2025-07-27T21:45:06.3285438Z               [32m+[0m[0m expired_object_delete_marker = false
2025-07-27T21:45:06.3285837Z             }
2025-07-27T21:45:06.3285950Z 
2025-07-27T21:45:06.3286065Z           [32m+[0m[0m filter {
2025-07-27T21:45:06.3286344Z               [32m+[0m[0m prefix = "backups/"
2025-07-27T21:45:06.3286596Z             }
2025-07-27T21:45:06.3286696Z 
2025-07-27T21:45:06.3286856Z           [32m+[0m[0m noncurrent_version_expiration {
2025-07-27T21:45:06.3287178Z               [32m+[0m[0m noncurrent_days = 7
2025-07-27T21:45:06.3287419Z             }
2025-07-27T21:45:06.3287588Z         }
2025-07-27T21:45:06.3287755Z     }
2025-07-27T21:45:06.3287852Z 
2025-07-27T21:45:06.3288109Z [1m  # module.s3_backup.aws_s3_bucket_policy.backup_public_read[0m will be created
2025-07-27T21:45:06.3288600Z [0m  [32m+[0m[0m resource "aws_s3_bucket_policy" "backup_public_read" {
2025-07-27T21:45:06.3288982Z       [32m+[0m[0m bucket = (known after apply)
2025-07-27T21:45:06.3289305Z       [32m+[0m[0m id     = (known after apply)
2025-07-27T21:45:06.3289618Z       [32m+[0m[0m policy = (known after apply)
2025-07-27T21:45:06.3289859Z     }
2025-07-27T21:45:06.3289950Z 
2025-07-27T21:45:06.3290208Z [1m  # module.s3_backup.aws_s3_bucket_public_access_block.backup[0m will be created
2025-07-27T21:45:06.3290701Z [0m  [32m+[0m[0m resource "aws_s3_bucket_public_access_block" "backup" {
2025-07-27T21:45:06.3291087Z       [32m+[0m[0m block_public_acls       = false
2025-07-27T21:45:06.3291411Z       [32m+[0m[0m block_public_policy     = false
2025-07-27T21:45:06.3291763Z       [32m+[0m[0m bucket                  = (known after apply)
2025-07-27T21:45:06.3292272Z       [32m+[0m[0m id                      = (known after apply)
2025-07-27T21:45:06.3292619Z       [32m+[0m[0m ignore_public_acls      = false
2025-07-27T21:45:06.3292940Z       [32m+[0m[0m restrict_public_buckets = false
2025-07-27T21:45:06.3293189Z     }
2025-07-27T21:45:06.3293279Z 
2025-07-27T21:45:06.3293514Z [1m  # module.s3_backup.aws_s3_bucket_versioning.backup[0m will be created
2025-07-27T21:45:06.3293984Z [0m  [32m+[0m[0m resource "aws_s3_bucket_versioning" "backup" {
2025-07-27T21:45:06.3294339Z       [32m+[0m[0m bucket = (known after apply)
2025-07-27T21:45:06.3294645Z       [32m+[0m[0m id     = (known after apply)
2025-07-27T21:45:06.3294820Z 
2025-07-27T21:45:06.3294962Z       [32m+[0m[0m versioning_configuration {
2025-07-27T21:45:06.3295299Z           [32m+[0m[0m mfa_delete = (known after apply)
2025-07-27T21:45:06.3295628Z           [32m+[0m[0m status     = "Enabled"
2025-07-27T21:45:06.3295865Z         }
2025-07-27T21:45:06.3296029Z     }
2025-07-27T21:45:06.3296214Z 
2025-07-27T21:45:06.3296442Z [1m  # module.s3_backup.random_string.bucket_suffix[0m will be created
2025-07-27T21:45:06.3296868Z [0m  [32m+[0m[0m resource "random_string" "bucket_suffix" {
2025-07-27T21:45:06.3297220Z       [32m+[0m[0m id          = (known after apply)
2025-07-27T21:45:06.3297521Z       [32m+[0m[0m length      = 8
2025-07-27T21:45:06.3297918Z       [32m+[0m[0m lower       = true
2025-07-27T21:45:06.3298204Z       [32m+[0m[0m min_lower   = 0
2025-07-27T21:45:06.3298475Z       [32m+[0m[0m min_numeric = 0
2025-07-27T21:45:06.3298738Z       [32m+[0m[0m min_special = 0
2025-07-27T21:45:06.3299010Z       [32m+[0m[0m min_upper   = 0
2025-07-27T21:45:06.3299277Z       [32m+[0m[0m number      = true
2025-07-27T21:45:06.3299552Z       [32m+[0m[0m numeric     = true
2025-07-27T21:45:06.3299851Z       [32m+[0m[0m result      = (known after apply)
2025-07-27T21:45:06.3300159Z       [32m+[0m[0m special     = false
2025-07-27T21:45:06.3300442Z       [32m+[0m[0m upper       = false
2025-07-27T21:45:06.3300669Z     }
2025-07-27T21:45:06.3300768Z 
2025-07-27T21:45:06.3300925Z [1m  # module.vpc.aws_eip.nat[0][0m will be created
2025-07-27T21:45:06.3301266Z [0m  [32m+[0m[0m resource "aws_eip" "nat" {
2025-07-27T21:45:06.3301611Z       [32m+[0m[0m allocation_id        = (known after apply)
2025-07-27T21:45:06.3302087Z       [32m+[0m[0m arn                  = (known after apply)
2025-07-27T21:45:06.3302566Z       [32m+[0m[0m association_id       = (known after apply)
2025-07-27T21:45:06.3302925Z       [32m+[0m[0m carrier_ip           = (known after apply)
2025-07-27T21:45:06.3303279Z       [32m+[0m[0m customer_owned_ip    = (known after apply)
2025-07-27T21:45:06.3303608Z       [32m+[0m[0m domain               = "vpc"
2025-07-27T21:45:06.3303946Z       [32m+[0m[0m id                   = (known after apply)
2025-07-27T21:45:06.3304290Z       [32m+[0m[0m instance             = (known after apply)
2025-07-27T21:45:06.3304650Z       [32m+[0m[0m ipam_pool_id         = (known after apply)
2025-07-27T21:45:06.3305006Z       [32m+[0m[0m network_border_group = (known after apply)
2025-07-27T21:45:06.3305365Z       [32m+[0m[0m network_interface    = (known after apply)
2025-07-27T21:45:06.3305721Z       [32m+[0m[0m private_dns          = (known after apply)
2025-07-27T21:45:06.3306079Z       [32m+[0m[0m private_ip           = (known after apply)
2025-07-27T21:45:06.3306444Z       [32m+[0m[0m ptr_record           = (known after apply)
2025-07-27T21:45:06.3306801Z       [32m+[0m[0m public_dns           = (known after apply)
2025-07-27T21:45:06.3307150Z       [32m+[0m[0m public_ip            = (known after apply)
2025-07-27T21:45:06.3307508Z       [32m+[0m[0m public_ipv4_pool     = (known after apply)
2025-07-27T21:45:06.3307858Z       [32m+[0m[0m tags                 = (known after apply)
2025-07-27T21:45:06.3308208Z       [32m+[0m[0m tags_all             = (known after apply)
2025-07-27T21:45:06.3308552Z       [32m+[0m[0m vpc                  = (known after apply)
2025-07-27T21:45:06.3308808Z     }
2025-07-27T21:45:06.3308903Z 
2025-07-27T21:45:06.3309060Z [1m  # module.vpc.aws_eip.nat[1][0m will be created
2025-07-27T21:45:06.3309394Z [0m  [32m+[0m[0m resource "aws_eip" "nat" {
2025-07-27T21:45:06.3309731Z       [32m+[0m[0m allocation_id        = (known after apply)
2025-07-27T21:45:06.3310089Z       [32m+[0m[0m arn                  = (known after apply)
2025-07-27T21:45:06.3310447Z       [32m+[0m[0m association_id       = (known after apply)
2025-07-27T21:45:06.3310798Z       [32m+[0m[0m carrier_ip           = (known after apply)
2025-07-27T21:45:06.3311153Z       [32m+[0m[0m customer_owned_ip    = (known after apply)
2025-07-27T21:45:06.3311482Z       [32m+[0m[0m domain               = "vpc"
2025-07-27T21:45:06.3311809Z       [32m+[0m[0m id                   = (known after apply)
2025-07-27T21:45:06.3312254Z       [32m+[0m[0m instance             = (known after apply)
2025-07-27T21:45:06.3312607Z       [32m+[0m[0m ipam_pool_id         = (known after apply)
2025-07-27T21:45:06.3312965Z       [32m+[0m[0m network_border_group = (known after apply)
2025-07-27T21:45:06.3313320Z       [32m+[0m[0m network_interface    = (known after apply)
2025-07-27T21:45:06.3313680Z       [32m+[0m[0m private_dns          = (known after apply)
2025-07-27T21:45:06.3314164Z       [32m+[0m[0m private_ip           = (known after apply)
2025-07-27T21:45:06.3314527Z       [32m+[0m[0m ptr_record           = (known after apply)
2025-07-27T21:45:06.3314877Z       [32m+[0m[0m public_dns           = (known after apply)
2025-07-27T21:45:06.3315226Z       [32m+[0m[0m public_ip            = (known after apply)
2025-07-27T21:45:06.3315576Z       [32m+[0m[0m public_ipv4_pool     = (known after apply)
2025-07-27T21:45:06.3315932Z       [32m+[0m[0m tags                 = (known after apply)
2025-07-27T21:45:06.3316276Z       [32m+[0m[0m tags_all             = (known after apply)
2025-07-27T21:45:06.3316625Z       [32m+[0m[0m vpc                  = (known after apply)
2025-07-27T21:45:06.3316886Z     }
2025-07-27T21:45:06.3316976Z 
2025-07-27T21:45:06.3317140Z [1m  # module.vpc.aws_eip.nat[2][0m will be created
2025-07-27T21:45:06.3317470Z [0m  [32m+[0m[0m resource "aws_eip" "nat" {
2025-07-27T21:45:06.3317806Z       [32m+[0m[0m allocation_id        = (known after apply)
2025-07-27T21:45:06.3318274Z       [32m+[0m[0m arn                  = (known after apply)
2025-07-27T21:45:06.3318622Z       [32m+[0m[0m association_id       = (known after apply)
2025-07-27T21:45:06.3318977Z       [32m+[0m[0m carrier_ip           = (known after apply)
2025-07-27T21:45:06.3319334Z       [32m+[0m[0m customer_owned_ip    = (known after apply)
2025-07-27T21:45:06.3319666Z       [32m+[0m[0m domain               = "vpc"
2025-07-27T21:45:06.3319996Z       [32m+[0m[0m id                   = (known after apply)
2025-07-27T21:45:06.3320341Z       [32m+[0m[0m instance             = (known after apply)
2025-07-27T21:45:06.3320693Z       [32m+[0m[0m ipam_pool_id         = (known after apply)
2025-07-27T21:45:06.3321048Z       [32m+[0m[0m network_border_group = (known after apply)
2025-07-27T21:45:06.3321406Z       [32m+[0m[0m network_interface    = (known after apply)
2025-07-27T21:45:06.3321758Z       [32m+[0m[0m private_dns          = (known after apply)
2025-07-27T21:45:06.3322219Z       [32m+[0m[0m private_ip           = (known after apply)
2025-07-27T21:45:06.3322570Z       [32m+[0m[0m ptr_record           = (known after apply)
2025-07-27T21:45:06.3322928Z       [32m+[0m[0m public_dns           = (known after apply)
2025-07-27T21:45:06.3323279Z       [32m+[0m[0m public_ip            = (known after apply)
2025-07-27T21:45:06.3323634Z       [32m+[0m[0m public_ipv4_pool     = (known after apply)
2025-07-27T21:45:06.3323982Z       [32m+[0m[0m tags                 = (known after apply)
2025-07-27T21:45:06.3324326Z       [32m+[0m[0m tags_all             = (known after apply)
2025-07-27T21:45:06.3324667Z       [32m+[0m[0m vpc                  = (known after apply)
2025-07-27T21:45:06.3324923Z     }
2025-07-27T21:45:06.3325018Z 
2025-07-27T21:45:06.3325207Z [1m  # module.vpc.aws_internet_gateway.main[0m will be created
2025-07-27T21:45:06.3325602Z [0m  [32m+[0m[0m resource "aws_internet_gateway" "main" {
2025-07-27T21:45:06.3325960Z       [32m+[0m[0m arn      = (known after apply)
2025-07-27T21:45:06.3326277Z       [32m+[0m[0m id       = (known after apply)
2025-07-27T21:45:06.3326589Z       [32m+[0m[0m owner_id = (known after apply)
2025-07-27T21:45:06.3326899Z       [32m+[0m[0m tags     = (known after apply)
2025-07-27T21:45:06.3327207Z       [32m+[0m[0m tags_all = (known after apply)
2025-07-27T21:45:06.3327515Z       [32m+[0m[0m vpc_id   = (known after apply)
2025-07-27T21:45:06.3327755Z     }
2025-07-27T21:45:06.3327851Z 
2025-07-27T21:45:06.3328034Z [1m  # module.vpc.aws_nat_gateway.main[0][0m will be created
2025-07-27T21:45:06.3328408Z [0m  [32m+[0m[0m resource "aws_nat_gateway" "main" {
2025-07-27T21:45:06.3328806Z       [32m+[0m[0m allocation_id                      = (known after apply)
2025-07-27T21:45:06.3329236Z       [32m+[0m[0m association_id                     = (known after apply)
2025-07-27T21:45:06.3329643Z       [32m+[0m[0m connectivity_type                  = "public"
2025-07-27T21:45:06.3330152Z       [32m+[0m[0m id                                 = (known after apply)
2025-07-27T21:45:06.3330563Z       [32m+[0m[0m network_interface_id               = (known after apply)
2025-07-27T21:45:06.3330981Z       [32m+[0m[0m private_ip                         = (known after apply)
2025-07-27T21:45:06.3331386Z       [32m+[0m[0m public_ip                          = (known after apply)
2025-07-27T21:45:06.3331806Z       [32m+[0m[0m secondary_private_ip_address_count = (known after apply)
2025-07-27T21:45:06.3332353Z       [32m+[0m[0m secondary_private_ip_addresses     = (known after apply)
2025-07-27T21:45:06.3332950Z       [32m+[0m[0m subnet_id                          = (known after apply)
2025-07-27T21:45:06.3333462Z       [32m+[0m[0m tags                               = (known after apply)
2025-07-27T21:45:06.3333980Z       [32m+[0m[0m tags_all                           = (known after apply)
2025-07-27T21:45:06.3334453Z     }
2025-07-27T21:45:06.3334581Z 
2025-07-27T21:45:06.3334973Z [1m  # module.vpc.aws_nat_gateway.main[1][0m will be created
2025-07-27T21:45:06.3335499Z [0m  [32m+[0m[0m resource "aws_nat_gateway" "main" {
2025-07-27T21:45:06.3336006Z       [32m+[0m[0m allocation_id                      = (known after apply)
2025-07-27T21:45:06.3336551Z       [32m+[0m[0m association_id                     = (known after apply)
2025-07-27T21:45:06.3337096Z       [32m+[0m[0m connectivity_type                  = "public"
2025-07-27T21:45:06.3337563Z       [32m+[0m[0m id                                 = (known after apply)
2025-07-27T21:45:06.3338129Z       [32m+[0m[0m network_interface_id               = (known after apply)
2025-07-27T21:45:06.3338690Z       [32m+[0m[0m private_ip                         = (known after apply)
2025-07-27T21:45:06.3339190Z       [32m+[0m[0m public_ip                          = (known after apply)
2025-07-27T21:45:06.3339748Z       [32m+[0m[0m secondary_private_ip_address_count = (known after apply)
2025-07-27T21:45:06.3350055Z       [32m+[0m[0m secondary_private_ip_addresses     = (known after apply)
2025-07-27T21:45:06.3350565Z       [32m+[0m[0m subnet_id                          = (known after apply)
2025-07-27T21:45:06.3350977Z       [32m+[0m[0m tags                               = (known after apply)
2025-07-27T21:45:06.3351372Z       [32m+[0m[0m tags_all                           = (known after apply)
2025-07-27T21:45:06.3351663Z     }
2025-07-27T21:45:06.3351771Z 
2025-07-27T21:45:06.3352111Z [1m  # module.vpc.aws_nat_gateway.main[2][0m will be created
2025-07-27T21:45:06.3352518Z [0m  [32m+[0m[0m resource "aws_nat_gateway" "main" {
2025-07-27T21:45:06.3352926Z       [32m+[0m[0m allocation_id                      = (known after apply)
2025-07-27T21:45:06.3353359Z       [32m+[0m[0m association_id                     = (known after apply)
2025-07-27T21:45:06.3353774Z       [32m+[0m[0m connectivity_type                  = "public"
2025-07-27T21:45:06.3354179Z       [32m+[0m[0m id                                 = (known after apply)
2025-07-27T21:45:06.3354602Z       [32m+[0m[0m network_interface_id               = (known after apply)
2025-07-27T21:45:06.3355034Z       [32m+[0m[0m private_ip                         = (known after apply)
2025-07-27T21:45:06.3355471Z       [32m+[0m[0m public_ip                          = (known after apply)
2025-07-27T21:45:06.3355925Z       [32m+[0m[0m secondary_private_ip_address_count = (known after apply)
2025-07-27T21:45:06.3356376Z       [32m+[0m[0m secondary_private_ip_addresses     = (known after apply)
2025-07-27T21:45:06.3356800Z       [32m+[0m[0m subnet_id                          = (known after apply)
2025-07-27T21:45:06.3357195Z       [32m+[0m[0m tags                               = (known after apply)
2025-07-27T21:45:06.3357580Z       [32m+[0m[0m tags_all                           = (known after apply)
2025-07-27T21:45:06.3357861Z     }
2025-07-27T21:45:06.3357962Z 
2025-07-27T21:45:06.3358339Z [1m  # module.vpc.aws_route_table.private[0][0m will be created
2025-07-27T21:45:06.3358759Z [0m  [32m+[0m[0m resource "aws_route_table" "private" {
2025-07-27T21:45:06.3359123Z       [32m+[0m[0m arn              = (known after apply)
2025-07-27T21:45:06.3359457Z       [32m+[0m[0m id               = (known after apply)
2025-07-27T21:45:06.3359791Z       [32m+[0m[0m owner_id         = (known after apply)
2025-07-27T21:45:06.3360132Z       [32m+[0m[0m propagating_vgws = (known after apply)
2025-07-27T21:45:06.3360449Z       [32m+[0m[0m route            = [
2025-07-27T21:45:06.3360726Z           [32m+[0m[0m {
2025-07-27T21:45:06.3361015Z               [32m+[0m[0m carrier_gateway_id         = ""
2025-07-27T21:45:06.3361371Z               [32m+[0m[0m cidr_block                 = "0.0.0.0/0"
2025-07-27T21:45:06.3361714Z               [32m+[0m[0m core_network_arn           = ""
2025-07-27T21:45:06.3362170Z               [32m+[0m[0m destination_prefix_list_id = ""
2025-07-27T21:45:06.3362513Z               [32m+[0m[0m egress_only_gateway_id     = ""
2025-07-27T21:45:06.3362972Z               [32m+[0m[0m gateway_id                 = ""
2025-07-27T21:45:06.3363292Z               [32m+[0m[0m ipv6_cidr_block            = ""
2025-07-27T21:45:06.3363615Z               [32m+[0m[0m local_gateway_id           = ""
2025-07-27T21:45:06.3363983Z               [32m+[0m[0m nat_gateway_id             = (known after apply)
2025-07-27T21:45:06.3364356Z               [32m+[0m[0m network_interface_id       = ""
2025-07-27T21:45:06.3364685Z               [32m+[0m[0m transit_gateway_id         = ""
2025-07-27T21:45:06.3365010Z               [32m+[0m[0m vpc_endpoint_id            = ""
2025-07-27T21:45:06.3365342Z               [32m+[0m[0m vpc_peering_connection_id  = ""
2025-07-27T21:45:06.3365601Z             },
2025-07-27T21:45:06.3365778Z         ]
2025-07-27T21:45:06.3366031Z       [32m+[0m[0m tags             = (known after apply)
2025-07-27T21:45:06.3366376Z       [32m+[0m[0m tags_all         = (known after apply)
2025-07-27T21:45:06.3366720Z       [32m+[0m[0m vpc_id           = (known after apply)
2025-07-27T21:45:06.3366980Z     }
2025-07-27T21:45:06.3367075Z 
2025-07-27T21:45:06.3367278Z [1m  # module.vpc.aws_route_table.private[1][0m will be created
2025-07-27T21:45:06.3367666Z [0m  [32m+[0m[0m resource "aws_route_table" "private" {
2025-07-27T21:45:06.3368007Z       [32m+[0m[0m arn              = (known after apply)
2025-07-27T21:45:06.3368337Z       [32m+[0m[0m id               = (known after apply)
2025-07-27T21:45:06.3368663Z       [32m+[0m[0m owner_id         = (known after apply)
2025-07-27T21:45:06.3369000Z       [32m+[0m[0m propagating_vgws = (known after apply)
2025-07-27T21:45:06.3369311Z       [32m+[0m[0m route            = [
2025-07-27T21:45:06.3369582Z           [32m+[0m[0m {
2025-07-27T21:45:06.3369869Z               [32m+[0m[0m carrier_gateway_id         = ""
2025-07-27T21:45:06.3370215Z               [32m+[0m[0m cidr_block                 = "0.0.0.0/0"
2025-07-27T21:45:06.3370565Z               [32m+[0m[0m core_network_arn           = ""
2025-07-27T21:45:06.3370895Z               [32m+[0m[0m destination_prefix_list_id = ""
2025-07-27T21:45:06.3371226Z               [32m+[0m[0m egress_only_gateway_id     = ""
2025-07-27T21:45:06.3371550Z               [32m+[0m[0m gateway_id                 = ""
2025-07-27T21:45:06.3371869Z               [32m+[0m[0m ipv6_cidr_block            = ""
2025-07-27T21:45:06.3372299Z               [32m+[0m[0m local_gateway_id           = ""
2025-07-27T21:45:06.3372663Z               [32m+[0m[0m nat_gateway_id             = (known after apply)
2025-07-27T21:45:06.3373026Z               [32m+[0m[0m network_interface_id       = ""
2025-07-27T21:45:06.3373351Z               [32m+[0m[0m transit_gateway_id         = ""
2025-07-27T21:45:06.3373672Z               [32m+[0m[0m vpc_endpoint_id            = ""
2025-07-27T21:45:06.3374009Z               [32m+[0m[0m vpc_peering_connection_id  = ""
2025-07-27T21:45:06.3374387Z             },
2025-07-27T21:45:06.3374571Z         ]
2025-07-27T21:45:06.3374824Z       [32m+[0m[0m tags             = (known after apply)
2025-07-27T21:45:06.3375161Z       [32m+[0m[0m tags_all         = (known after apply)
2025-07-27T21:45:06.3375545Z       [32m+[0m[0m vpc_id           = (known after apply)
2025-07-27T21:45:06.3375812Z     }
2025-07-27T21:45:06.3375906Z 
2025-07-27T21:45:06.3376104Z [1m  # module.vpc.aws_route_table.private[2][0m will be created
2025-07-27T21:45:06.3376491Z [0m  [32m+[0m[0m resource "aws_route_table" "private" {
2025-07-27T21:45:06.3376832Z       [32m+[0m[0m arn              = (known after apply)
2025-07-27T21:45:06.3377159Z       [32m+[0m[0m id               = (known after apply)
2025-07-27T21:45:06.3377485Z       [32m+[0m[0m owner_id         = (known after apply)
2025-07-27T21:45:06.3377821Z       [32m+[0m[0m propagating_vgws = (known after apply)
2025-07-27T21:45:06.3378128Z       [32m+[0m[0m route            = [
2025-07-27T21:45:06.3378513Z           [32m+[0m[0m {
2025-07-27T21:45:06.3378796Z               [32m+[0m[0m carrier_gateway_id         = ""
2025-07-27T21:45:06.3379145Z               [32m+[0m[0m cidr_block                 = "0.0.0.0/0"
2025-07-27T21:45:06.3379481Z               [32m+[0m[0m core_network_arn           = ""
2025-07-27T21:45:06.3379810Z               [32m+[0m[0m destination_prefix_list_id = ""
2025-07-27T21:45:06.3380143Z               [32m+[0m[0m egress_only_gateway_id     = ""
2025-07-27T21:45:06.3380464Z               [32m+[0m[0m gateway_id                 = ""
2025-07-27T21:45:06.3380780Z               [32m+[0m[0m ipv6_cidr_block            = ""
2025-07-27T21:45:06.3381098Z               [32m+[0m[0m local_gateway_id           = ""
2025-07-27T21:45:06.3381463Z               [32m+[0m[0m nat_gateway_id             = (known after apply)
2025-07-27T21:45:06.3381829Z               [32m+[0m[0m network_interface_id       = ""
2025-07-27T21:45:06.3382434Z               [32m+[0m[0m transit_gateway_id         = ""
2025-07-27T21:45:06.3382780Z               [32m+[0m[0m vpc_endpoint_id            = ""
2025-07-27T21:45:06.3383108Z               [32m+[0m[0m vpc_peering_connection_id  = ""
2025-07-27T21:45:06.3383365Z             },
2025-07-27T21:45:06.3383541Z         ]
2025-07-27T21:45:06.3383789Z       [32m+[0m[0m tags             = (known after apply)
2025-07-27T21:45:06.3384127Z       [32m+[0m[0m tags_all         = (known after apply)
2025-07-27T21:45:06.3384480Z       [32m+[0m[0m vpc_id           = (known after apply)
2025-07-27T21:45:06.3384741Z     }
2025-07-27T21:45:06.3384843Z 
2025-07-27T21:45:06.3385033Z [1m  # module.vpc.aws_route_table.public[0m will be created
2025-07-27T21:45:06.3385425Z [0m  [32m+[0m[0m resource "aws_route_table" "public" {
2025-07-27T21:45:06.3385784Z       [32m+[0m[0m arn              = (known after apply)
2025-07-27T21:45:06.3386121Z       [32m+[0m[0m id               = (known after apply)
2025-07-27T21:45:06.3386468Z       [32m+[0m[0m owner_id         = (known after apply)
2025-07-27T21:45:06.3386814Z       [32m+[0m[0m propagating_vgws = (known after apply)
2025-07-27T21:45:06.3387131Z       [32m+[0m[0m route            = [
2025-07-27T21:45:06.3387405Z           [32m+[0m[0m {
2025-07-27T21:45:06.3387684Z               [32m+[0m[0m carrier_gateway_id         = ""
2025-07-27T21:45:06.3388040Z               [32m+[0m[0m cidr_block                 = "0.0.0.0/0"
2025-07-27T21:45:06.3388382Z               [32m+[0m[0m core_network_arn           = ""
2025-07-27T21:45:06.3388718Z               [32m+[0m[0m destination_prefix_list_id = ""
2025-07-27T21:45:06.3389054Z               [32m+[0m[0m egress_only_gateway_id     = ""
2025-07-27T21:45:06.3389426Z               [32m+[0m[0m gateway_id                 = (known after apply)
2025-07-27T21:45:06.3389789Z               [32m+[0m[0m ipv6_cidr_block            = ""
2025-07-27T21:45:06.3390111Z               [32m+[0m[0m local_gateway_id           = ""
2025-07-27T21:45:06.3390565Z               [32m+[0m[0m nat_gateway_id             = ""
2025-07-27T21:45:06.3390901Z               [32m+[0m[0m network_interface_id       = ""
2025-07-27T21:45:06.3391239Z               [32m+[0m[0m transit_gateway_id         = ""
2025-07-27T21:45:06.3391568Z               [32m+[0m[0m vpc_endpoint_id            = ""
2025-07-27T21:45:06.3392003Z               [32m+[0m[0m vpc_peering_connection_id  = ""
2025-07-27T21:45:06.3392264Z             },
2025-07-27T21:45:06.3392438Z         ]
2025-07-27T21:45:06.3392687Z       [32m+[0m[0m tags             = (known after apply)
2025-07-27T21:45:06.3393024Z       [32m+[0m[0m tags_all         = (known after apply)
2025-07-27T21:45:06.3393354Z       [32m+[0m[0m vpc_id           = (known after apply)
2025-07-27T21:45:06.3393609Z     }
2025-07-27T21:45:06.3393706Z 
2025-07-27T21:45:06.3393978Z [1m  # module.vpc.aws_route_table_association.private[0][0m will be created
2025-07-27T21:45:06.3394447Z [0m  [32m+[0m[0m resource "aws_route_table_association" "private" {
2025-07-27T21:45:06.3394952Z       [32m+[0m[0m id             = (known after apply)
2025-07-27T21:45:06.3395292Z       [32m+[0m[0m route_table_id = (known after apply)
2025-07-27T21:45:06.3395627Z       [32m+[0m[0m subnet_id      = (known after apply)
2025-07-27T21:45:06.3395879Z     }
2025-07-27T21:45:06.3395976Z 
2025-07-27T21:45:06.3396205Z [1m  # module.vpc.aws_route_table_association.private[1][0m will be created
2025-07-27T21:45:06.3396661Z [0m  [32m+[0m[0m resource "aws_route_table_association" "private" {
2025-07-27T21:45:06.3397033Z       [32m+[0m[0m id             = (known after apply)
2025-07-27T21:45:06.3397372Z       [32m+[0m[0m route_table_id = (known after apply)
2025-07-27T21:45:06.3397713Z       [32m+[0m[0m subnet_id      = (known after apply)
2025-07-27T21:45:06.3397967Z     }
2025-07-27T21:45:06.3398057Z 
2025-07-27T21:45:06.3398288Z [1m  # module.vpc.aws_route_table_association.private[2][0m will be created
2025-07-27T21:45:06.3398743Z [0m  [32m+[0m[0m resource "aws_route_table_association" "private" {
2025-07-27T21:45:06.3399112Z       [32m+[0m[0m id             = (known after apply)
2025-07-27T21:45:06.3399444Z       [32m+[0m[0m route_table_id = (known after apply)
2025-07-27T21:45:06.3399776Z       [32m+[0m[0m subnet_id      = (known after apply)
2025-07-27T21:45:06.3400034Z     }
2025-07-27T21:45:06.3400124Z 
2025-07-27T21:45:06.3400355Z [1m  # module.vpc.aws_route_table_association.public[0][0m will be created
2025-07-27T21:45:06.3400807Z [0m  [32m+[0m[0m resource "aws_route_table_association" "public" {
2025-07-27T21:45:06.3401177Z       [32m+[0m[0m id             = (known after apply)
2025-07-27T21:45:06.3401508Z       [32m+[0m[0m route_table_id = (known after apply)
2025-07-27T21:45:06.3401839Z       [32m+[0m[0m subnet_id      = (known after apply)
2025-07-27T21:45:06.3402216Z     }
2025-07-27T21:45:06.3402313Z 
2025-07-27T21:45:06.3402545Z [1m  # module.vpc.aws_route_table_association.public[1][0m will be created
2025-07-27T21:45:06.3403006Z [0m  [32m+[0m[0m resource "aws_route_table_association" "public" {
2025-07-27T21:45:06.3403382Z       [32m+[0m[0m id             = (known after apply)
2025-07-27T21:45:06.3403712Z       [32m+[0m[0m route_table_id = (known after apply)
2025-07-27T21:45:06.3404045Z       [32m+[0m[0m subnet_id      = (known after apply)
2025-07-27T21:45:06.3404297Z     }
2025-07-27T21:45:06.3404387Z 
2025-07-27T21:45:06.3404616Z [1m  # module.vpc.aws_route_table_association.public[2][0m will be created
2025-07-27T21:45:06.3405058Z [0m  [32m+[0m[0m resource "aws_route_table_association" "public" {
2025-07-27T21:45:06.3405422Z       [32m+[0m[0m id             = (known after apply)
2025-07-27T21:45:06.3405754Z       [32m+[0m[0m route_table_id = (known after apply)
2025-07-27T21:45:06.3406087Z       [32m+[0m[0m subnet_id      = (known after apply)
2025-07-27T21:45:06.3406343Z     }
2025-07-27T21:45:06.3406431Z 
2025-07-27T21:45:06.3406761Z [1m  # module.vpc.aws_security_group.vpc_endpoints[0m will be created
2025-07-27T21:45:06.3407205Z [0m  [32m+[0m[0m resource "aws_security_group" "vpc_endpoints" {
2025-07-27T21:45:06.3407594Z       [32m+[0m[0m arn                    = (known after apply)
2025-07-27T21:45:06.3407973Z       [32m+[0m[0m description            = "Managed by Terraform"
2025-07-27T21:45:06.3408317Z       [32m+[0m[0m egress                 = [
2025-07-27T21:45:06.3408594Z           [32m+[0m[0m {
2025-07-27T21:45:06.3408863Z               [32m+[0m[0m cidr_blocks      = [
2025-07-27T21:45:06.3409168Z                   [32m+[0m[0m "0.0.0.0/0",
2025-07-27T21:45:06.3409414Z                 ]
2025-07-27T21:45:06.3409704Z               [32m+[0m[0m description      = "All outbound traffic"
2025-07-27T21:45:06.3410039Z               [32m+[0m[0m from_port        = 0
2025-07-27T21:45:06.3410347Z               [32m+[0m[0m ipv6_cidr_blocks = []
2025-07-27T21:45:06.3410660Z               [32m+[0m[0m prefix_list_ids  = []
2025-07-27T21:45:06.3411091Z               [32m+[0m[0m protocol         = "-1"
2025-07-27T21:45:06.3411403Z               [32m+[0m[0m security_groups  = []
2025-07-27T21:45:06.3411713Z               [32m+[0m[0m self             = false
2025-07-27T21:45:06.3412119Z               [32m+[0m[0m to_port          = 0
2025-07-27T21:45:06.3412362Z             },
2025-07-27T21:45:06.3412537Z         ]
2025-07-27T21:45:06.3412808Z       [32m+[0m[0m id                     = (known after apply)
2025-07-27T21:45:06.3413142Z       [32m+[0m[0m ingress                = [
2025-07-27T21:45:06.3413423Z           [32m+[0m[0m {
2025-07-27T21:45:06.3413688Z               [32m+[0m[0m cidr_blocks      = [
2025-07-27T21:45:06.3413988Z                   [32m+[0m[0m "10.0.0.0/16",
2025-07-27T21:45:06.3414226Z                 ]
2025-07-27T21:45:06.3414496Z               [32m+[0m[0m description      = "HTTPS from VPC"
2025-07-27T21:45:06.3414817Z               [32m+[0m[0m from_port        = 443
2025-07-27T21:45:06.3415133Z               [32m+[0m[0m ipv6_cidr_blocks = []
2025-07-27T21:45:06.3415439Z               [32m+[0m[0m prefix_list_ids  = []
2025-07-27T21:45:06.3415754Z               [32m+[0m[0m protocol         = "tcp"
2025-07-27T21:45:06.3416061Z               [32m+[0m[0m security_groups  = []
2025-07-27T21:45:06.3416361Z               [32m+[0m[0m self             = false
2025-07-27T21:45:06.3416657Z               [32m+[0m[0m to_port          = 443
2025-07-27T21:45:06.3416899Z             },
2025-07-27T21:45:06.3417074Z         ]
2025-07-27T21:45:06.3417336Z       [32m+[0m[0m name                   = (known after apply)
2025-07-27T21:45:06.3417733Z       [32m+[0m[0m name_prefix            = "tasky-dev-vpc-endpoints-"
2025-07-27T21:45:06.3418124Z       [32m+[0m[0m owner_id               = (known after apply)
2025-07-27T21:45:06.3418466Z       [32m+[0m[0m revoke_rules_on_delete = false
2025-07-27T21:45:06.3418803Z       [32m+[0m[0m tags                   = (known after apply)
2025-07-27T21:45:06.3419184Z       [32m+[0m[0m tags_all               = (known after apply)
2025-07-27T21:45:06.3419551Z       [32m+[0m[0m vpc_id                 = (known after apply)
2025-07-27T21:45:06.3419817Z     }
2025-07-27T21:45:06.3419916Z 
2025-07-27T21:45:06.3420103Z [1m  # module.vpc.aws_subnet.private[0][0m will be created
2025-07-27T21:45:06.3420474Z [0m  [32m+[0m[0m resource "aws_subnet" "private" {
2025-07-27T21:45:06.3420883Z       [32m+[0m[0m arn                                            = (known after apply)
2025-07-27T21:45:06.3421312Z       [32m+[0m[0m assign_ipv6_address_on_creation                = false
2025-07-27T21:45:06.3421781Z       [32m+[0m[0m availability_zone                              = "us-east-1a"
2025-07-27T21:45:06.3422532Z       [32m+[0m[0m availability_zone_id                           = (known after apply)
2025-07-27T21:45:06.3422993Z       [32m+[0m[0m cidr_block                                     = "10.0.3.0/24"
2025-07-27T21:45:06.3423542Z       [32m+[0m[0m enable_dns64                                   = false
2025-07-27T21:45:06.3423974Z       [32m+[0m[0m enable_resource_name_dns_a_record_on_launch    = false
2025-07-27T21:45:06.3424403Z       [32m+[0m[0m enable_resource_name_dns_aaaa_record_on_launch = false
2025-07-27T21:45:06.3424813Z       [32m+[0m[0m id                                             = (known after apply)
2025-07-27T21:45:06.3425256Z       [32m+[0m[0m ipv6_cidr_block_association_id                 = (known after apply)
2025-07-27T21:45:06.3425700Z       [32m+[0m[0m ipv6_native                                    = false
2025-07-27T21:45:06.3426089Z       [32m+[0m[0m map_public_ip_on_launch                        = false
2025-07-27T21:45:06.3426495Z       [32m+[0m[0m owner_id                                       = (known after apply)
2025-07-27T21:45:06.3426957Z       [32m+[0m[0m private_dns_hostname_type_on_launch            = (known after apply)
2025-07-27T21:45:06.3427408Z       [32m+[0m[0m tags                                           = (known after apply)
2025-07-27T21:45:06.3427965Z       [32m+[0m[0m tags_all                                       = (known after apply)
2025-07-27T21:45:06.3428368Z       [32m+[0m[0m vpc_id                                         = (known after apply)
2025-07-27T21:45:06.3428646Z     }
2025-07-27T21:45:06.3428738Z 
2025-07-27T21:45:06.3428923Z [1m  # module.vpc.aws_subnet.private[1][0m will be created
2025-07-27T21:45:06.3429297Z [0m  [32m+[0m[0m resource "aws_subnet" "private" {
2025-07-27T21:45:06.3429676Z       [32m+[0m[0m arn                                            = (known after apply)
2025-07-27T21:45:06.3430087Z       [32m+[0m[0m assign_ipv6_address_on_creation                = false
2025-07-27T21:45:06.3430526Z       [32m+[0m[0m availability_zone                              = "us-east-1b"
2025-07-27T21:45:06.3430994Z       [32m+[0m[0m availability_zone_id                           = (known after apply)
2025-07-27T21:45:06.3431448Z       [32m+[0m[0m cidr_block                                     = "10.0.4.0/24"
2025-07-27T21:45:06.3431860Z       [32m+[0m[0m enable_dns64                                   = false
2025-07-27T21:45:06.3432446Z       [32m+[0m[0m enable_resource_name_dns_a_record_on_launch    = false
2025-07-27T21:45:06.3432871Z       [32m+[0m[0m enable_resource_name_dns_aaaa_record_on_launch = false
2025-07-27T21:45:06.3433282Z       [32m+[0m[0m id                                             = (known after apply)
2025-07-27T21:45:06.3433734Z       [32m+[0m[0m ipv6_cidr_block_association_id                 = (known after apply)
2025-07-27T21:45:06.3434193Z       [32m+[0m[0m ipv6_native                                    = false
2025-07-27T21:45:06.3434602Z       [32m+[0m[0m map_public_ip_on_launch                        = false
2025-07-27T21:45:06.3435024Z       [32m+[0m[0m owner_id                                       = (known after apply)
2025-07-27T21:45:06.3435506Z       [32m+[0m[0m private_dns_hostname_type_on_launch            = (known after apply)
2025-07-27T21:45:06.3435967Z       [32m+[0m[0m tags                                           = (known after apply)
2025-07-27T21:45:06.3436386Z       [32m+[0m[0m tags_all                                       = (known after apply)
2025-07-27T21:45:06.3436791Z       [32m+[0m[0m vpc_id                                         = (known after apply)
2025-07-27T21:45:06.3437080Z     }
2025-07-27T21:45:06.3437180Z 
2025-07-27T21:45:06.3437367Z [1m  # module.vpc.aws_subnet.private[2][0m will be created
2025-07-27T21:45:06.3437743Z [0m  [32m+[0m[0m resource "aws_subnet" "private" {
2025-07-27T21:45:06.3438126Z       [32m+[0m[0m arn                                            = (known after apply)
2025-07-27T21:45:06.3438552Z       [32m+[0m[0m assign_ipv6_address_on_creation                = false
2025-07-27T21:45:06.3439004Z       [32m+[0m[0m availability_zone                              = "us-east-1c"
2025-07-27T21:45:06.3439605Z       [32m+[0m[0m availability_zone_id                           = (known after apply)
2025-07-27T21:45:06.3440069Z       [32m+[0m[0m cidr_block                                     = "10.0.5.0/24"
2025-07-27T21:45:06.3440486Z       [32m+[0m[0m enable_dns64                                   = false
2025-07-27T21:45:06.3440900Z       [32m+[0m[0m enable_resource_name_dns_a_record_on_launch    = false
2025-07-27T21:45:06.3441332Z       [32m+[0m[0m enable_resource_name_dns_aaaa_record_on_launch = false
2025-07-27T21:45:06.3441752Z       [32m+[0m[0m id                                             = (known after apply)
2025-07-27T21:45:06.3442310Z       [32m+[0m[0m ipv6_cidr_block_association_id                 = (known after apply)
2025-07-27T21:45:06.3442758Z       [32m+[0m[0m ipv6_native                                    = false
2025-07-27T21:45:06.3443158Z       [32m+[0m[0m map_public_ip_on_launch                        = false
2025-07-27T21:45:06.3443576Z       [32m+[0m[0m owner_id                                       = (known after apply)
2025-07-27T21:45:06.3444161Z       [32m+[0m[0m private_dns_hostname_type_on_launch            = (known after apply)
2025-07-27T21:45:06.3444617Z       [32m+[0m[0m tags                                           = (known after apply)
2025-07-27T21:45:06.3445021Z       [32m+[0m[0m tags_all                                       = (known after apply)
2025-07-27T21:45:06.3445435Z       [32m+[0m[0m vpc_id                                         = (known after apply)
2025-07-27T21:45:06.3445726Z     }
2025-07-27T21:45:06.3445823Z 
2025-07-27T21:45:06.3446014Z [1m  # module.vpc.aws_subnet.public[0][0m will be created
2025-07-27T21:45:06.3446389Z [0m  [32m+[0m[0m resource "aws_subnet" "public" {
2025-07-27T21:45:06.3446767Z       [32m+[0m[0m arn                                            = (known after apply)
2025-07-27T21:45:06.3447182Z       [32m+[0m[0m assign_ipv6_address_on_creation                = false
2025-07-27T21:45:06.3447636Z       [32m+[0m[0m availability_zone                              = "us-east-1a"
2025-07-27T21:45:06.3448108Z       [32m+[0m[0m availability_zone_id                           = (known after apply)
2025-07-27T21:45:06.3448568Z       [32m+[0m[0m cidr_block                                     = "10.0.0.0/24"
2025-07-27T21:45:06.3448973Z       [32m+[0m[0m enable_dns64                                   = false
2025-07-27T21:45:06.3449386Z       [32m+[0m[0m enable_resource_name_dns_a_record_on_launch    = false
2025-07-27T21:45:06.3449815Z       [32m+[0m[0m enable_resource_name_dns_aaaa_record_on_launch = false
2025-07-27T21:45:06.3450227Z       [32m+[0m[0m id                                             = (known after apply)
2025-07-27T21:45:06.3450674Z       [32m+[0m[0m ipv6_cidr_block_association_id                 = (known after apply)
2025-07-27T21:45:06.3451119Z       [32m+[0m[0m ipv6_native                                    = false
2025-07-27T21:45:06.3451522Z       [32m+[0m[0m map_public_ip_on_launch                        = true
2025-07-27T21:45:06.3452052Z       [32m+[0m[0m owner_id                                       = (known after apply)
2025-07-27T21:45:06.3452523Z       [32m+[0m[0m private_dns_hostname_type_on_launch            = (known after apply)
2025-07-27T21:45:06.3452976Z       [32m+[0m[0m tags                                           = (known after apply)
2025-07-27T21:45:06.3453383Z       [32m+[0m[0m tags_all                                       = (known after apply)
2025-07-27T21:45:06.3453789Z       [32m+[0m[0m vpc_id                                         = (known after apply)
2025-07-27T21:45:06.3454077Z     }
2025-07-27T21:45:06.3454175Z 
2025-07-27T21:45:06.3454352Z [1m  # module.vpc.aws_subnet.public[1][0m will be created
2025-07-27T21:45:06.3454720Z [0m  [32m+[0m[0m resource "aws_subnet" "public" {
2025-07-27T21:45:06.3455102Z       [32m+[0m[0m arn                                            = (known after apply)
2025-07-27T21:45:06.3455627Z       [32m+[0m[0m assign_ipv6_address_on_creation                = false
2025-07-27T21:45:06.3456081Z       [32m+[0m[0m availability_zone                              = "us-east-1b"
2025-07-27T21:45:06.3456552Z       [32m+[0m[0m availability_zone_id                           = (known after apply)
2025-07-27T21:45:06.3457003Z       [32m+[0m[0m cidr_block                                     = "10.0.1.0/24"
2025-07-27T21:45:06.3457411Z       [32m+[0m[0m enable_dns64                                   = false
2025-07-27T21:45:06.3457825Z       [32m+[0m[0m enable_resource_name_dns_a_record_on_launch    = false
2025-07-27T21:45:06.3458257Z       [32m+[0m[0m enable_resource_name_dns_aaaa_record_on_launch = false
2025-07-27T21:45:06.3458675Z       [32m+[0m[0m id                                             = (known after apply)
2025-07-27T21:45:06.3459124Z       [32m+[0m[0m ipv6_cidr_block_association_id                 = (known after apply)
2025-07-27T21:45:06.3459691Z       [32m+[0m[0m ipv6_native                                    = false
2025-07-27T21:45:06.3460092Z       [32m+[0m[0m map_public_ip_on_launch                        = true
2025-07-27T21:45:06.3460511Z       [32m+[0m[0m owner_id                                       = (known after apply)
2025-07-27T21:45:06.3460973Z       [32m+[0m[0m private_dns_hostname_type_on_launch            = (known after apply)
2025-07-27T21:45:06.3461429Z       [32m+[0m[0m tags                                           = (known after apply)
2025-07-27T21:45:06.3461838Z       [32m+[0m[0m tags_all                                       = (known after apply)
2025-07-27T21:45:06.3462353Z       [32m+[0m[0m vpc_id                                         = (known after apply)
2025-07-27T21:45:06.3462644Z     }
2025-07-27T21:45:06.3462737Z 
2025-07-27T21:45:06.3462919Z [1m  # module.vpc.aws_subnet.public[2][0m will be created
2025-07-27T21:45:06.3463285Z [0m  [32m+[0m[0m resource "aws_subnet" "public" {
2025-07-27T21:45:06.3463673Z       [32m+[0m[0m arn                                            = (known after apply)
2025-07-27T21:45:06.3464085Z       [32m+[0m[0m assign_ipv6_address_on_creation                = false
2025-07-27T21:45:06.3464534Z       [32m+[0m[0m availability_zone                              = "us-east-1c"
2025-07-27T21:45:06.3465014Z       [32m+[0m[0m availability_zone_id                           = (known after apply)
2025-07-27T21:45:06.3465464Z       [32m+[0m[0m cidr_block                                     = "10.0.2.0/24"
2025-07-27T21:45:06.3465871Z       [32m+[0m[0m enable_dns64                                   = false
2025-07-27T21:45:06.3466281Z       [32m+[0m[0m enable_resource_name_dns_a_record_on_launch    = false
2025-07-27T21:45:06.3466706Z       [32m+[0m[0m enable_resource_name_dns_aaaa_record_on_launch = false
2025-07-27T21:45:06.3467117Z       [32m+[0m[0m id                                             = (known after apply)
2025-07-27T21:45:06.3467567Z       [32m+[0m[0m ipv6_cidr_block_association_id                 = (known after apply)
2025-07-27T21:45:06.3468012Z       [32m+[0m[0m ipv6_native                                    = false
2025-07-27T21:45:06.3468417Z       [32m+[0m[0m map_public_ip_on_launch                        = true
2025-07-27T21:45:06.3468832Z       [32m+[0m[0m owner_id                                       = (known after apply)
2025-07-27T21:45:06.3469293Z       [32m+[0m[0m private_dns_hostname_type_on_launch            = (known after apply)
2025-07-27T21:45:06.3469740Z       [32m+[0m[0m tags                                           = (known after apply)
2025-07-27T21:45:06.3470143Z       [32m+[0m[0m tags_all                                       = (known after apply)
2025-07-27T21:45:06.3470554Z       [32m+[0m[0m vpc_id                                         = (known after apply)
2025-07-27T21:45:06.3470838Z     }
2025-07-27T21:45:06.3470935Z 
2025-07-27T21:45:06.3471091Z [1m  # module.vpc.aws_vpc.main[0m will be created
2025-07-27T21:45:06.3471552Z [0m  [32m+[0m[0m resource "aws_vpc" "main" {
2025-07-27T21:45:06.3472017Z       [32m+[0m[0m arn                                  = (known after apply)
2025-07-27T21:45:06.3472414Z       [32m+[0m[0m cidr_block                           = "10.0.0.0/16"
2025-07-27T21:45:06.3472836Z       [32m+[0m[0m default_network_acl_id               = (known after apply)
2025-07-27T21:45:06.3473276Z       [32m+[0m[0m default_route_table_id               = (known after apply)
2025-07-27T21:45:06.3473721Z       [32m+[0m[0m default_security_group_id            = (known after apply)
2025-07-27T21:45:06.3474150Z       [32m+[0m[0m dhcp_options_id                      = (known after apply)
2025-07-27T21:45:06.3474546Z       [32m+[0m[0m enable_dns_hostnames                 = true
2025-07-27T21:45:06.3474920Z       [32m+[0m[0m enable_dns_support                   = true
2025-07-27T21:45:06.3475330Z       [32m+[0m[0m enable_network_address_usage_metrics = (known after apply)
2025-07-27T21:45:06.3475864Z       [32m+[0m[0m id                                   = (known after apply)
2025-07-27T21:45:06.3476246Z       [32m+[0m[0m instance_tenancy                     = "default"
2025-07-27T21:45:06.3476665Z       [32m+[0m[0m ipv6_association_id                  = (known after apply)
2025-07-27T21:45:06.3477093Z       [32m+[0m[0m ipv6_cidr_block                      = (known after apply)
2025-07-27T21:45:06.3477522Z       [32m+[0m[0m ipv6_cidr_block_network_border_group = (known after apply)
2025-07-27T21:45:06.3477958Z       [32m+[0m[0m main_route_table_id                  = (known after apply)
2025-07-27T21:45:06.3478377Z       [32m+[0m[0m owner_id                             = (known after apply)
2025-07-27T21:45:06.3478774Z       [32m+[0m[0m tags                                 = (known after apply)
2025-07-27T21:45:06.3479167Z       [32m+[0m[0m tags_all                             = (known after apply)
2025-07-27T21:45:06.3479450Z     }
2025-07-27T21:45:06.3479551Z 
2025-07-27T21:45:06.3479736Z [1m  # module.vpc.aws_vpc_endpoint.ec2[0m will be created
2025-07-27T21:45:06.3480116Z [0m  [32m+[0m[0m resource "aws_vpc_endpoint" "ec2" {
2025-07-27T21:45:06.3480474Z       [32m+[0m[0m arn                   = (known after apply)
2025-07-27T21:45:06.3480836Z       [32m+[0m[0m cidr_blocks           = (known after apply)
2025-07-27T21:45:06.3481190Z       [32m+[0m[0m dns_entry             = (known after apply)
2025-07-27T21:45:06.3481544Z       [32m+[0m[0m id                    = (known after apply)
2025-07-27T21:45:06.3481992Z       [32m+[0m[0m ip_address_type       = (known after apply)
2025-07-27T21:45:06.3482361Z       [32m+[0m[0m network_interface_ids = (known after apply)
2025-07-27T21:45:06.3482724Z       [32m+[0m[0m owner_id              = (known after apply)
2025-07-27T21:45:06.3483084Z       [32m+[0m[0m policy                = (known after apply)
2025-07-27T21:45:06.3483440Z       [32m+[0m[0m prefix_list_id        = (known after apply)
2025-07-27T21:45:06.3483788Z       [32m+[0m[0m private_dns_enabled   = true
2025-07-27T21:45:06.3484141Z       [32m+[0m[0m requester_managed     = (known after apply)
2025-07-27T21:45:06.3484516Z       [32m+[0m[0m route_table_ids       = (known after apply)
2025-07-27T21:45:06.3484883Z       [32m+[0m[0m security_group_ids    = (known after apply)
2025-07-27T21:45:06.3485286Z       [32m+[0m[0m service_name          = "com.amazonaws.us-east-1.ec2"
2025-07-27T21:45:06.3485680Z       [32m+[0m[0m service_region        = (known after apply)
2025-07-27T21:45:06.3486035Z       [32m+[0m[0m state                 = (known after apply)
2025-07-27T21:45:06.3486386Z       [32m+[0m[0m subnet_ids            = (known after apply)
2025-07-27T21:45:06.3486738Z       [32m+[0m[0m tags                  = (known after apply)
2025-07-27T21:45:06.3487090Z       [32m+[0m[0m tags_all              = (known after apply)
2025-07-27T21:45:06.3487437Z       [32m+[0m[0m vpc_endpoint_type     = "Interface"
2025-07-27T21:45:06.3487910Z       [32m+[0m[0m vpc_id                = (known after apply)
2025-07-27T21:45:06.3488176Z     }
2025-07-27T21:45:06.3488270Z 
2025-07-27T21:45:06.3488457Z [1m  # module.vpc.aws_vpc_endpoint.s3[0m will be created
2025-07-27T21:45:06.3488825Z [0m  [32m+[0m[0m resource "aws_vpc_endpoint" "s3" {
2025-07-27T21:45:06.3489174Z       [32m+[0m[0m arn                   = (known after apply)
2025-07-27T21:45:06.3489528Z       [32m+[0m[0m cidr_blocks           = (known after apply)
2025-07-27T21:45:06.3489884Z       [32m+[0m[0m dns_entry             = (known after apply)
2025-07-27T21:45:06.3490234Z       [32m+[0m[0m id                    = (known after apply)
2025-07-27T21:45:06.3490588Z       [32m+[0m[0m ip_address_type       = (known after apply)
2025-07-27T21:45:06.3490958Z       [32m+[0m[0m network_interface_ids = (known after apply)
2025-07-27T21:45:06.3491319Z       [32m+[0m[0m owner_id              = (known after apply)
2025-07-27T21:45:06.3491805Z       [32m+[0m[0m policy                = (known after apply)
2025-07-27T21:45:06.3492272Z       [32m+[0m[0m prefix_list_id        = (known after apply)
2025-07-27T21:45:06.3492640Z       [32m+[0m[0m private_dns_enabled   = (known after apply)
2025-07-27T21:45:06.3493005Z       [32m+[0m[0m requester_managed     = (known after apply)
2025-07-27T21:45:06.3493371Z       [32m+[0m[0m route_table_ids       = (known after apply)
2025-07-27T21:45:06.3493734Z       [32m+[0m[0m security_group_ids    = (known after apply)
2025-07-27T21:45:06.3494168Z       [32m+[0m[0m service_name          = "com.amazonaws.us-east-1.s3"
2025-07-27T21:45:06.3494568Z       [32m+[0m[0m service_region        = (known after apply)
2025-07-27T21:45:06.3494927Z       [32m+[0m[0m state                 = (known after apply)
2025-07-27T21:45:06.3495280Z       [32m+[0m[0m subnet_ids            = (known after apply)
2025-07-27T21:45:06.3495634Z       [32m+[0m[0m tags                  = (known after apply)
2025-07-27T21:45:06.3495996Z       [32m+[0m[0m tags_all              = (known after apply)
2025-07-27T21:45:06.3496342Z       [32m+[0m[0m vpc_endpoint_type     = "Gateway"
2025-07-27T21:45:06.3496688Z       [32m+[0m[0m vpc_id                = (known after apply)
2025-07-27T21:45:06.3496953Z     }
2025-07-27T21:45:06.3497049Z 
2025-07-27T21:45:06.3497209Z [1mPlan:[0m 58 to add, 0 to change, 0 to destroy.
2025-07-27T21:45:06.3497488Z [0m
2025-07-27T21:45:06.3497662Z Changes to Outputs:
2025-07-27T21:45:06.3497996Z   [32m+[0m[0m application_access_instructions           = <<-EOT
2025-07-27T21:45:06.3498320Z         To access the Tasky application:
2025-07-27T21:45:06.3498566Z             
2025-07-27T21:45:06.3498754Z         1. Configure kubectl:
2025-07-27T21:45:06.3499118Z            aws eks update-kubeconfig --region us-east-1 --name tasky-dev-v15-eks-cluster
2025-07-27T21:45:06.3499489Z             
2025-07-27T21:45:06.3499682Z         2. Get the application URL:
2025-07-27T21:45:06.3499967Z            kubectl get ingress tasky-ingress -n tasky
2025-07-27T21:45:06.3500236Z                
2025-07-27T21:45:06.3500430Z         3. Or get direct URL:
2025-07-27T21:45:06.3500917Z            echo "http://$(kubectl get ingress tasky-ingress -n tasky -o jsonpath='{.status.loadBalancer.ingress[0].hostname}')"
2025-07-27T21:45:06.3501392Z                
2025-07-27T21:45:06.3501596Z         4. Custom domain (if configured):
2025-07-27T21:45:06.3501879Z            http://ideatasky.ryanmcvey.me
2025-07-27T21:45:06.3502222Z                
2025-07-27T21:45:06.3502569Z         Note: The ALB is managed by Kubernetes AWS Load Balancer Controller, not Terraform directly.
2025-07-27T21:45:06.3502957Z     EOT
2025-07-27T21:45:06.3503544Z   [32m+[0m[0m application_url_command                   = "kubectl get ingress tasky-ingress -n tasky -o jsonpath='{.status.loadBalancer.ingress[0].hostname}'"
2025-07-27T21:45:06.3504183Z   [32m+[0m[0m aws_region                                = "us-east-1"
2025-07-27T21:45:06.3504755Z   [32m+[0m[0m eks_aws_load_balancer_controller_role_arn = (known after apply)
2025-07-27T21:45:06.3505238Z   [32m+[0m[0m eks_cluster_endpoint                      = (known after apply)
2025-07-27T21:45:06.3505713Z   [32m+[0m[0m eks_cluster_name                          = "tasky-dev-v15-eks-cluster"
2025-07-27T21:45:06.3506186Z   [32m+[0m[0m eks_cluster_security_group_id             = (known after apply)
2025-07-27T21:45:06.3506649Z   [32m+[0m[0m eks_node_group_security_group_id          = (known after apply)
2025-07-27T21:45:06.3507098Z   [32m+[0m[0m jwt_secret                                = (sensitive value)
2025-07-27T21:45:06.3507734Z   [32m+[0m[0m kubectl_config_command                    = "aws eks update-kubeconfig --region us-east-1 --name tasky-dev-v15-eks-cluster"
2025-07-27T21:45:06.3508385Z   [32m+[0m[0m mongodb_cloudwatch_logs                   = "/aws/ec2/tasky-dev-v15/mongodb"
2025-07-27T21:45:06.3508885Z   [32m+[0m[0m mongodb_connection_string                 = (sensitive value)
2025-07-27T21:45:06.3509446Z   [32m+[0m[0m mongodb_database_name                     = "go-mongodb"
2025-07-27T21:45:06.3509891Z   [32m+[0m[0m mongodb_instance_id                       = (known after apply)
2025-07-27T21:45:06.3510339Z   [32m+[0m[0m mongodb_password                          = (sensitive value)
2025-07-27T21:45:06.3510785Z   [32m+[0m[0m mongodb_private_ip                        = (known after apply)
2025-07-27T21:45:06.3511244Z   [32m+[0m[0m mongodb_security_group_id                 = (known after apply)
2025-07-27T21:45:06.3511666Z   [32m+[0m[0m mongodb_troubleshooting                   = {
2025-07-27T21:45:06.3512143Z       [32m+[0m[0m ssm_connect        = (known after apply)
2025-07-27T21:45:06.3512651Z       [32m+[0m[0m status_check       = "Run '/opt/mongodb-backup/status-check.sh' on the instance via SSM"
2025-07-27T21:45:06.3513129Z       [32m+[0m[0m tail_mongodb_log   = (known after apply)
2025-07-27T21:45:06.3513492Z       [32m+[0m[0m tail_mongodb_setup = (known after apply)
2025-07-27T21:45:06.3513856Z       [32m+[0m[0m tail_user_data     = (known after apply)
2025-07-27T21:45:06.3514216Z       [32m+[0m[0m view_cloud_init    = (known after apply)
2025-07-27T21:45:06.3514770Z       [32m+[0m[0m view_logs          = "aws logs describe-log-streams --log-group-name '/aws/ec2/tasky-dev-v15/mongodb'"
2025-07-27T21:45:06.3515194Z     }
2025-07-27T21:45:06.3515499Z   [32m+[0m[0m mongodb_username                          = (sensitive value)
2025-07-27T21:45:06.3515950Z   [32m+[0m[0m s3_backup_bucket_name                     = (known after apply)
2025-07-27T21:45:06.3516396Z   [32m+[0m[0m s3_backup_public_url                      = (known after apply)
2025-07-27T21:45:06.3516846Z   [32m+[0m[0m s3_backup_public_url_latest_db            = (known after apply)
2025-07-27T21:45:06.3517266Z   [32m+[0m[0m vpc_id                                    = (known after apply)
2025-07-27T21:45:06.3517561Z [90m
2025-07-27T21:45:06.3517922Z ─────────────────────────────────────────────────────────────────────────────[0m
2025-07-27T21:45:06.3518150Z 
2025-07-27T21:45:06.3518244Z Saved the plan to: tfplan
2025-07-27T21:45:06.3518386Z 
2025-07-27T21:45:06.3518569Z To perform exactly these actions, run the following command to apply:
2025-07-27T21:45:06.3518917Z     terraform apply "tfplan"
2025-07-27T21:45:06.4510577Z ##[group]Run echo "🔍 Running pre-apply validation..."
2025-07-27T21:45:06.4511023Z [36;1mecho "🔍 Running pre-apply validation..."[0m
2025-07-27T21:45:06.4511397Z [36;1mterraform plan -detailed-exitcode -out=tfplan[0m
2025-07-27T21:45:06.4511726Z [36;1mPLAN_EXIT_CODE=$?[0m
2025-07-27T21:45:06.4512357Z [36;1mif [ $PLAN_EXIT_CODE -eq 0 ]; then[0m
2025-07-27T21:45:06.4512734Z [36;1m  echo "✅ No changes detected. Infrastructure is up to date."[0m
2025-07-27T21:45:06.4513100Z [36;1melif [ $PLAN_EXIT_CODE -eq 2 ]; then[0m
2025-07-27T21:45:06.4513446Z [36;1m  echo "📋 Changes detected. Proceeding with apply..."[0m
2025-07-27T21:45:06.4513779Z [36;1melse[0m
2025-07-27T21:45:06.4514058Z [36;1m  echo "❌ Terraform plan failed with exit code $PLAN_EXIT_CODE"[0m
2025-07-27T21:45:06.4514395Z [36;1m  exit 1[0m
2025-07-27T21:45:06.4514588Z [36;1mfi[0m
2025-07-27T21:45:06.4541219Z shell: /usr/bin/bash -e {0}
2025-07-27T21:45:06.4541464Z env:
2025-07-27T21:45:06.4541700Z   TF_VERSION: 1.7.5
2025-07-27T21:45:06.4542017Z   AWS_REGION: us-east-1
2025-07-27T21:45:06.4542240Z   PROJECT_NAME: tasky
2025-07-27T21:45:06.4542448Z   ENVIRONMENT: dev
2025-07-27T21:45:06.4542645Z   STACK_VERSION: v15
2025-07-27T21:45:06.4542866Z   AWS_DEFAULT_REGION: us-east-1
2025-07-27T21:45:06.4543251Z   AWS_ACCESS_KEY_ID: ***
2025-07-27T21:45:06.4543578Z   AWS_SECRET_ACCESS_KEY: ***
2025-07-27T21:45:06.4548605Z   AWS_SESSION_TOKEN: ***
2025-07-27T21:45:06.4548967Z   TERRAFORM_CLI_PATH: /home/runner/work/_temp/e800c029-1fbc-4bd5-96cf-f5bfd4c335ff
2025-07-27T21:45:06.4549343Z ##[endgroup]
2025-07-27T21:45:06.4594776Z 🔍 Running pre-apply validation...
2025-07-27T21:45:10.6655511Z [0m[1mmodule.mongodb_ec2.data.aws_ami.amazon_linux_2: Reading...[0m[0m
2025-07-27T21:45:10.6656887Z [0m[1mmodule.vpc.data.aws_region.current: Reading...[0m[0m
2025-07-27T21:45:10.6658018Z [0m[1mdata.aws_availability_zones.available: Reading...[0m[0m
2025-07-27T21:45:10.6694506Z [0m[1mdata.aws_caller_identity.current: Reading...[0m[0m
2025-07-27T21:45:10.6709890Z [0m[1mmodule.vpc.data.aws_region.current: Read complete after 0s [id=us-east-1][0m
2025-07-27T21:45:10.7448758Z [0m[1mdata.aws_caller_identity.current: Read complete after 0s [id=152451250193][0m
2025-07-27T21:45:11.0593184Z [0m[1mdata.aws_availability_zones.available: Read complete after 0s [id=us-east-1][0m
2025-07-27T21:45:11.3268956Z [0m[1mmodule.mongodb_ec2.data.aws_ami.amazon_linux_2: Read complete after 0s [id=ami-083e865b97bdf1c1b][0m
2025-07-27T21:45:11.5197738Z 
2025-07-27T21:45:11.5201153Z Terraform used the selected providers to generate the following execution
2025-07-27T21:45:11.5202197Z plan. Resource actions are indicated with the following symbols:
2025-07-27T21:45:11.5202999Z   [32m+[0m create[0m
2025-07-27T21:45:11.5203439Z  [36m<=[0m read (data resources)[0m
2025-07-27T21:45:11.5203736Z 
2025-07-27T21:45:11.5203927Z Terraform will perform the following actions:
2025-07-27T21:45:11.5204262Z 
2025-07-27T21:45:11.5204993Z [1m  # module.eks.data.aws_iam_policy_document.aws_load_balancer_controller_assume_role_policy[0m will be read during apply
2025-07-27T21:45:11.5205873Z   # (config refers to values not yet known)
2025-07-27T21:45:11.5206686Z [0m [36m<=[0m[0m data "aws_iam_policy_document" "aws_load_balancer_controller_assume_role_policy" {
2025-07-27T21:45:11.5207491Z       [32m+[0m[0m id            = (known after apply)
2025-07-27T21:45:11.5208063Z       [32m+[0m[0m json          = (known after apply)
2025-07-27T21:45:11.5208620Z       [32m+[0m[0m minified_json = (known after apply)
2025-07-27T21:45:11.5208948Z 
2025-07-27T21:45:11.5209141Z       [32m+[0m[0m statement {
2025-07-27T21:45:11.5209589Z           [32m+[0m[0m actions = [
2025-07-27T21:45:11.5210149Z               [32m+[0m[0m "sts:AssumeRoleWithWebIdentity",
2025-07-27T21:45:11.5210611Z             ]
2025-07-27T21:45:11.5210991Z           [32m+[0m[0m effect  = "Allow"
2025-07-27T21:45:11.5211276Z 
2025-07-27T21:45:11.5212245Z           [32m+[0m[0m condition {
2025-07-27T21:45:11.5212794Z               [32m+[0m[0m test     = "StringEquals"
2025-07-27T21:45:11.5213311Z               [32m+[0m[0m values   = [
2025-07-27T21:45:11.5214054Z                   [32m+[0m[0m "system:serviceaccount:kube-system:aws-load-balancer-controller",
2025-07-27T21:45:11.5214673Z                 ]
2025-07-27T21:45:11.5215120Z               [32m+[0m[0m variable = (known after apply)
2025-07-27T21:45:11.5215563Z             }
2025-07-27T21:45:11.5215744Z 
2025-07-27T21:45:11.5215958Z           [32m+[0m[0m principals {
2025-07-27T21:45:11.5216439Z               [32m+[0m[0m identifiers = [
2025-07-27T21:45:11.5216968Z                   [32m+[0m[0m (known after apply),
2025-07-27T21:45:11.5217385Z                 ]
2025-07-27T21:45:11.5217810Z               [32m+[0m[0m type        = "Federated"
2025-07-27T21:45:11.5218235Z             }
2025-07-27T21:45:11.5218528Z         }
2025-07-27T21:45:11.5218804Z     }
2025-07-27T21:45:11.5218969Z 
2025-07-27T21:45:11.5219364Z [1m  # module.eks.data.tls_certificate.eks[0m will be read during apply
2025-07-27T21:45:11.5219974Z   # (config refers to values not yet known)
2025-07-27T21:45:11.5220530Z [0m [36m<=[0m[0m data "tls_certificate" "eks" {
2025-07-27T21:45:11.5221119Z       [32m+[0m[0m certificates = (known after apply)
2025-07-27T21:45:11.5221674Z       [32m+[0m[0m id           = (known after apply)
2025-07-27T21:45:11.5222419Z       [32m+[0m[0m url          = (known after apply)
2025-07-27T21:45:11.5222870Z     }
2025-07-27T21:45:11.5223038Z 
2025-07-27T21:45:11.5223359Z [1m  # module.eks.aws_eks_addon.coredns[0m will be created
2025-07-27T21:45:11.5224220Z [0m  [32m+[0m[0m resource "aws_eks_addon" "coredns" {
2025-07-27T21:45:11.5224808Z       [32m+[0m[0m addon_name           = "coredns"
2025-07-27T21:45:11.5225424Z       [32m+[0m[0m addon_version        = "v1.10.1-eksbuild.5"
2025-07-27T21:45:11.5226076Z       [32m+[0m[0m arn                  = (known after apply)
2025-07-27T21:45:11.5226748Z       [32m+[0m[0m cluster_name         = "tasky-dev-v15-eks-cluster"
2025-07-27T21:45:11.5227417Z       [32m+[0m[0m configuration_values = (known after apply)
2025-07-27T21:45:11.5228043Z       [32m+[0m[0m created_at           = (known after apply)
2025-07-27T21:45:11.5228632Z       [32m+[0m[0m id                   = (known after apply)
2025-07-27T21:45:11.5229233Z       [32m+[0m[0m modified_at          = (known after apply)
2025-07-27T21:45:11.5229835Z       [32m+[0m[0m tags                 = (known after apply)
2025-07-27T21:45:11.5230435Z       [32m+[0m[0m tags_all             = (known after apply)
2025-07-27T21:45:11.5230889Z     }
2025-07-27T21:45:11.5231057Z 
2025-07-27T21:45:11.5231365Z [1m  # module.eks.aws_eks_addon.ebs_csi[0m will be created
2025-07-27T21:45:11.5232156Z [0m  [32m+[0m[0m resource "aws_eks_addon" "ebs_csi" {
2025-07-27T21:45:11.5232791Z       [32m+[0m[0m addon_name           = "aws-ebs-csi-driver"
2025-07-27T21:45:11.5233418Z       [32m+[0m[0m addon_version        = "v1.24.0-eksbuild.1"
2025-07-27T21:45:11.5234020Z       [32m+[0m[0m arn                  = (known after apply)
2025-07-27T21:45:11.5234676Z       [32m+[0m[0m cluster_name         = "tasky-dev-v15-eks-cluster"
2025-07-27T21:45:11.5235342Z       [32m+[0m[0m configuration_values = (known after apply)
2025-07-27T21:45:11.5235962Z       [32m+[0m[0m created_at           = (known after apply)
2025-07-27T21:45:11.5236551Z       [32m+[0m[0m id                   = (known after apply)
2025-07-27T21:45:11.5237134Z       [32m+[0m[0m modified_at          = (known after apply)
2025-07-27T21:45:11.5237714Z       [32m+[0m[0m tags                 = (known after apply)
2025-07-27T21:45:11.5238296Z       [32m+[0m[0m tags_all             = (known after apply)
2025-07-27T21:45:11.5238730Z     }
2025-07-27T21:45:11.5238889Z 
2025-07-27T21:45:11.5239214Z [1m  # module.eks.aws_eks_addon.kube_proxy[0m will be created
2025-07-27T21:45:11.5240062Z [0m  [32m+[0m[0m resource "aws_eks_addon" "kube_proxy" {
2025-07-27T21:45:11.5240656Z       [32m+[0m[0m addon_name           = "kube-proxy"
2025-07-27T21:45:11.5241245Z       [32m+[0m[0m addon_version        = "v1.28.2-eksbuild.2"
2025-07-27T21:45:11.5241848Z       [32m+[0m[0m arn                  = (known after apply)
2025-07-27T21:45:11.5242634Z       [32m+[0m[0m cluster_name         = "tasky-dev-v15-eks-cluster"
2025-07-27T21:45:11.5243286Z       [32m+[0m[0m configuration_values = (known after apply)
2025-07-27T21:45:11.5243889Z       [32m+[0m[0m created_at           = (known after apply)
2025-07-27T21:45:11.5244465Z       [32m+[0m[0m id                   = (known after apply)
2025-07-27T21:45:11.5245055Z       [32m+[0m[0m modified_at          = (known after apply)
2025-07-27T21:45:11.5245645Z       [32m+[0m[0m tags                 = (known after apply)
2025-07-27T21:45:11.5246223Z       [32m+[0m[0m tags_all             = (known after apply)
2025-07-27T21:45:11.5246660Z     }
2025-07-27T21:45:11.5246820Z 
2025-07-27T21:45:11.5247118Z [1m  # module.eks.aws_eks_addon.vpc_cni[0m will be created
2025-07-27T21:45:11.5247736Z [0m  [32m+[0m[0m resource "aws_eks_addon" "vpc_cni" {
2025-07-27T21:45:11.5248295Z       [32m+[0m[0m addon_name           = "vpc-cni"
2025-07-27T21:45:11.5248877Z       [32m+[0m[0m addon_version        = "v1.15.1-eksbuild.1"
2025-07-27T21:45:11.5249478Z       [32m+[0m[0m arn                  = (known after apply)
2025-07-27T21:45:11.5250123Z       [32m+[0m[0m cluster_name         = "tasky-dev-v15-eks-cluster"
2025-07-27T21:45:11.5250773Z       [32m+[0m[0m configuration_values = (known after apply)
2025-07-27T21:45:11.5251537Z       [32m+[0m[0m created_at           = (known after apply)
2025-07-27T21:45:11.5325957Z       [32m+[0m[0m id                   = (known after apply)
2025-07-27T21:45:11.5326607Z       [32m+[0m[0m modified_at          = (known after apply)
2025-07-27T21:45:11.5327204Z       [32m+[0m[0m tags                 = (known after apply)
2025-07-27T21:45:11.5327826Z       [32m+[0m[0m tags_all             = (known after apply)
2025-07-27T21:45:11.5328279Z     }
2025-07-27T21:45:11.5328443Z 
2025-07-27T21:45:11.5328750Z [1m  # module.eks.aws_eks_cluster.main[0m will be created
2025-07-27T21:45:11.5329364Z [0m  [32m+[0m[0m resource "aws_eks_cluster" "main" {
2025-07-27T21:45:11.5329977Z       [32m+[0m[0m arn                           = (known after apply)
2025-07-27T21:45:11.5330607Z       [32m+[0m[0m bootstrap_self_managed_addons = true
2025-07-27T21:45:11.5331285Z       [32m+[0m[0m certificate_authority         = (known after apply)
2025-07-27T21:45:11.5332181Z       [32m+[0m[0m cluster_id                    = (known after apply)
2025-07-27T21:45:11.5332888Z       [32m+[0m[0m created_at                    = (known after apply)
2025-07-27T21:45:11.5333517Z       [32m+[0m[0m enabled_cluster_log_types     = [
2025-07-27T21:45:11.5334038Z           [32m+[0m[0m "api",
2025-07-27T21:45:11.5334491Z           [32m+[0m[0m "audit",
2025-07-27T21:45:11.5334966Z           [32m+[0m[0m "authenticator",
2025-07-27T21:45:11.5335483Z           [32m+[0m[0m "controllerManager",
2025-07-27T21:45:11.5335978Z           [32m+[0m[0m "scheduler",
2025-07-27T21:45:11.5336348Z         ]
2025-07-27T21:45:11.5336813Z       [32m+[0m[0m endpoint                      = (known after apply)
2025-07-27T21:45:11.5337447Z       [32m+[0m[0m id                            = (known after apply)
2025-07-27T21:45:11.5338074Z       [32m+[0m[0m identity                      = (known after apply)
2025-07-27T21:45:11.5338764Z       [32m+[0m[0m name                          = "tasky-dev-v15-eks-cluster"
2025-07-27T21:45:11.5339464Z       [32m+[0m[0m platform_version              = (known after apply)
2025-07-27T21:45:11.5340147Z       [32m+[0m[0m role_arn                      = (known after apply)
2025-07-27T21:45:11.5340788Z       [32m+[0m[0m status                        = (known after apply)
2025-07-27T21:45:11.5341662Z       [32m+[0m[0m tags                          = (known after apply)
2025-07-27T21:45:11.5342477Z       [32m+[0m[0m tags_all                      = (known after apply)
2025-07-27T21:45:11.5343066Z       [32m+[0m[0m version                       = "1.28"
2025-07-27T21:45:11.5343385Z 
2025-07-27T21:45:11.5343572Z       [32m+[0m[0m vpc_config {
2025-07-27T21:45:11.5344130Z           [32m+[0m[0m cluster_security_group_id = (known after apply)
2025-07-27T21:45:11.5344763Z           [32m+[0m[0m endpoint_private_access   = true
2025-07-27T21:45:11.5345353Z           [32m+[0m[0m endpoint_public_access    = true
2025-07-27T21:45:11.5345996Z           [32m+[0m[0m public_access_cidrs       = (known after apply)
2025-07-27T21:45:11.5346689Z           [32m+[0m[0m security_group_ids        = (known after apply)
2025-07-27T21:45:11.5347354Z           [32m+[0m[0m subnet_ids                = (known after apply)
2025-07-27T21:45:11.5348022Z           [32m+[0m[0m vpc_id                    = (known after apply)
2025-07-27T21:45:11.5348479Z         }
2025-07-27T21:45:11.5348755Z     }
2025-07-27T21:45:11.5348918Z 
2025-07-27T21:45:11.5349249Z [1m  # module.eks.aws_eks_node_group.main[0m will be created
2025-07-27T21:45:11.5349899Z [0m  [32m+[0m[0m resource "aws_eks_node_group" "main" {
2025-07-27T21:45:11.5350537Z       [32m+[0m[0m ami_type               = (known after apply)
2025-07-27T21:45:11.5351163Z       [32m+[0m[0m arn                    = (known after apply)
2025-07-27T21:45:11.5351753Z       [32m+[0m[0m capacity_type          = "ON_DEMAND"
2025-07-27T21:45:11.5387472Z       [32m+[0m[0m cluster_name           = "tasky-dev-v15-eks-cluster"
2025-07-27T21:45:11.5388449Z       [32m+[0m[0m disk_size              = (known after apply)
2025-07-27T21:45:11.5389087Z       [32m+[0m[0m id                     = (known after apply)
2025-07-27T21:45:11.5389662Z       [32m+[0m[0m instance_types         = [
2025-07-27T21:45:11.5390175Z           [32m+[0m[0m "t3.medium",
2025-07-27T21:45:11.5390573Z         ]
2025-07-27T21:45:11.5391079Z       [32m+[0m[0m node_group_name        = "tasky-dev-v15-eks-nodes"
2025-07-27T21:45:11.5391770Z       [32m+[0m[0m node_group_name_prefix = (known after apply)
2025-07-27T21:45:11.5392589Z       [32m+[0m[0m node_role_arn          = (known after apply)
2025-07-27T21:45:11.5393230Z       [32m+[0m[0m release_version        = (known after apply)
2025-07-27T21:45:11.5393847Z       [32m+[0m[0m resources              = (known after apply)
2025-07-27T21:45:11.5394453Z       [32m+[0m[0m status                 = (known after apply)
2025-07-27T21:45:11.5395065Z       [32m+[0m[0m subnet_ids             = (known after apply)
2025-07-27T21:45:11.5395671Z       [32m+[0m[0m tags                   = (known after apply)
2025-07-27T21:45:11.5396281Z       [32m+[0m[0m tags_all               = (known after apply)
2025-07-27T21:45:11.5396882Z       [32m+[0m[0m version                = (known after apply)
2025-07-27T21:45:11.5397214Z 
2025-07-27T21:45:11.5397419Z       [32m+[0m[0m scaling_config {
2025-07-27T21:45:11.5397884Z           [32m+[0m[0m desired_size = 2
2025-07-27T21:45:11.5398355Z           [32m+[0m[0m max_size     = 3
2025-07-27T21:45:11.5398812Z           [32m+[0m[0m min_size     = 1
2025-07-27T21:45:11.5399186Z         }
2025-07-27T21:45:11.5399347Z 
2025-07-27T21:45:11.5399546Z       [32m+[0m[0m update_config {
2025-07-27T21:45:11.5400017Z           [32m+[0m[0m max_unavailable = 1
2025-07-27T21:45:11.5400410Z         }
2025-07-27T21:45:11.5400677Z     }
2025-07-27T21:45:11.5400822Z 
2025-07-27T21:45:11.5401201Z [1m  # module.eks.aws_iam_openid_connect_provider.eks[0m will be created
2025-07-27T21:45:11.5402107Z [0m  [32m+[0m[0m resource "aws_iam_openid_connect_provider" "eks" {
2025-07-27T21:45:11.5402767Z       [32m+[0m[0m arn             = (known after apply)
2025-07-27T21:45:11.5403285Z       [32m+[0m[0m client_id_list  = [
2025-07-27T21:45:11.5403779Z           [32m+[0m[0m "sts.amazonaws.com",
2025-07-27T21:45:11.5404353Z         ]
2025-07-27T21:45:11.5404770Z       [32m+[0m[0m id              = (known after apply)
2025-07-27T21:45:11.5405333Z       [32m+[0m[0m tags            = (known after apply)
2025-07-27T21:45:11.5405890Z       [32m+[0m[0m tags_all        = (known after apply)
2025-07-27T21:45:11.5406455Z       [32m+[0m[0m thumbprint_list = (known after apply)
2025-07-27T21:45:11.5407020Z       [32m+[0m[0m url             = (known after apply)
2025-07-27T21:45:11.5407442Z     }
2025-07-27T21:45:11.5407593Z 
2025-07-27T21:45:11.5408023Z [1m  # module.eks.aws_iam_policy.aws_load_balancer_controller[0m will be created
2025-07-27T21:45:11.5408865Z [0m  [32m+[0m[0m resource "aws_iam_policy" "aws_load_balancer_controller" {
2025-07-27T21:45:11.5409548Z       [32m+[0m[0m arn              = (known after apply)
2025-07-27T21:45:11.5410127Z       [32m+[0m[0m attachment_count = (known after apply)
2025-07-27T21:45:11.5410698Z       [32m+[0m[0m id               = (known after apply)
2025-07-27T21:45:11.5411403Z       [32m+[0m[0m name             = "tasky-dev-v15-AWSLoadBalancerControllerPolicy"
2025-07-27T21:45:11.5442319Z       [32m+[0m[0m name_prefix      = (known after apply)
2025-07-27T21:45:11.5442879Z       [32m+[0m[0m path             = "/"
2025-07-27T21:45:11.5443392Z       [32m+[0m[0m policy           = jsonencode(
2025-07-27T21:45:11.5443802Z             {
2025-07-27T21:45:11.5444176Z               [32m+[0m[0m Statement = [
2025-07-27T21:45:11.5444634Z                   [32m+[0m[0m {
2025-07-27T21:45:11.5445095Z                       [32m+[0m[0m Action   = [
2025-07-27T21:45:11.5445654Z                           [32m+[0m[0m "iam:CreateServiceLinkedRole",
2025-07-27T21:45:11.5446506Z                           [32m+[0m[0m "ec2:DescribeAccountAttributes",
2025-07-27T21:45:11.5447103Z                           [32m+[0m[0m "ec2:DescribeAddresses",
2025-07-27T21:45:11.5447691Z                           [32m+[0m[0m "ec2:DescribeAvailabilityZones",
2025-07-27T21:45:11.5448316Z                           [32m+[0m[0m "ec2:DescribeInternetGateways",
2025-07-27T21:45:11.5448893Z                           [32m+[0m[0m "ec2:DescribeVpcs",
2025-07-27T21:45:11.5449445Z                           [32m+[0m[0m "ec2:DescribeSubnets",
2025-07-27T21:45:11.5450023Z                           [32m+[0m[0m "ec2:DescribeSecurityGroups",
2025-07-27T21:45:11.5450605Z                           [32m+[0m[0m "ec2:DescribeInstances",
2025-07-27T21:45:11.5451198Z                           [32m+[0m[0m "ec2:DescribeNetworkInterfaces",
2025-07-27T21:45:11.5451797Z                           [32m+[0m[0m "ec2:DescribeTags",
2025-07-27T21:45:11.5452516Z                           [32m+[0m[0m "ec2:GetCoipPoolUsage",
2025-07-27T21:45:11.5453082Z                           [32m+[0m[0m "ec2:DescribeCoipPools",
2025-07-27T21:45:11.5453740Z                           [32m+[0m[0m "elasticloadbalancing:DescribeLoadBalancers",
2025-07-27T21:45:11.5454562Z                           [32m+[0m[0m "elasticloadbalancing:DescribeLoadBalancerAttributes",
2025-07-27T21:45:11.5455325Z                           [32m+[0m[0m "elasticloadbalancing:DescribeListeners",
2025-07-27T21:45:11.5456057Z                           [32m+[0m[0m "elasticloadbalancing:DescribeListenerAttributes",
2025-07-27T21:45:11.5456849Z                           [32m+[0m[0m "elasticloadbalancing:DescribeListenerCertificates",
2025-07-27T21:45:11.5457603Z                           [32m+[0m[0m "elasticloadbalancing:DescribeSSLPolicies",
2025-07-27T21:45:11.5458294Z                           [32m+[0m[0m "elasticloadbalancing:DescribeRules",
2025-07-27T21:45:11.5458992Z                           [32m+[0m[0m "elasticloadbalancing:DescribeTargetGroups",
2025-07-27T21:45:11.5459772Z                           [32m+[0m[0m "elasticloadbalancing:DescribeTargetGroupAttributes",
2025-07-27T21:45:11.5460525Z                           [32m+[0m[0m "elasticloadbalancing:DescribeTargetHealth",
2025-07-27T21:45:11.5461425Z                           [32m+[0m[0m "elasticloadbalancing:DescribeTags",
2025-07-27T21:45:11.5462053Z                         ]
2025-07-27T21:45:11.5462519Z                       [32m+[0m[0m Effect   = "Allow"
2025-07-27T21:45:11.5463041Z                       [32m+[0m[0m Resource = "*"
2025-07-27T21:45:11.5463460Z                     },
2025-07-27T21:45:11.5463845Z                   [32m+[0m[0m {
2025-07-27T21:45:11.5464302Z                       [32m+[0m[0m Action   = [
2025-07-27T21:45:11.5464895Z                           [32m+[0m[0m "cognito-idp:DescribeUserPoolClient",
2025-07-27T21:45:11.5465509Z                           [32m+[0m[0m "acm:ListCertificates",
2025-07-27T21:45:11.5466088Z                           [32m+[0m[0m "acm:DescribeCertificate",
2025-07-27T21:45:11.5466690Z                           [32m+[0m[0m "iam:ListServerCertificates",
2025-07-27T21:45:11.5467295Z                           [32m+[0m[0m "iam:GetServerCertificate",
2025-07-27T21:45:11.5467884Z                           [32m+[0m[0m "waf-regional:GetWebACL",
2025-07-27T21:45:11.5468500Z                           [32m+[0m[0m "waf-regional:GetWebACLForResource",
2025-07-27T21:45:11.5469140Z                           [32m+[0m[0m "waf-regional:AssociateWebACL",
2025-07-27T21:45:11.5469761Z                           [32m+[0m[0m "waf-regional:DisassociateWebACL",
2025-07-27T21:45:11.5470356Z                           [32m+[0m[0m "wafv2:GetWebACL",
2025-07-27T21:45:11.5470950Z                           [32m+[0m[0m "wafv2:GetWebACLForResource",
2025-07-27T21:45:11.5471536Z                           [32m+[0m[0m "wafv2:AssociateWebACL",
2025-07-27T21:45:11.5485847Z                           [32m+[0m[0m "wafv2:DisassociateWebACL",
2025-07-27T21:45:11.5486534Z                           [32m+[0m[0m "shield:DescribeProtection",
2025-07-27T21:45:11.5487145Z                           [32m+[0m[0m "shield:DescribeSubscription",
2025-07-27T21:45:11.5487748Z                           [32m+[0m[0m "shield:CreateProtection",
2025-07-27T21:45:11.5488320Z                           [32m+[0m[0m "shield:DeleteProtection",
2025-07-27T21:45:11.5488752Z                         ]
2025-07-27T21:45:11.5489202Z                       [32m+[0m[0m Effect   = "Allow"
2025-07-27T21:45:11.5489715Z                       [32m+[0m[0m Resource = "*"
2025-07-27T21:45:11.5490112Z                     },
2025-07-27T21:45:11.5490489Z                   [32m+[0m[0m {
2025-07-27T21:45:11.5490956Z                       [32m+[0m[0m Action   = [
2025-07-27T21:45:11.5491544Z                           [32m+[0m[0m "ec2:AuthorizeSecurityGroupIngress",
2025-07-27T21:45:11.5492379Z                           [32m+[0m[0m "ec2:RevokeSecurityGroupIngress",
2025-07-27T21:45:11.5492833Z                         ]
2025-07-27T21:45:11.5493278Z                       [32m+[0m[0m Effect   = "Allow"
2025-07-27T21:45:11.5493778Z                       [32m+[0m[0m Resource = "*"
2025-07-27T21:45:11.5494166Z                     },
2025-07-27T21:45:11.5494532Z                   [32m+[0m[0m {
2025-07-27T21:45:11.5494980Z                       [32m+[0m[0m Action   = [
2025-07-27T21:45:11.5495532Z                           [32m+[0m[0m "ec2:CreateSecurityGroup",
2025-07-27T21:45:11.5495917Z                         ]
2025-07-27T21:45:11.5496299Z                       [32m+[0m[0m Effect   = "Allow"
2025-07-27T21:45:11.5496764Z                       [32m+[0m[0m Resource = "*"
2025-07-27T21:45:11.5497113Z                     },
2025-07-27T21:45:11.5497437Z                   [32m+[0m[0m {
2025-07-27T21:45:11.5497838Z                       [32m+[0m[0m Action    = [
2025-07-27T21:45:11.5498309Z                           [32m+[0m[0m "ec2:CreateTags",
2025-07-27T21:45:11.5498674Z                         ]
2025-07-27T21:45:11.5499050Z                       [32m+[0m[0m Condition = {
2025-07-27T21:45:11.5499504Z                           [32m+[0m[0m Null         = {
2025-07-27T21:45:11.5500225Z                               [32m+[0m[0m "aws:RequestedRegion" = "false"
2025-07-27T21:45:11.5500640Z                             }
2025-07-27T21:45:11.5501045Z                           [32m+[0m[0m StringEquals = {
2025-07-27T21:45:11.5501597Z                               [32m+[0m[0m "ec2:CreateAction" = "CreateSecurityGroup"
2025-07-27T21:45:11.5502217Z                             }
2025-07-27T21:45:11.5502557Z                         }
2025-07-27T21:45:11.5502982Z                       [32m+[0m[0m Effect    = "Allow"
2025-07-27T21:45:11.5503587Z                       [32m+[0m[0m Resource  = "arn:aws:ec2:*:*:security-group/*"
2025-07-27T21:45:11.5504079Z                     },
2025-07-27T21:45:11.5504458Z                   [32m+[0m[0m {
2025-07-27T21:45:11.5504920Z                       [32m+[0m[0m Action    = [
2025-07-27T21:45:11.5505530Z                           [32m+[0m[0m "elasticloadbalancing:CreateLoadBalancer",
2025-07-27T21:45:11.5506218Z                           [32m+[0m[0m "elasticloadbalancing:CreateTargetGroup",
2025-07-27T21:45:11.5506676Z                         ]
2025-07-27T21:45:11.5507093Z                       [32m+[0m[0m Condition = {
2025-07-27T21:45:11.5507578Z                           [32m+[0m[0m Null = {
2025-07-27T21:45:11.5508127Z                               [32m+[0m[0m "aws:RequestedRegion" = "false"
2025-07-27T21:45:11.5508569Z                             }
2025-07-27T21:45:11.5508896Z                         }
2025-07-27T21:45:11.5509318Z                       [32m+[0m[0m Effect    = "Allow"
2025-07-27T21:45:11.5509814Z                       [32m+[0m[0m Resource  = "*"
2025-07-27T21:45:11.5510397Z                     },
2025-07-27T21:45:11.5510799Z                   [32m+[0m[0m {
2025-07-27T21:45:11.5511274Z                       [32m+[0m[0m Action   = [
2025-07-27T21:45:11.5512037Z                           [32m+[0m[0m "elasticloadbalancing:CreateListener",
2025-07-27T21:45:11.5512728Z                           [32m+[0m[0m "elasticloadbalancing:DeleteListener",
2025-07-27T21:45:11.5513383Z                           [32m+[0m[0m "elasticloadbalancing:CreateRule",
2025-07-27T21:45:11.5514029Z                           [32m+[0m[0m "elasticloadbalancing:DeleteRule",
2025-07-27T21:45:11.5514478Z                         ]
2025-07-27T21:45:11.5514927Z                       [32m+[0m[0m Effect   = "Allow"
2025-07-27T21:45:11.5515444Z                       [32m+[0m[0m Resource = "*"
2025-07-27T21:45:11.5515862Z                     },
2025-07-27T21:45:11.5516243Z                   [32m+[0m[0m {
2025-07-27T21:45:11.5516721Z                       [32m+[0m[0m Action    = [
2025-07-27T21:45:11.5517319Z                           [32m+[0m[0m "elasticloadbalancing:AddTags",
2025-07-27T21:45:11.5517946Z                           [32m+[0m[0m "elasticloadbalancing:RemoveTags",
2025-07-27T21:45:11.5518412Z                         ]
2025-07-27T21:45:11.5518857Z                       [32m+[0m[0m Condition = {
2025-07-27T21:45:11.5519235Z                           [32m+[0m[0m Null = {
2025-07-27T21:45:11.5519621Z                               [32m+[0m[0m "aws:RequestedRegion"                   = "false"
2025-07-27T21:45:11.5520057Z                               [32m+[0m[0m "aws:ResourceTag/elbv2.k8s.aws/cluster" = "false"
2025-07-27T21:45:11.5520359Z                             }
2025-07-27T21:45:11.5520571Z                         }
2025-07-27T21:45:11.5520840Z                       [32m+[0m[0m Effect    = "Allow"
2025-07-27T21:45:11.5521147Z                       [32m+[0m[0m Resource  = [
2025-07-27T21:45:11.5521555Z                           [32m+[0m[0m "arn:aws:elasticloadbalancing:*:*:targetgroup/*/*",
2025-07-27T21:45:11.5522179Z                           [32m+[0m[0m "arn:aws:elasticloadbalancing:*:*:loadbalancer/net/*/*",
2025-07-27T21:45:11.5522668Z                           [32m+[0m[0m "arn:aws:elasticloadbalancing:*:*:loadbalancer/app/*/*",
2025-07-27T21:45:11.5522984Z                         ]
2025-07-27T21:45:11.5523330Z                     },
2025-07-27T21:45:11.5523576Z                   [32m+[0m[0m {
2025-07-27T21:45:11.5523858Z                       [32m+[0m[0m Action   = [
2025-07-27T21:45:11.5524205Z                           [32m+[0m[0m "elasticloadbalancing:AddTags",
2025-07-27T21:45:11.5524587Z                           [32m+[0m[0m "elasticloadbalancing:RemoveTags",
2025-07-27T21:45:11.5524866Z                         ]
2025-07-27T21:45:11.5525132Z                       [32m+[0m[0m Effect   = "Allow"
2025-07-27T21:45:11.5525430Z                       [32m+[0m[0m Resource = [
2025-07-27T21:45:11.5525818Z                           [32m+[0m[0m "arn:aws:elasticloadbalancing:*:*:listener/net/*/*/*",
2025-07-27T21:45:11.5526280Z                           [32m+[0m[0m "arn:aws:elasticloadbalancing:*:*:listener/app/*/*/*",
2025-07-27T21:45:11.5526744Z                           [32m+[0m[0m "arn:aws:elasticloadbalancing:*:*:listener-rule/net/*/*/*",
2025-07-27T21:45:11.5527231Z                           [32m+[0m[0m "arn:aws:elasticloadbalancing:*:*:listener-rule/app/*/*/*",
2025-07-27T21:45:11.5527556Z                         ]
2025-07-27T21:45:11.5527753Z                     },
2025-07-27T21:45:11.5527986Z                   [32m+[0m[0m {
2025-07-27T21:45:11.5528269Z                       [32m+[0m[0m Action    = [
2025-07-27T21:45:11.5528669Z                           [32m+[0m[0m "elasticloadbalancing:ModifyLoadBalancerAttributes",
2025-07-27T21:45:11.5529114Z                           [32m+[0m[0m "elasticloadbalancing:SetIpAddressType",
2025-07-27T21:45:11.5529545Z                           [32m+[0m[0m "elasticloadbalancing:SetSecurityGroups",
2025-07-27T21:45:11.5530063Z                           [32m+[0m[0m "elasticloadbalancing:SetSubnets",
2025-07-27T21:45:11.5530463Z                           [32m+[0m[0m "elasticloadbalancing:DeleteLoadBalancer",
2025-07-27T21:45:11.5530868Z                           [32m+[0m[0m "elasticloadbalancing:ModifyTargetGroup",
2025-07-27T21:45:11.5531307Z                           [32m+[0m[0m "elasticloadbalancing:ModifyTargetGroupAttributes",
2025-07-27T21:45:11.5531737Z                           [32m+[0m[0m "elasticloadbalancing:DeleteTargetGroup",
2025-07-27T21:45:11.5532132Z                         ]
2025-07-27T21:45:11.5532402Z                       [32m+[0m[0m Condition = {
2025-07-27T21:45:11.5532704Z                           [32m+[0m[0m Null = {
2025-07-27T21:45:11.5533077Z                               [32m+[0m[0m "aws:ResourceTag/elbv2.k8s.aws/cluster" = "false"
2025-07-27T21:45:11.5533383Z                             }
2025-07-27T21:45:11.5533594Z                         }
2025-07-27T21:45:11.5533865Z                       [32m+[0m[0m Effect    = "Allow"
2025-07-27T21:45:11.5534178Z                       [32m+[0m[0m Resource  = "*"
2025-07-27T21:45:11.5534421Z                     },
2025-07-27T21:45:11.5534647Z                   [32m+[0m[0m {
2025-07-27T21:45:11.5534925Z                       [32m+[0m[0m Action   = [
2025-07-27T21:45:11.5535280Z                           [32m+[0m[0m "elasticloadbalancing:RegisterTargets",
2025-07-27T21:45:11.5535676Z                           [32m+[0m[0m "elasticloadbalancing:DeregisterTargets",
2025-07-27T21:45:11.5535967Z                         ]
2025-07-27T21:45:11.5536231Z                       [32m+[0m[0m Effect   = "Allow"
2025-07-27T21:45:11.5536649Z                       [32m+[0m[0m Resource = "arn:aws:elasticloadbalancing:*:*:targetgroup/*/*"
2025-07-27T21:45:11.5536985Z                     },
2025-07-27T21:45:11.5537210Z                   [32m+[0m[0m {
2025-07-27T21:45:11.5537483Z                       [32m+[0m[0m Action   = [
2025-07-27T21:45:11.5537833Z                           [32m+[0m[0m "elasticloadbalancing:SetWebAcl",
2025-07-27T21:45:11.5538225Z                           [32m+[0m[0m "elasticloadbalancing:ModifyListener",
2025-07-27T21:45:11.5538809Z                           [32m+[0m[0m "elasticloadbalancing:AddListenerCertificates",
2025-07-27T21:45:11.5539282Z                           [32m+[0m[0m "elasticloadbalancing:RemoveListenerCertificates",
2025-07-27T21:45:11.5539698Z                           [32m+[0m[0m "elasticloadbalancing:ModifyRule",
2025-07-27T21:45:11.5539971Z                         ]
2025-07-27T21:45:11.5540230Z                       [32m+[0m[0m Effect   = "Allow"
2025-07-27T21:45:11.5540527Z                       [32m+[0m[0m Resource = "*"
2025-07-27T21:45:11.5540768Z                     },
2025-07-27T21:45:11.5540956Z                 ]
2025-07-27T21:45:11.5541206Z               [32m+[0m[0m Version   = "2012-10-17"
2025-07-27T21:45:11.5541452Z             }
2025-07-27T21:45:11.5541623Z         )
2025-07-27T21:45:11.5541984Z       [32m+[0m[0m policy_id        = (known after apply)
2025-07-27T21:45:11.5542353Z       [32m+[0m[0m tags             = (known after apply)
2025-07-27T21:45:11.5542696Z       [32m+[0m[0m tags_all         = (known after apply)
2025-07-27T21:45:11.5542948Z     }
2025-07-27T21:45:11.5543247Z 
2025-07-27T21:45:11.5543500Z [1m  # module.eks.aws_iam_role.aws_load_balancer_controller[0m will be created
2025-07-27T21:45:11.5543982Z [0m  [32m+[0m[0m resource "aws_iam_role" "aws_load_balancer_controller" {
2025-07-27T21:45:11.5544397Z       [32m+[0m[0m arn                   = (known after apply)
2025-07-27T21:45:11.5544771Z       [32m+[0m[0m assume_role_policy    = (known after apply)
2025-07-27T21:45:11.5545137Z       [32m+[0m[0m create_date           = (known after apply)
2025-07-27T21:45:11.5545473Z       [32m+[0m[0m force_detach_policies = false
2025-07-27T21:45:11.5545809Z       [32m+[0m[0m id                    = (known after apply)
2025-07-27T21:45:11.5546306Z       [32m+[0m[0m managed_policy_arns   = (known after apply)
2025-07-27T21:45:11.5546642Z       [32m+[0m[0m max_session_duration  = 3600
2025-07-27T21:45:11.5547047Z       [32m+[0m[0m name                  = "tasky-dev-v15-aws-load-balancer-controller"
2025-07-27T21:45:11.5547463Z       [32m+[0m[0m name_prefix           = (known after apply)
2025-07-27T21:45:11.5547800Z       [32m+[0m[0m path                  = "/"
2025-07-27T21:45:11.5548128Z       [32m+[0m[0m tags                  = (known after apply)
2025-07-27T21:45:11.5548474Z       [32m+[0m[0m tags_all              = (known after apply)
2025-07-27T21:45:11.5548820Z       [32m+[0m[0m unique_id             = (known after apply)
2025-07-27T21:45:11.5549076Z     }
2025-07-27T21:45:11.5549172Z 
2025-07-27T21:45:11.5549358Z [1m  # module.eks.aws_iam_role.eks_cluster[0m will be created
2025-07-27T21:45:11.5549747Z [0m  [32m+[0m[0m resource "aws_iam_role" "eks_cluster" {
2025-07-27T21:45:11.5550115Z       [32m+[0m[0m arn                   = (known after apply)
2025-07-27T21:45:11.5550461Z       [32m+[0m[0m assume_role_policy    = jsonencode(
2025-07-27T21:45:11.5550729Z             {
2025-07-27T21:45:11.5550963Z               [32m+[0m[0m Statement = [
2025-07-27T21:45:11.5551252Z                   [32m+[0m[0m {
2025-07-27T21:45:11.5551553Z                       [32m+[0m[0m Action    = "sts:AssumeRole"
2025-07-27T21:45:11.5551986Z                       [32m+[0m[0m Effect    = "Allow"
2025-07-27T21:45:11.5552312Z                       [32m+[0m[0m Principal = {
2025-07-27T21:45:11.5552665Z                           [32m+[0m[0m Service = "eks.amazonaws.com"
2025-07-27T21:45:11.5552943Z                         }
2025-07-27T21:45:11.5553140Z                     },
2025-07-27T21:45:11.5553331Z                 ]
2025-07-27T21:45:11.5553579Z               [32m+[0m[0m Version   = "2012-10-17"
2025-07-27T21:45:11.5553822Z             }
2025-07-27T21:45:11.5553996Z         )
2025-07-27T21:45:11.5554259Z       [32m+[0m[0m create_date           = (known after apply)
2025-07-27T21:45:11.5554599Z       [32m+[0m[0m force_detach_policies = false
2025-07-27T21:45:11.5554937Z       [32m+[0m[0m id                    = (known after apply)
2025-07-27T21:45:11.5555414Z       [32m+[0m[0m managed_policy_arns   = (known after apply)
2025-07-27T21:45:11.5555757Z       [32m+[0m[0m max_session_duration  = 3600
2025-07-27T21:45:11.5556130Z       [32m+[0m[0m name                  = "tasky-dev-v15-eks-cluster-role"
2025-07-27T21:45:11.5556520Z       [32m+[0m[0m name_prefix           = (known after apply)
2025-07-27T21:45:11.5556848Z       [32m+[0m[0m path                  = "/"
2025-07-27T21:45:11.5557175Z       [32m+[0m[0m tags                  = (known after apply)
2025-07-27T21:45:11.5557521Z       [32m+[0m[0m tags_all              = (known after apply)
2025-07-27T21:45:11.5557873Z       [32m+[0m[0m unique_id             = (known after apply)
2025-07-27T21:45:11.5558138Z     }
2025-07-27T21:45:11.5558233Z 
2025-07-27T21:45:11.5558431Z [1m  # module.eks.aws_iam_role.eks_node_group[0m will be created
2025-07-27T21:45:11.5558828Z [0m  [32m+[0m[0m resource "aws_iam_role" "eks_node_group" {
2025-07-27T21:45:11.5559188Z       [32m+[0m[0m arn                   = (known after apply)
2025-07-27T21:45:11.5559542Z       [32m+[0m[0m assume_role_policy    = jsonencode(
2025-07-27T21:45:11.5559798Z             {
2025-07-27T21:45:11.5560025Z               [32m+[0m[0m Statement = [
2025-07-27T21:45:11.5560303Z                   [32m+[0m[0m {
2025-07-27T21:45:11.5560602Z                       [32m+[0m[0m Action    = "sts:AssumeRole"
2025-07-27T21:45:11.5560936Z                       [32m+[0m[0m Effect    = "Allow"
2025-07-27T21:45:11.5561252Z                       [32m+[0m[0m Principal = {
2025-07-27T21:45:11.5561601Z                           [32m+[0m[0m Service = "ec2.amazonaws.com"
2025-07-27T21:45:11.5561867Z                         }
2025-07-27T21:45:11.5562314Z                     },
2025-07-27T21:45:11.5562512Z                 ]
2025-07-27T21:45:11.5562773Z               [32m+[0m[0m Version   = "2012-10-17"
2025-07-27T21:45:11.5563023Z             }
2025-07-27T21:45:11.5563199Z         )
2025-07-27T21:45:11.5563476Z       [32m+[0m[0m create_date           = (known after apply)
2025-07-27T21:45:11.5563832Z       [32m+[0m[0m force_detach_policies = false
2025-07-27T21:45:11.5564179Z       [32m+[0m[0m id                    = (known after apply)
2025-07-27T21:45:11.5564543Z       [32m+[0m[0m managed_policy_arns   = (known after apply)
2025-07-27T21:45:11.5564885Z       [32m+[0m[0m max_session_duration  = 3600
2025-07-27T21:45:11.5565267Z       [32m+[0m[0m name                  = "tasky-dev-v15-eks-node-group-role"
2025-07-27T21:45:11.5565663Z       [32m+[0m[0m name_prefix           = (known after apply)
2025-07-27T21:45:11.5565988Z       [32m+[0m[0m path                  = "/"
2025-07-27T21:45:11.5566319Z       [32m+[0m[0m tags                  = (known after apply)
2025-07-27T21:45:11.5566666Z       [32m+[0m[0m tags_all              = (known after apply)
2025-07-27T21:45:11.5567016Z       [32m+[0m[0m unique_id             = (known after apply)
2025-07-27T21:45:11.5567274Z     }
2025-07-27T21:45:11.5567372Z 
2025-07-27T21:45:11.5567709Z [1m  # module.eks.aws_iam_role_policy_attachment.aws_load_balancer_controller_attach[0m will be created
2025-07-27T21:45:11.5568351Z [0m  [32m+[0m[0m resource "aws_iam_role_policy_attachment" "aws_load_balancer_controller_attach" {
2025-07-27T21:45:11.5568814Z       [32m+[0m[0m id         = (known after apply)
2025-07-27T21:45:11.5569150Z       [32m+[0m[0m policy_arn = (known after apply)
2025-07-27T21:45:11.5569549Z       [32m+[0m[0m role       = "tasky-dev-v15-aws-load-balancer-controller"
2025-07-27T21:45:11.5569857Z     }
2025-07-27T21:45:11.5569949Z 
2025-07-27T21:45:11.5570225Z [1m  # module.eks.aws_iam_role_policy_attachment.eks_cluster_policy[0m will be created
2025-07-27T21:45:11.5570754Z [0m  [32m+[0m[0m resource "aws_iam_role_policy_attachment" "eks_cluster_policy" {
2025-07-27T21:45:11.5571157Z       [32m+[0m[0m id         = (known after apply)
2025-07-27T21:45:11.5571743Z       [32m+[0m[0m policy_arn = "arn:aws:iam::aws:policy/AmazonEKSClusterPolicy"
2025-07-27T21:45:11.5572415Z       [32m+[0m[0m role       = "tasky-dev-v15-eks-cluster-role"
2025-07-27T21:45:11.5572704Z     }
2025-07-27T21:45:11.5572793Z 
2025-07-27T21:45:11.5573055Z [1m  # module.eks.aws_iam_role_policy_attachment.eks_cni_policy[0m will be created
2025-07-27T21:45:11.5573555Z [0m  [32m+[0m[0m resource "aws_iam_role_policy_attachment" "eks_cni_policy" {
2025-07-27T21:45:11.5573943Z       [32m+[0m[0m id         = (known after apply)
2025-07-27T21:45:11.5574375Z       [32m+[0m[0m policy_arn = "arn:aws:iam::aws:policy/AmazonEKS_CNI_Policy"
2025-07-27T21:45:11.5574804Z       [32m+[0m[0m role       = "tasky-dev-v15-eks-node-group-role"
2025-07-27T21:45:11.5575096Z     }
2025-07-27T21:45:11.5575193Z 
2025-07-27T21:45:11.5575506Z [1m  # module.eks.aws_iam_role_policy_attachment.eks_container_registry_policy[0m will be created
2025-07-27T21:45:11.5576119Z [0m  [32m+[0m[0m resource "aws_iam_role_policy_attachment" "eks_container_registry_policy" {
2025-07-27T21:45:11.5576563Z       [32m+[0m[0m id         = (known after apply)
2025-07-27T21:45:11.5577043Z       [32m+[0m[0m policy_arn = "arn:aws:iam::aws:policy/AmazonEC2ContainerRegistryReadOnly"
2025-07-27T21:45:11.5577516Z       [32m+[0m[0m role       = "tasky-dev-v15-eks-node-group-role"
2025-07-27T21:45:11.5577799Z     }
2025-07-27T21:45:11.5577895Z 
2025-07-27T21:45:11.5578177Z [1m  # module.eks.aws_iam_role_policy_attachment.eks_worker_node_policy[0m will be created
2025-07-27T21:45:11.5578735Z [0m  [32m+[0m[0m resource "aws_iam_role_policy_attachment" "eks_worker_node_policy" {
2025-07-27T21:45:11.5579154Z       [32m+[0m[0m id         = (known after apply)
2025-07-27T21:45:11.5579728Z       [32m+[0m[0m policy_arn = "arn:aws:iam::aws:policy/AmazonEKSWorkerNodePolicy"
2025-07-27T21:45:11.5580193Z       [32m+[0m[0m role       = "tasky-dev-v15-eks-node-group-role"
2025-07-27T21:45:11.5580484Z     }
2025-07-27T21:45:11.5580584Z 
2025-07-27T21:45:11.5580807Z [1m  # module.eks.aws_security_group.eks_additional[0m will be created
2025-07-27T21:45:11.5581260Z [0m  [32m+[0m[0m resource "aws_security_group" "eks_additional" {
2025-07-27T21:45:11.5581653Z       [32m+[0m[0m arn                    = (known after apply)
2025-07-27T21:45:11.5582136Z       [32m+[0m[0m description            = "Managed by Terraform"
2025-07-27T21:45:11.5582489Z       [32m+[0m[0m egress                 = [
2025-07-27T21:45:11.5582772Z           [32m+[0m[0m {
2025-07-27T21:45:11.5583041Z               [32m+[0m[0m cidr_blocks      = [
2025-07-27T21:45:11.5583345Z                   [32m+[0m[0m "0.0.0.0/0",
2025-07-27T21:45:11.5583579Z                 ]
2025-07-27T21:45:11.5583864Z               [32m+[0m[0m description      = "All outbound traffic"
2025-07-27T21:45:11.5584204Z               [32m+[0m[0m from_port        = 0
2025-07-27T21:45:11.5584507Z               [32m+[0m[0m ipv6_cidr_blocks = []
2025-07-27T21:45:11.5584811Z               [32m+[0m[0m prefix_list_ids  = []
2025-07-27T21:45:11.5585125Z               [32m+[0m[0m protocol         = "-1"
2025-07-27T21:45:11.5585441Z               [32m+[0m[0m security_groups  = []
2025-07-27T21:45:11.5585747Z               [32m+[0m[0m self             = false
2025-07-27T21:45:11.5586077Z               [32m+[0m[0m to_port          = 0
2025-07-27T21:45:11.5586319Z             },
2025-07-27T21:45:11.5586531Z           [32m+[0m[0m {
2025-07-27T21:45:11.5586792Z               [32m+[0m[0m cidr_blocks      = []
2025-07-27T21:45:11.5587130Z               [32m+[0m[0m description      = "Access to MongoDB"
2025-07-27T21:45:11.5587469Z               [32m+[0m[0m from_port        = 27017
2025-07-27T21:45:11.5587773Z               [32m+[0m[0m ipv6_cidr_blocks = []
2025-07-27T21:45:11.5588082Z               [32m+[0m[0m prefix_list_ids  = []
2025-07-27T21:45:11.5588386Z               [32m+[0m[0m protocol         = "tcp"
2025-07-27T21:45:11.5588724Z               [32m+[0m[0m security_groups  = (known after apply)
2025-07-27T21:45:11.5589176Z               [32m+[0m[0m self             = false
2025-07-27T21:45:11.5589484Z               [32m+[0m[0m to_port          = 27017
2025-07-27T21:45:11.5589721Z             },
2025-07-27T21:45:11.5589893Z         ]
2025-07-27T21:45:11.5590152Z       [32m+[0m[0m id                     = (known after apply)
2025-07-27T21:45:11.5590514Z       [32m+[0m[0m ingress                = (known after apply)
2025-07-27T21:45:11.5590874Z       [32m+[0m[0m name                   = (known after apply)
2025-07-27T21:45:11.5591279Z       [32m+[0m[0m name_prefix            = "tasky-dev-v15-eks-additional-"
2025-07-27T21:45:11.5591681Z       [32m+[0m[0m owner_id               = (known after apply)
2025-07-27T21:45:11.5592125Z       [32m+[0m[0m revoke_rules_on_delete = false
2025-07-27T21:45:11.5592468Z       [32m+[0m[0m tags                   = (known after apply)
2025-07-27T21:45:11.5592820Z       [32m+[0m[0m tags_all               = (known after apply)
2025-07-27T21:45:11.5593179Z       [32m+[0m[0m vpc_id                 = (known after apply)
2025-07-27T21:45:11.5593447Z     }
2025-07-27T21:45:11.5593547Z 
2025-07-27T21:45:11.5593826Z [1m  # module.eks.aws_security_group_rule.mongodb_from_eks_additional[0m will be created
2025-07-27T21:45:11.5594386Z [0m  [32m+[0m[0m resource "aws_security_group_rule" "mongodb_from_eks_additional" {
2025-07-27T21:45:11.5594907Z       [32m+[0m[0m description              = "MongoDB access from EKS additional security group"
2025-07-27T21:45:11.5595321Z       [32m+[0m[0m from_port                = 27017
2025-07-27T21:45:11.5595662Z       [32m+[0m[0m id                       = (known after apply)
2025-07-27T21:45:11.5595992Z       [32m+[0m[0m protocol                 = "tcp"
2025-07-27T21:45:11.5596471Z       [32m+[0m[0m security_group_id        = (known after apply)
2025-07-27T21:45:11.5596842Z       [32m+[0m[0m security_group_rule_id   = (known after apply)
2025-07-27T21:45:11.5597180Z       [32m+[0m[0m self                     = false
2025-07-27T21:45:11.5597530Z       [32m+[0m[0m source_security_group_id = (known after apply)
2025-07-27T21:45:11.5597874Z       [32m+[0m[0m to_port                  = 27017
2025-07-27T21:45:11.5598193Z       [32m+[0m[0m type                     = "ingress"
2025-07-27T21:45:11.5598441Z     }
2025-07-27T21:45:11.5598533Z 
2025-07-27T21:45:11.5598802Z [1m  # module.eks.aws_security_group_rule.mongodb_from_eks_cluster[0m will be created
2025-07-27T21:45:11.5599317Z [0m  [32m+[0m[0m resource "aws_security_group_rule" "mongodb_from_eks_cluster" {
2025-07-27T21:45:11.5599823Z       [32m+[0m[0m description              = "MongoDB access from EKS cluster security group"
2025-07-27T21:45:11.5600232Z       [32m+[0m[0m from_port                = 27017
2025-07-27T21:45:11.5600562Z       [32m+[0m[0m id                       = (known after apply)
2025-07-27T21:45:11.5600895Z       [32m+[0m[0m protocol                 = "tcp"
2025-07-27T21:45:11.5601240Z       [32m+[0m[0m security_group_id        = (known after apply)
2025-07-27T21:45:11.5601616Z       [32m+[0m[0m security_group_rule_id   = (known after apply)
2025-07-27T21:45:11.5602074Z       [32m+[0m[0m self                     = false
2025-07-27T21:45:11.5602697Z       [32m+[0m[0m source_security_group_id = (known after apply)
2025-07-27T21:45:11.5603338Z       [32m+[0m[0m to_port                  = 27017
2025-07-27T21:45:11.5603805Z       [32m+[0m[0m type                     = "ingress"
2025-07-27T21:45:11.5604062Z     }
2025-07-27T21:45:11.5604163Z 
2025-07-27T21:45:11.5604409Z [1m  # module.mongodb_ec2.aws_cloudwatch_log_group.mongodb[0m will be created
2025-07-27T21:45:11.5604885Z [0m  [32m+[0m[0m resource "aws_cloudwatch_log_group" "mongodb" {
2025-07-27T21:45:11.5605274Z       [32m+[0m[0m arn               = (known after apply)
2025-07-27T21:45:11.5605621Z       [32m+[0m[0m id                = (known after apply)
2025-07-27T21:45:11.5605965Z       [32m+[0m[0m log_group_class   = (known after apply)
2025-07-27T21:45:11.5606525Z       [32m+[0m[0m name              = "/aws/ec2/tasky-dev-v15/mongodb"
2025-07-27T21:45:11.5606927Z       [32m+[0m[0m name_prefix       = (known after apply)
2025-07-27T21:45:11.5607254Z       [32m+[0m[0m retention_in_days = 30
2025-07-27T21:45:11.5607559Z       [32m+[0m[0m skip_destroy      = false
2025-07-27T21:45:11.5607881Z       [32m+[0m[0m tags              = (known after apply)
2025-07-27T21:45:11.5608224Z       [32m+[0m[0m tags_all          = (known after apply)
2025-07-27T21:45:11.5608481Z     }
2025-07-27T21:45:11.5608573Z 
2025-07-27T21:45:11.5608818Z [1m  # module.mongodb_ec2.aws_iam_instance_profile.mongodb[0m will be created
2025-07-27T21:45:11.5609279Z [0m  [32m+[0m[0m resource "aws_iam_instance_profile" "mongodb" {
2025-07-27T21:45:11.5609652Z       [32m+[0m[0m arn         = (known after apply)
2025-07-27T21:45:11.5609985Z       [32m+[0m[0m create_date = (known after apply)
2025-07-27T21:45:11.5610309Z       [32m+[0m[0m id          = (known after apply)
2025-07-27T21:45:11.5610676Z       [32m+[0m[0m name        = "tasky-dev-v15-mongodb-profile"
2025-07-27T21:45:11.5611050Z       [32m+[0m[0m name_prefix = (known after apply)
2025-07-27T21:45:11.5611356Z       [32m+[0m[0m path        = "/"
2025-07-27T21:45:11.5611693Z       [32m+[0m[0m role        = "tasky-dev-v15-mongodb-role"
2025-07-27T21:45:11.5612213Z       [32m+[0m[0m tags        = (known after apply)
2025-07-27T21:45:11.5612537Z       [32m+[0m[0m tags_all    = (known after apply)
2025-07-27T21:45:11.5612855Z       [32m+[0m[0m unique_id   = (known after apply)
2025-07-27T21:45:11.5613099Z     }
2025-07-27T21:45:11.5613194Z 
2025-07-27T21:45:11.5613394Z [1m  # module.mongodb_ec2.aws_iam_role.mongodb[0m will be created
2025-07-27T21:45:11.5613921Z [0m  [32m+[0m[0m resource "aws_iam_role" "mongodb" {
2025-07-27T21:45:11.5614277Z       [32m+[0m[0m arn                   = (known after apply)
2025-07-27T21:45:11.5614630Z       [32m+[0m[0m assume_role_policy    = jsonencode(
2025-07-27T21:45:11.5614894Z             {
2025-07-27T21:45:11.5615128Z               [32m+[0m[0m Statement = [
2025-07-27T21:45:11.5615413Z                   [32m+[0m[0m {
2025-07-27T21:45:11.5615714Z                       [32m+[0m[0m Action    = "sts:AssumeRole"
2025-07-27T21:45:11.5616041Z                       [32m+[0m[0m Effect    = "Allow"
2025-07-27T21:45:11.5616346Z                       [32m+[0m[0m Principal = {
2025-07-27T21:45:11.5616683Z                           [32m+[0m[0m Service = "ec2.amazonaws.com"
2025-07-27T21:45:11.5616954Z                         }
2025-07-27T21:45:11.5617162Z                     },
2025-07-27T21:45:11.5617349Z                 ]
2025-07-27T21:45:11.5617607Z               [32m+[0m[0m Version   = "2012-10-17"
2025-07-27T21:45:11.5617851Z             }
2025-07-27T21:45:11.5618021Z         )
2025-07-27T21:45:11.5618284Z       [32m+[0m[0m create_date           = (known after apply)
2025-07-27T21:45:11.5618626Z       [32m+[0m[0m force_detach_policies = false
2025-07-27T21:45:11.5618972Z       [32m+[0m[0m id                    = (known after apply)
2025-07-27T21:45:11.5619331Z       [32m+[0m[0m managed_policy_arns   = (known after apply)
2025-07-27T21:45:11.5619670Z       [32m+[0m[0m max_session_duration  = 3600
2025-07-27T21:45:11.5620045Z       [32m+[0m[0m name                  = "tasky-dev-v15-mongodb-role"
2025-07-27T21:45:11.5620422Z       [32m+[0m[0m name_prefix           = (known after apply)
2025-07-27T21:45:11.5620754Z       [32m+[0m[0m path                  = "/"
2025-07-27T21:45:11.5621082Z       [32m+[0m[0m tags                  = (known after apply)
2025-07-27T21:45:11.5621430Z       [32m+[0m[0m tags_all              = (known after apply)
2025-07-27T21:45:11.5621792Z       [32m+[0m[0m unique_id             = (known after apply)
2025-07-27T21:45:11.5622161Z     }
2025-07-27T21:45:11.5622263Z 
2025-07-27T21:45:11.5622548Z [1m  # module.mongodb_ec2.aws_iam_role_policy_attachment.mongodb_admin[0m will be created
2025-07-27T21:45:11.5623198Z [0m  [32m+[0m[0m resource "aws_iam_role_policy_attachment" "mongodb_admin" {
2025-07-27T21:45:11.5623613Z       [32m+[0m[0m id         = (known after apply)
2025-07-27T21:45:11.5624078Z       [32m+[0m[0m policy_arn = "arn:aws:iam::aws:policy/AdministratorAccess"
2025-07-27T21:45:11.5624499Z       [32m+[0m[0m role       = "tasky-dev-v15-mongodb-role"
2025-07-27T21:45:11.5624771Z     }
2025-07-27T21:45:11.5624869Z 
2025-07-27T21:45:11.5625071Z [1m  # module.mongodb_ec2.aws_instance.mongodb[0m will be created
2025-07-27T21:45:11.5625467Z [0m  [32m+[0m[0m resource "aws_instance" "mongodb" {
2025-07-27T21:45:11.5625849Z       [32m+[0m[0m ami                                  = "ami-083e865b97bdf1c1b"
2025-07-27T21:45:11.5626247Z       [32m+[0m[0m arn                                  = (known after apply)
2025-07-27T21:45:11.5626671Z       [32m+[0m[0m associate_public_ip_address          = (known after apply)
2025-07-27T21:45:11.5627118Z       [32m+[0m[0m availability_zone                    = (known after apply)
2025-07-27T21:45:11.5627542Z       [32m+[0m[0m cpu_core_count                       = (known after apply)
2025-07-27T21:45:11.5627962Z       [32m+[0m[0m cpu_threads_per_core                 = (known after apply)
2025-07-27T21:45:11.5628385Z       [32m+[0m[0m disable_api_stop                     = (known after apply)
2025-07-27T21:45:11.5628815Z       [32m+[0m[0m disable_api_termination              = (known after apply)
2025-07-27T21:45:11.5629235Z       [32m+[0m[0m ebs_optimized                        = (known after apply)
2025-07-27T21:45:11.5629661Z       [32m+[0m[0m enable_primary_ipv6                  = (known after apply)
2025-07-27T21:45:11.5630191Z       [32m+[0m[0m get_password_data                    = false
2025-07-27T21:45:11.5630568Z       [32m+[0m[0m host_id                              = (known after apply)
2025-07-27T21:45:11.5630977Z       [32m+[0m[0m host_resource_group_arn              = (known after apply)
2025-07-27T21:45:11.5631458Z       [32m+[0m[0m iam_instance_profile                 = "tasky-dev-v15-mongodb-profile"
2025-07-27T21:45:11.5632007Z       [32m+[0m[0m id                                   = (known after apply)
2025-07-27T21:45:11.5632433Z       [32m+[0m[0m instance_initiated_shutdown_behavior = (known after apply)
2025-07-27T21:45:11.5632880Z       [32m+[0m[0m instance_lifecycle                   = (known after apply)
2025-07-27T21:45:11.5633309Z       [32m+[0m[0m instance_state                       = (known after apply)
2025-07-27T21:45:11.5633722Z       [32m+[0m[0m instance_type                        = "t3.micro"
2025-07-27T21:45:11.5634133Z       [32m+[0m[0m ipv6_address_count                   = (known after apply)
2025-07-27T21:45:11.5634562Z       [32m+[0m[0m ipv6_addresses                       = (known after apply)
2025-07-27T21:45:11.5634970Z       [32m+[0m[0m key_name                             = (known after apply)
2025-07-27T21:45:11.5635376Z       [32m+[0m[0m monitoring                           = (known after apply)
2025-07-27T21:45:11.5635790Z       [32m+[0m[0m outpost_arn                          = (known after apply)
2025-07-27T21:45:11.5636213Z       [32m+[0m[0m password_data                        = (known after apply)
2025-07-27T21:45:11.5636644Z       [32m+[0m[0m placement_group                      = (known after apply)
2025-07-27T21:45:11.5637091Z       [32m+[0m[0m placement_partition_number           = (known after apply)
2025-07-27T21:45:11.5637547Z       [32m+[0m[0m primary_network_interface_id         = (known after apply)
2025-07-27T21:45:11.5637973Z       [32m+[0m[0m private_dns                          = (known after apply)
2025-07-27T21:45:11.5638386Z       [32m+[0m[0m private_ip                           = (known after apply)
2025-07-27T21:45:11.5638790Z       [32m+[0m[0m public_dns                           = (known after apply)
2025-07-27T21:45:11.5652026Z       [32m+[0m[0m public_ip                            = (known after apply)
2025-07-27T21:45:11.5652691Z       [32m+[0m[0m secondary_private_ips                = (known after apply)
2025-07-27T21:45:11.5653148Z       [32m+[0m[0m security_groups                      = (known after apply)
2025-07-27T21:45:11.5653567Z       [32m+[0m[0m source_dest_check                    = true
2025-07-27T21:45:11.5654003Z       [32m+[0m[0m spot_instance_request_id             = (known after apply)
2025-07-27T21:45:11.5654445Z       [32m+[0m[0m subnet_id                            = (known after apply)
2025-07-27T21:45:11.5654848Z       [32m+[0m[0m tags                                 = (known after apply)
2025-07-27T21:45:11.5655237Z       [32m+[0m[0m tags_all                             = (known after apply)
2025-07-27T21:45:11.5655641Z       [32m+[0m[0m tenancy                              = (known after apply)
2025-07-27T21:45:11.5656039Z       [32m+[0m[0m user_data                            = (known after apply)
2025-07-27T21:45:11.5656458Z       [32m+[0m[0m user_data_base64                     = (known after apply)
2025-07-27T21:45:11.5656857Z       [32m+[0m[0m user_data_replace_on_change          = true
2025-07-27T21:45:11.5657271Z       [32m+[0m[0m vpc_security_group_ids               = (known after apply)
2025-07-27T21:45:11.5657500Z 
2025-07-27T21:45:11.5657631Z       [32m+[0m[0m root_block_device {
2025-07-27T21:45:11.5657950Z           [32m+[0m[0m delete_on_termination = true
2025-07-27T21:45:11.5658315Z           [32m+[0m[0m device_name           = (known after apply)
2025-07-27T21:45:11.5658661Z           [32m+[0m[0m encrypted             = true
2025-07-27T21:45:11.5659010Z           [32m+[0m[0m iops                  = (known after apply)
2025-07-27T21:45:11.5659503Z           [32m+[0m[0m kms_key_id            = (known after apply)
2025-07-27T21:45:11.5659852Z           [32m+[0m[0m tags                  = (known after apply)
2025-07-27T21:45:11.5660200Z           [32m+[0m[0m tags_all              = (known after apply)
2025-07-27T21:45:11.5660566Z           [32m+[0m[0m throughput            = (known after apply)
2025-07-27T21:45:11.5660930Z           [32m+[0m[0m volume_id             = (known after apply)
2025-07-27T21:45:11.5661262Z           [32m+[0m[0m volume_size           = 20
2025-07-27T21:45:11.5661590Z           [32m+[0m[0m volume_type           = "gp3"
2025-07-27T21:45:11.5661854Z         }
2025-07-27T21:45:11.5662135Z     }
2025-07-27T21:45:11.5662244Z 
2025-07-27T21:45:11.5662482Z [1m  # module.mongodb_ec2.aws_security_group.mongodb[0m will be created
2025-07-27T21:45:11.5662923Z [0m  [32m+[0m[0m resource "aws_security_group" "mongodb" {
2025-07-27T21:45:11.5663327Z       [32m+[0m[0m arn                    = (known after apply)
2025-07-27T21:45:11.5663718Z       [32m+[0m[0m description            = "Managed by Terraform"
2025-07-27T21:45:11.5664069Z       [32m+[0m[0m egress                 = [
2025-07-27T21:45:11.5664356Z           [32m+[0m[0m {
2025-07-27T21:45:11.5664636Z               [32m+[0m[0m cidr_blocks      = [
2025-07-27T21:45:11.5664947Z                   [32m+[0m[0m "0.0.0.0/0",
2025-07-27T21:45:11.5665193Z                 ]
2025-07-27T21:45:11.5665486Z               [32m+[0m[0m description      = "All outbound traffic"
2025-07-27T21:45:11.5665828Z               [32m+[0m[0m from_port        = 0
2025-07-27T21:45:11.5666153Z               [32m+[0m[0m ipv6_cidr_blocks = []
2025-07-27T21:45:11.5666468Z               [32m+[0m[0m prefix_list_ids  = []
2025-07-27T21:45:11.5666786Z               [32m+[0m[0m protocol         = "-1"
2025-07-27T21:45:11.5667102Z               [32m+[0m[0m security_groups  = []
2025-07-27T21:45:11.5667424Z               [32m+[0m[0m self             = false
2025-07-27T21:45:11.5667735Z               [32m+[0m[0m to_port          = 0
2025-07-27T21:45:11.5667978Z             },
2025-07-27T21:45:11.5668158Z         ]
2025-07-27T21:45:11.5668425Z       [32m+[0m[0m id                     = (known after apply)
2025-07-27T21:45:11.5668881Z       [32m+[0m[0m ingress                = [
2025-07-27T21:45:11.5669179Z           [32m+[0m[0m {
2025-07-27T21:45:11.5669445Z               [32m+[0m[0m cidr_blocks      = [
2025-07-27T21:45:11.5669742Z                   [32m+[0m[0m "10.0.0.0/16",
2025-07-27T21:45:11.5669983Z                 ]
2025-07-27T21:45:11.5670275Z               [32m+[0m[0m description      = "MongoDB access from VPC"
2025-07-27T21:45:11.5670632Z               [32m+[0m[0m from_port        = 27017
2025-07-27T21:45:11.5670940Z               [32m+[0m[0m ipv6_cidr_blocks = []
2025-07-27T21:45:11.5671245Z               [32m+[0m[0m prefix_list_ids  = []
2025-07-27T21:45:11.5671563Z               [32m+[0m[0m protocol         = "tcp"
2025-07-27T21:45:11.5671874Z               [32m+[0m[0m security_groups  = []
2025-07-27T21:45:11.5672298Z               [32m+[0m[0m self             = false
2025-07-27T21:45:11.5672607Z               [32m+[0m[0m to_port          = 27017
2025-07-27T21:45:11.5672846Z             },
2025-07-27T21:45:11.5673065Z           [32m+[0m[0m {
2025-07-27T21:45:11.5673325Z               [32m+[0m[0m cidr_blocks      = [
2025-07-27T21:45:11.5673624Z                   [32m+[0m[0m "10.0.0.0/16",
2025-07-27T21:45:11.5673862Z                 ]
2025-07-27T21:45:11.5674144Z               [32m+[0m[0m description      = "SSH access from VPC"
2025-07-27T21:45:11.5674482Z               [32m+[0m[0m from_port        = 22
2025-07-27T21:45:11.5674785Z               [32m+[0m[0m ipv6_cidr_blocks = []
2025-07-27T21:45:11.5675096Z               [32m+[0m[0m prefix_list_ids  = []
2025-07-27T21:45:11.5675404Z               [32m+[0m[0m protocol         = "tcp"
2025-07-27T21:45:11.5675835Z               [32m+[0m[0m security_groups  = []
2025-07-27T21:45:11.5676141Z               [32m+[0m[0m self             = false
2025-07-27T21:45:11.5676436Z               [32m+[0m[0m to_port          = 22
2025-07-27T21:45:11.5676683Z             },
2025-07-27T21:45:11.5676858Z         ]
2025-07-27T21:45:11.5677129Z       [32m+[0m[0m name                   = (known after apply)
2025-07-27T21:45:11.5677519Z       [32m+[0m[0m name_prefix            = "tasky-dev-mongodb-"
2025-07-27T21:45:11.5677898Z       [32m+[0m[0m owner_id               = (known after apply)
2025-07-27T21:45:11.5678239Z       [32m+[0m[0m revoke_rules_on_delete = false
2025-07-27T21:45:11.5678586Z       [32m+[0m[0m tags                   = (known after apply)
2025-07-27T21:45:11.5678938Z       [32m+[0m[0m tags_all               = (known after apply)
2025-07-27T21:45:11.5679299Z       [32m+[0m[0m vpc_id                 = (known after apply)
2025-07-27T21:45:11.5679572Z     }
2025-07-27T21:45:11.5679676Z 
2025-07-27T21:45:11.5679879Z [1m  # module.s3_backup.aws_s3_bucket.backup[0m will be created
2025-07-27T21:45:11.5680263Z [0m  [32m+[0m[0m resource "aws_s3_bucket" "backup" {
2025-07-27T21:45:11.5680650Z       [32m+[0m[0m acceleration_status         = (known after apply)
2025-07-27T21:45:11.5681047Z       [32m+[0m[0m acl                         = (known after apply)
2025-07-27T21:45:11.5681408Z       [32m+[0m[0m arn                         = (known after apply)
2025-07-27T21:45:11.5681775Z       [32m+[0m[0m bucket                      = (known after apply)
2025-07-27T21:45:11.5682260Z       [32m+[0m[0m bucket_domain_name          = (known after apply)
2025-07-27T21:45:11.5682642Z       [32m+[0m[0m bucket_prefix               = (known after apply)
2025-07-27T21:45:11.5683044Z       [32m+[0m[0m bucket_regional_domain_name = (known after apply)
2025-07-27T21:45:11.5683403Z       [32m+[0m[0m force_destroy               = true
2025-07-27T21:45:11.5683764Z       [32m+[0m[0m hosted_zone_id              = (known after apply)
2025-07-27T21:45:11.5684137Z       [32m+[0m[0m id                          = (known after apply)
2025-07-27T21:45:11.5684509Z       [32m+[0m[0m object_lock_enabled         = (known after apply)
2025-07-27T21:45:11.5685003Z       [32m+[0m[0m policy                      = (known after apply)
2025-07-27T21:45:11.5685381Z       [32m+[0m[0m region                      = (known after apply)
2025-07-27T21:45:11.5685757Z       [32m+[0m[0m request_payer               = (known after apply)
2025-07-27T21:45:11.5686174Z       [32m+[0m[0m tags                        = (known after apply)
2025-07-27T21:45:11.5686559Z       [32m+[0m[0m tags_all                    = (known after apply)
2025-07-27T21:45:11.5686947Z       [32m+[0m[0m website_domain              = (known after apply)
2025-07-27T21:45:11.5687338Z       [32m+[0m[0m website_endpoint            = (known after apply)
2025-07-27T21:45:11.5687623Z     }
2025-07-27T21:45:11.5687727Z 
2025-07-27T21:45:11.5688007Z [1m  # module.s3_backup.aws_s3_bucket_lifecycle_configuration.backup[0m will be created
2025-07-27T21:45:11.5688536Z [0m  [32m+[0m[0m resource "aws_s3_bucket_lifecycle_configuration" "backup" {
2025-07-27T21:45:11.5688981Z       [32m+[0m[0m bucket                                 = (known after apply)
2025-07-27T21:45:11.5689428Z       [32m+[0m[0m expected_bucket_owner                  = (known after apply)
2025-07-27T21:45:11.5689843Z       [32m+[0m[0m id                                     = (known after apply)
2025-07-27T21:45:11.5690295Z       [32m+[0m[0m transition_default_minimum_object_size = "all_storage_classes_128K"
2025-07-27T21:45:11.5690572Z 
2025-07-27T21:45:11.5690681Z       [32m+[0m[0m rule {
2025-07-27T21:45:11.5690958Z           [32m+[0m[0m id     = "backup_lifecycle"
2025-07-27T21:45:11.5691263Z           [32m+[0m[0m status = "Enabled"
2025-07-27T21:45:11.5691439Z 
2025-07-27T21:45:11.5691560Z           [32m+[0m[0m expiration {
2025-07-27T21:45:11.5692124Z               [32m+[0m[0m days                         = 30
2025-07-27T21:45:11.5692498Z               [32m+[0m[0m expired_object_delete_marker = false
2025-07-27T21:45:11.5692771Z             }
2025-07-27T21:45:11.5692878Z 
2025-07-27T21:45:11.5692995Z           [32m+[0m[0m filter {
2025-07-27T21:45:11.5693287Z               [32m+[0m[0m prefix = "backups/"
2025-07-27T21:45:11.5693536Z             }
2025-07-27T21:45:11.5693643Z 
2025-07-27T21:45:11.5693804Z           [32m+[0m[0m noncurrent_version_expiration {
2025-07-27T21:45:11.5694128Z               [32m+[0m[0m noncurrent_days = 7
2025-07-27T21:45:11.5694371Z             }
2025-07-27T21:45:11.5694540Z         }
2025-07-27T21:45:11.5694708Z     }
2025-07-27T21:45:11.5694804Z 
2025-07-27T21:45:11.5695069Z [1m  # module.s3_backup.aws_s3_bucket_policy.backup_public_read[0m will be created
2025-07-27T21:45:11.5695568Z [0m  [32m+[0m[0m resource "aws_s3_bucket_policy" "backup_public_read" {
2025-07-27T21:45:11.5695960Z       [32m+[0m[0m bucket = (known after apply)
2025-07-27T21:45:11.5696274Z       [32m+[0m[0m id     = (known after apply)
2025-07-27T21:45:11.5696581Z       [32m+[0m[0m policy = (known after apply)
2025-07-27T21:45:11.5696826Z     }
2025-07-27T21:45:11.5696926Z 
2025-07-27T21:45:11.5697187Z [1m  # module.s3_backup.aws_s3_bucket_public_access_block.backup[0m will be created
2025-07-27T21:45:11.5697679Z [0m  [32m+[0m[0m resource "aws_s3_bucket_public_access_block" "backup" {
2025-07-27T21:45:11.5698068Z       [32m+[0m[0m block_public_acls       = false
2025-07-27T21:45:11.5698400Z       [32m+[0m[0m block_public_policy     = false
2025-07-27T21:45:11.5698758Z       [32m+[0m[0m bucket                  = (known after apply)
2025-07-27T21:45:11.5699126Z       [32m+[0m[0m id                      = (known after apply)
2025-07-27T21:45:11.5699462Z       [32m+[0m[0m ignore_public_acls      = false
2025-07-27T21:45:11.5699783Z       [32m+[0m[0m restrict_public_buckets = false
2025-07-27T21:45:11.5700034Z     }
2025-07-27T21:45:11.5700132Z 
2025-07-27T21:45:11.5700358Z [1m  # module.s3_backup.aws_s3_bucket_versioning.backup[0m will be created
2025-07-27T21:45:11.5700801Z [0m  [32m+[0m[0m resource "aws_s3_bucket_versioning" "backup" {
2025-07-27T21:45:11.5701166Z       [32m+[0m[0m bucket = (known after apply)
2025-07-27T21:45:11.5701591Z       [32m+[0m[0m id     = (known after apply)
2025-07-27T21:45:11.5701770Z 
2025-07-27T21:45:11.5702017Z       [32m+[0m[0m versioning_configuration {
2025-07-27T21:45:11.5702361Z           [32m+[0m[0m mfa_delete = (known after apply)
2025-07-27T21:45:11.5702684Z           [32m+[0m[0m status     = "Enabled"
2025-07-27T21:45:11.5702926Z         }
2025-07-27T21:45:11.5703090Z     }
2025-07-27T21:45:11.5703186Z 
2025-07-27T21:45:11.5703407Z [1m  # module.s3_backup.random_string.bucket_suffix[0m will be created
2025-07-27T21:45:11.5703838Z [0m  [32m+[0m[0m resource "random_string" "bucket_suffix" {
2025-07-27T21:45:11.5704210Z       [32m+[0m[0m id          = (known after apply)
2025-07-27T21:45:11.5704516Z       [32m+[0m[0m length      = 8
2025-07-27T21:45:11.5704795Z       [32m+[0m[0m lower       = true
2025-07-27T21:45:11.5705075Z       [32m+[0m[0m min_lower   = 0
2025-07-27T21:45:11.5705346Z       [32m+[0m[0m min_numeric = 0
2025-07-27T21:45:11.5705617Z       [32m+[0m[0m min_special = 0
2025-07-27T21:45:11.5705875Z       [32m+[0m[0m min_upper   = 0
2025-07-27T21:45:11.5706133Z       [32m+[0m[0m number      = true
2025-07-27T21:45:11.5706403Z       [32m+[0m[0m numeric     = true
2025-07-27T21:45:11.5706706Z       [32m+[0m[0m result      = (known after apply)
2025-07-27T21:45:11.5707012Z       [32m+[0m[0m special     = false
2025-07-27T21:45:11.5707304Z       [32m+[0m[0m upper       = false
2025-07-27T21:45:11.5707530Z     }
2025-07-27T21:45:11.5707621Z 
2025-07-27T21:45:11.5707785Z [1m  # module.vpc.aws_eip.nat[0][0m will be created
2025-07-27T21:45:11.5708118Z [0m  [32m+[0m[0m resource "aws_eip" "nat" {
2025-07-27T21:45:11.5708593Z       [32m+[0m[0m allocation_id        = (known after apply)
2025-07-27T21:45:11.5708962Z       [32m+[0m[0m arn                  = (known after apply)
2025-07-27T21:45:11.5709317Z       [32m+[0m[0m association_id       = (known after apply)
2025-07-27T21:45:11.5709678Z       [32m+[0m[0m carrier_ip           = (known after apply)
2025-07-27T21:45:11.5710034Z       [32m+[0m[0m customer_owned_ip    = (known after apply)
2025-07-27T21:45:11.5710370Z       [32m+[0m[0m domain               = "vpc"
2025-07-27T21:45:11.5710696Z       [32m+[0m[0m id                   = (known after apply)
2025-07-27T21:45:11.5711041Z       [32m+[0m[0m instance             = (known after apply)
2025-07-27T21:45:11.5711392Z       [32m+[0m[0m ipam_pool_id         = (known after apply)
2025-07-27T21:45:11.5711747Z       [32m+[0m[0m network_border_group = (known after apply)
2025-07-27T21:45:11.5712199Z       [32m+[0m[0m network_interface    = (known after apply)
2025-07-27T21:45:11.5712569Z       [32m+[0m[0m private_dns          = (known after apply)
2025-07-27T21:45:11.5712937Z       [32m+[0m[0m private_ip           = (known after apply)
2025-07-27T21:45:11.5713297Z       [32m+[0m[0m ptr_record           = (known after apply)
2025-07-27T21:45:11.5713657Z       [32m+[0m[0m public_dns           = (known after apply)
2025-07-27T21:45:11.5714009Z       [32m+[0m[0m public_ip            = (known after apply)
2025-07-27T21:45:11.5714364Z       [32m+[0m[0m public_ipv4_pool     = (known after apply)
2025-07-27T21:45:11.5714717Z       [32m+[0m[0m tags                 = (known after apply)
2025-07-27T21:45:11.5715073Z       [32m+[0m[0m tags_all             = (known after apply)
2025-07-27T21:45:11.5715416Z       [32m+[0m[0m vpc                  = (known after apply)
2025-07-27T21:45:11.5715678Z     }
2025-07-27T21:45:11.5715778Z 
2025-07-27T21:45:11.5715938Z [1m  # module.vpc.aws_eip.nat[1][0m will be created
2025-07-27T21:45:11.5716282Z [0m  [32m+[0m[0m resource "aws_eip" "nat" {
2025-07-27T21:45:11.5716627Z       [32m+[0m[0m allocation_id        = (known after apply)
2025-07-27T21:45:11.5716977Z       [32m+[0m[0m arn                  = (known after apply)
2025-07-27T21:45:11.5717328Z       [32m+[0m[0m association_id       = (known after apply)
2025-07-27T21:45:11.5717797Z       [32m+[0m[0m carrier_ip           = (known after apply)
2025-07-27T21:45:11.5718163Z       [32m+[0m[0m customer_owned_ip    = (known after apply)
2025-07-27T21:45:11.5718501Z       [32m+[0m[0m domain               = "vpc"
2025-07-27T21:45:11.5718830Z       [32m+[0m[0m id                   = (known after apply)
2025-07-27T21:45:11.5719177Z       [32m+[0m[0m instance             = (known after apply)
2025-07-27T21:45:11.5719538Z       [32m+[0m[0m ipam_pool_id         = (known after apply)
2025-07-27T21:45:11.5719894Z       [32m+[0m[0m network_border_group = (known after apply)
2025-07-27T21:45:11.5720253Z       [32m+[0m[0m network_interface    = (known after apply)
2025-07-27T21:45:11.5720615Z       [32m+[0m[0m private_dns          = (known after apply)
2025-07-27T21:45:11.5720966Z       [32m+[0m[0m private_ip           = (known after apply)
2025-07-27T21:45:11.5721313Z       [32m+[0m[0m ptr_record           = (known after apply)
2025-07-27T21:45:11.5721670Z       [32m+[0m[0m public_dns           = (known after apply)
2025-07-27T21:45:11.5722121Z       [32m+[0m[0m public_ip            = (known after apply)
2025-07-27T21:45:11.5722475Z       [32m+[0m[0m public_ipv4_pool     = (known after apply)
2025-07-27T21:45:11.5722831Z       [32m+[0m[0m tags                 = (known after apply)
2025-07-27T21:45:11.5723177Z       [32m+[0m[0m tags_all             = (known after apply)
2025-07-27T21:45:11.5723522Z       [32m+[0m[0m vpc                  = (known after apply)
2025-07-27T21:45:11.5723781Z     }
2025-07-27T21:45:11.5723872Z 
2025-07-27T21:45:11.5724035Z [1m  # module.vpc.aws_eip.nat[2][0m will be created
2025-07-27T21:45:11.5724488Z [0m  [32m+[0m[0m resource "aws_eip" "nat" {
2025-07-27T21:45:11.5724825Z       [32m+[0m[0m allocation_id        = (known after apply)
2025-07-27T21:45:11.5725172Z       [32m+[0m[0m arn                  = (known after apply)
2025-07-27T21:45:11.5725520Z       [32m+[0m[0m association_id       = (known after apply)
2025-07-27T21:45:11.5725887Z       [32m+[0m[0m carrier_ip           = (known after apply)
2025-07-27T21:45:11.5726246Z       [32m+[0m[0m customer_owned_ip    = (known after apply)
2025-07-27T21:45:11.5726577Z       [32m+[0m[0m domain               = "vpc"
2025-07-27T21:45:11.5726903Z       [32m+[0m[0m id                   = (known after apply)
2025-07-27T21:45:11.5727247Z       [32m+[0m[0m instance             = (known after apply)
2025-07-27T21:45:11.5727596Z       [32m+[0m[0m ipam_pool_id         = (known after apply)
2025-07-27T21:45:11.5727952Z       [32m+[0m[0m network_border_group = (known after apply)
2025-07-27T21:45:11.5728309Z       [32m+[0m[0m network_interface    = (known after apply)
2025-07-27T21:45:11.5728679Z       [32m+[0m[0m private_dns          = (known after apply)
2025-07-27T21:45:11.5729029Z       [32m+[0m[0m private_ip           = (known after apply)
2025-07-27T21:45:11.5729383Z       [32m+[0m[0m ptr_record           = (known after apply)
2025-07-27T21:45:11.5729737Z       [32m+[0m[0m public_dns           = (known after apply)
2025-07-27T21:45:11.5730087Z       [32m+[0m[0m public_ip            = (known after apply)
2025-07-27T21:45:11.5730444Z       [32m+[0m[0m public_ipv4_pool     = (known after apply)
2025-07-27T21:45:11.5730794Z       [32m+[0m[0m tags                 = (known after apply)
2025-07-27T21:45:11.5731144Z       [32m+[0m[0m tags_all             = (known after apply)
2025-07-27T21:45:11.5731490Z       [32m+[0m[0m vpc                  = (known after apply)
2025-07-27T21:45:11.5731761Z     }
2025-07-27T21:45:11.5731854Z 
2025-07-27T21:45:11.5732156Z [1m  # module.vpc.aws_internet_gateway.main[0m will be created
2025-07-27T21:45:11.5732574Z [0m  [32m+[0m[0m resource "aws_internet_gateway" "main" {
2025-07-27T21:45:11.5732922Z       [32m+[0m[0m arn      = (known after apply)
2025-07-27T21:45:11.5733242Z       [32m+[0m[0m id       = (known after apply)
2025-07-27T21:45:11.5733557Z       [32m+[0m[0m owner_id = (known after apply)
2025-07-27T21:45:11.5733981Z       [32m+[0m[0m tags     = (known after apply)
2025-07-27T21:45:11.5734311Z       [32m+[0m[0m tags_all = (known after apply)
2025-07-27T21:45:11.5734625Z       [32m+[0m[0m vpc_id   = (known after apply)
2025-07-27T21:45:11.5734876Z     }
2025-07-27T21:45:11.5734969Z 
2025-07-27T21:45:11.5735169Z [1m  # module.vpc.aws_nat_gateway.main[0][0m will be created
2025-07-27T21:45:11.5735559Z [0m  [32m+[0m[0m resource "aws_nat_gateway" "main" {
2025-07-27T21:45:11.5735960Z       [32m+[0m[0m allocation_id                      = (known after apply)
2025-07-27T21:45:11.5736397Z       [32m+[0m[0m association_id                     = (known after apply)
2025-07-27T21:45:11.5736815Z       [32m+[0m[0m connectivity_type                  = "public"
2025-07-27T21:45:11.5737205Z       [32m+[0m[0m id                                 = (known after apply)
2025-07-27T21:45:11.5737609Z       [32m+[0m[0m network_interface_id               = (known after apply)
2025-07-27T21:45:11.5738041Z       [32m+[0m[0m private_ip                         = (known after apply)
2025-07-27T21:45:11.5738444Z       [32m+[0m[0m public_ip                          = (known after apply)
2025-07-27T21:45:11.5738871Z       [32m+[0m[0m secondary_private_ip_address_count = (known after apply)
2025-07-27T21:45:11.5739314Z       [32m+[0m[0m secondary_private_ip_addresses     = (known after apply)
2025-07-27T21:45:11.5739734Z       [32m+[0m[0m subnet_id                          = (known after apply)
2025-07-27T21:45:11.5740124Z       [32m+[0m[0m tags                               = (known after apply)
2025-07-27T21:45:11.5740510Z       [32m+[0m[0m tags_all                           = (known after apply)
2025-07-27T21:45:11.5740917Z     }
2025-07-27T21:45:11.5741014Z 
2025-07-27T21:45:11.5741208Z [1m  # module.vpc.aws_nat_gateway.main[1][0m will be created
2025-07-27T21:45:11.5741582Z [0m  [32m+[0m[0m resource "aws_nat_gateway" "main" {
2025-07-27T21:45:11.5742072Z       [32m+[0m[0m allocation_id                      = (known after apply)
2025-07-27T21:45:11.5742494Z       [32m+[0m[0m association_id                     = (known after apply)
2025-07-27T21:45:11.5742901Z       [32m+[0m[0m connectivity_type                  = "public"
2025-07-27T21:45:11.5743281Z       [32m+[0m[0m id                                 = (known after apply)
2025-07-27T21:45:11.5743681Z       [32m+[0m[0m network_interface_id               = (known after apply)
2025-07-27T21:45:11.5744095Z       [32m+[0m[0m private_ip                         = (known after apply)
2025-07-27T21:45:11.5744504Z       [32m+[0m[0m public_ip                          = (known after apply)
2025-07-27T21:45:11.5744934Z       [32m+[0m[0m secondary_private_ip_address_count = (known after apply)
2025-07-27T21:45:11.5745377Z       [32m+[0m[0m secondary_private_ip_addresses     = (known after apply)
2025-07-27T21:45:11.5745798Z       [32m+[0m[0m subnet_id                          = (known after apply)
2025-07-27T21:45:11.5746193Z       [32m+[0m[0m tags                               = (known after apply)
2025-07-27T21:45:11.5746579Z       [32m+[0m[0m tags_all                           = (known after apply)
2025-07-27T21:45:11.5746860Z     }
2025-07-27T21:45:11.5746955Z 
2025-07-27T21:45:11.5747136Z [1m  # module.vpc.aws_nat_gateway.main[2][0m will be created
2025-07-27T21:45:11.5747515Z [0m  [32m+[0m[0m resource "aws_nat_gateway" "main" {
2025-07-27T21:45:11.5747905Z       [32m+[0m[0m allocation_id                      = (known after apply)
2025-07-27T21:45:11.5748325Z       [32m+[0m[0m association_id                     = (known after apply)
2025-07-27T21:45:11.5748723Z       [32m+[0m[0m connectivity_type                  = "public"
2025-07-27T21:45:11.5749100Z       [32m+[0m[0m id                                 = (known after apply)
2025-07-27T21:45:11.5749500Z       [32m+[0m[0m network_interface_id               = (known after apply)
2025-07-27T21:45:11.5750031Z       [32m+[0m[0m private_ip                         = (known after apply)
2025-07-27T21:45:11.5750446Z       [32m+[0m[0m public_ip                          = (known after apply)
2025-07-27T21:45:11.5750876Z       [32m+[0m[0m secondary_private_ip_address_count = (known after apply)
2025-07-27T21:45:11.5751320Z       [32m+[0m[0m secondary_private_ip_addresses     = (known after apply)
2025-07-27T21:45:11.5751743Z       [32m+[0m[0m subnet_id                          = (known after apply)
2025-07-27T21:45:11.5752233Z       [32m+[0m[0m tags                               = (known after apply)
2025-07-27T21:45:11.5752625Z       [32m+[0m[0m tags_all                           = (known after apply)
2025-07-27T21:45:11.5752922Z     }
2025-07-27T21:45:11.5753019Z 
2025-07-27T21:45:11.5753214Z [1m  # module.vpc.aws_route_table.private[0][0m will be created
2025-07-27T21:45:11.5753611Z [0m  [32m+[0m[0m resource "aws_route_table" "private" {
2025-07-27T21:45:11.5753975Z       [32m+[0m[0m arn              = (known after apply)
2025-07-27T21:45:11.5754317Z       [32m+[0m[0m id               = (known after apply)
2025-07-27T21:45:11.5754653Z       [32m+[0m[0m owner_id         = (known after apply)
2025-07-27T21:45:11.5754992Z       [32m+[0m[0m propagating_vgws = (known after apply)
2025-07-27T21:45:11.5755310Z       [32m+[0m[0m route            = [
2025-07-27T21:45:11.5755583Z           [32m+[0m[0m {
2025-07-27T21:45:11.5755868Z               [32m+[0m[0m carrier_gateway_id         = ""
2025-07-27T21:45:11.5756226Z               [32m+[0m[0m cidr_block                 = "0.0.0.0/0"
2025-07-27T21:45:11.5756570Z               [32m+[0m[0m core_network_arn           = ""
2025-07-27T21:45:11.5757028Z               [32m+[0m[0m destination_prefix_list_id = ""
2025-07-27T21:45:11.5757371Z               [32m+[0m[0m egress_only_gateway_id     = ""
2025-07-27T21:45:11.5757695Z               [32m+[0m[0m gateway_id                 = ""
2025-07-27T21:45:11.5758018Z               [32m+[0m[0m ipv6_cidr_block            = ""
2025-07-27T21:45:11.5758341Z               [32m+[0m[0m local_gateway_id           = ""
2025-07-27T21:45:11.5758708Z               [32m+[0m[0m nat_gateway_id             = (known after apply)
2025-07-27T21:45:11.5759066Z               [32m+[0m[0m network_interface_id       = ""
2025-07-27T21:45:11.5759394Z               [32m+[0m[0m transit_gateway_id         = ""
2025-07-27T21:45:11.5759717Z               [32m+[0m[0m vpc_endpoint_id            = ""
2025-07-27T21:45:11.5760047Z               [32m+[0m[0m vpc_peering_connection_id  = ""
2025-07-27T21:45:11.5760310Z             },
2025-07-27T21:45:11.5760488Z         ]
2025-07-27T21:45:11.5760742Z       [32m+[0m[0m tags             = (known after apply)
2025-07-27T21:45:11.5761079Z       [32m+[0m[0m tags_all         = (known after apply)
2025-07-27T21:45:11.5761414Z       [32m+[0m[0m vpc_id           = (known after apply)
2025-07-27T21:45:11.5761673Z     }
2025-07-27T21:45:11.5761770Z 
2025-07-27T21:45:11.5762065Z [1m  # module.vpc.aws_route_table.private[1][0m will be created
2025-07-27T21:45:11.5762465Z [0m  [32m+[0m[0m resource "aws_route_table" "private" {
2025-07-27T21:45:11.5762816Z       [32m+[0m[0m arn              = (known after apply)
2025-07-27T21:45:11.5763158Z       [32m+[0m[0m id               = (known after apply)
2025-07-27T21:45:11.5763492Z       [32m+[0m[0m owner_id         = (known after apply)
2025-07-27T21:45:11.5763834Z       [32m+[0m[0m propagating_vgws = (known after apply)
2025-07-27T21:45:11.5764150Z       [32m+[0m[0m route            = [
2025-07-27T21:45:11.5764424Z           [32m+[0m[0m {
2025-07-27T21:45:11.5764708Z               [32m+[0m[0m carrier_gateway_id         = ""
2025-07-27T21:45:11.5765064Z               [32m+[0m[0m cidr_block                 = "0.0.0.0/0"
2025-07-27T21:45:11.5765406Z               [32m+[0m[0m core_network_arn           = ""
2025-07-27T21:45:11.5765743Z               [32m+[0m[0m destination_prefix_list_id = ""
2025-07-27T21:45:11.5766208Z               [32m+[0m[0m egress_only_gateway_id     = ""
2025-07-27T21:45:11.5766542Z               [32m+[0m[0m gateway_id                 = ""
2025-07-27T21:45:11.5766866Z               [32m+[0m[0m ipv6_cidr_block            = ""
2025-07-27T21:45:11.5767188Z               [32m+[0m[0m local_gateway_id           = ""
2025-07-27T21:45:11.5767558Z               [32m+[0m[0m nat_gateway_id             = (known after apply)
2025-07-27T21:45:11.5767919Z               [32m+[0m[0m network_interface_id       = ""
2025-07-27T21:45:11.5768246Z               [32m+[0m[0m transit_gateway_id         = ""
2025-07-27T21:45:11.5768571Z               [32m+[0m[0m vpc_endpoint_id            = ""
2025-07-27T21:45:11.5768903Z               [32m+[0m[0m vpc_peering_connection_id  = ""
2025-07-27T21:45:11.5769160Z             },
2025-07-27T21:45:11.5769337Z         ]
2025-07-27T21:45:11.5769581Z       [32m+[0m[0m tags             = (known after apply)
2025-07-27T21:45:11.5769923Z       [32m+[0m[0m tags_all         = (known after apply)
2025-07-27T21:45:11.5770261Z       [32m+[0m[0m vpc_id           = (known after apply)
2025-07-27T21:45:11.5770514Z     }
2025-07-27T21:45:11.5770605Z 
2025-07-27T21:45:11.5770806Z [1m  # module.vpc.aws_route_table.private[2][0m will be created
2025-07-27T21:45:11.5771189Z [0m  [32m+[0m[0m resource "aws_route_table" "private" {
2025-07-27T21:45:11.5771529Z       [32m+[0m[0m arn              = (known after apply)
2025-07-27T21:45:11.5771855Z       [32m+[0m[0m id               = (known after apply)
2025-07-27T21:45:11.5772288Z       [32m+[0m[0m owner_id         = (known after apply)
2025-07-27T21:45:11.5772750Z       [32m+[0m[0m propagating_vgws = (known after apply)
2025-07-27T21:45:11.5773061Z       [32m+[0m[0m route            = [
2025-07-27T21:45:11.5773335Z           [32m+[0m[0m {
2025-07-27T21:45:11.5773612Z               [32m+[0m[0m carrier_gateway_id         = ""
2025-07-27T21:45:11.5773965Z               [32m+[0m[0m cidr_block                 = "0.0.0.0/0"
2025-07-27T21:45:11.5774301Z               [32m+[0m[0m core_network_arn           = ""
2025-07-27T21:45:11.5774632Z               [32m+[0m[0m destination_prefix_list_id = ""
2025-07-27T21:45:11.5774962Z               [32m+[0m[0m egress_only_gateway_id     = ""
2025-07-27T21:45:11.5775285Z               [32m+[0m[0m gateway_id                 = ""
2025-07-27T21:45:11.5775605Z               [32m+[0m[0m ipv6_cidr_block            = ""
2025-07-27T21:45:11.5775925Z               [32m+[0m[0m local_gateway_id           = ""
2025-07-27T21:45:11.5776293Z               [32m+[0m[0m nat_gateway_id             = (known after apply)
2025-07-27T21:45:11.5776659Z               [32m+[0m[0m network_interface_id       = ""
2025-07-27T21:45:11.5776983Z               [32m+[0m[0m transit_gateway_id         = ""
2025-07-27T21:45:11.5777307Z               [32m+[0m[0m vpc_endpoint_id            = ""
2025-07-27T21:45:11.5777635Z               [32m+[0m[0m vpc_peering_connection_id  = ""
2025-07-27T21:45:11.5777888Z             },
2025-07-27T21:45:11.5778063Z         ]
2025-07-27T21:45:11.5778310Z       [32m+[0m[0m tags             = (known after apply)
2025-07-27T21:45:11.5778650Z       [32m+[0m[0m tags_all         = (known after apply)
2025-07-27T21:45:11.5778986Z       [32m+[0m[0m vpc_id           = (known after apply)
2025-07-27T21:45:11.5779244Z     }
2025-07-27T21:45:11.5779335Z 
2025-07-27T21:45:11.5779521Z [1m  # module.vpc.aws_route_table.public[0m will be created
2025-07-27T21:45:11.5779896Z [0m  [32m+[0m[0m resource "aws_route_table" "public" {
2025-07-27T21:45:11.5780243Z       [32m+[0m[0m arn              = (known after apply)
2025-07-27T21:45:11.5780585Z       [32m+[0m[0m id               = (known after apply)
2025-07-27T21:45:11.5780917Z       [32m+[0m[0m owner_id         = (known after apply)
2025-07-27T21:45:11.5781255Z       [32m+[0m[0m propagating_vgws = (known after apply)
2025-07-27T21:45:11.5781687Z       [32m+[0m[0m route            = [
2025-07-27T21:45:11.5782066Z           [32m+[0m[0m {
2025-07-27T21:45:11.5782351Z               [32m+[0m[0m carrier_gateway_id         = ""
2025-07-27T21:45:11.5782699Z               [32m+[0m[0m cidr_block                 = "0.0.0.0/0"
2025-07-27T21:45:11.5783048Z               [32m+[0m[0m core_network_arn           = ""
2025-07-27T21:45:11.5783376Z               [32m+[0m[0m destination_prefix_list_id = ""
2025-07-27T21:45:11.5783708Z               [32m+[0m[0m egress_only_gateway_id     = ""
2025-07-27T21:45:11.5784076Z               [32m+[0m[0m gateway_id                 = (known after apply)
2025-07-27T21:45:11.5784433Z               [32m+[0m[0m ipv6_cidr_block            = ""
2025-07-27T21:45:11.5784759Z               [32m+[0m[0m local_gateway_id           = ""
2025-07-27T21:45:11.5785077Z               [32m+[0m[0m nat_gateway_id             = ""
2025-07-27T21:45:11.5785403Z               [32m+[0m[0m network_interface_id       = ""
2025-07-27T21:45:11.5785729Z               [32m+[0m[0m transit_gateway_id         = ""
2025-07-27T21:45:11.5786080Z               [32m+[0m[0m vpc_endpoint_id            = ""
2025-07-27T21:45:11.5786407Z               [32m+[0m[0m vpc_peering_connection_id  = ""
2025-07-27T21:45:11.5786661Z             },
2025-07-27T21:45:11.5786836Z         ]
2025-07-27T21:45:11.5787079Z       [32m+[0m[0m tags             = (known after apply)
2025-07-27T21:45:11.5787415Z       [32m+[0m[0m tags_all         = (known after apply)
2025-07-27T21:45:11.5787748Z       [32m+[0m[0m vpc_id           = (known after apply)
2025-07-27T21:45:11.5788005Z     }
2025-07-27T21:45:11.5788096Z 
2025-07-27T21:45:11.5788454Z [1m  # module.vpc.aws_route_table_association.private[0][0m will be created
2025-07-27T21:45:11.5788919Z [0m  [32m+[0m[0m resource "aws_route_table_association" "private" {
2025-07-27T21:45:11.5789308Z       [32m+[0m[0m id             = (known after apply)
2025-07-27T21:45:11.5789653Z       [32m+[0m[0m route_table_id = (known after apply)
2025-07-27T21:45:11.5789988Z       [32m+[0m[0m subnet_id      = (known after apply)
2025-07-27T21:45:11.5790238Z     }
2025-07-27T21:45:11.5790332Z 
2025-07-27T21:45:11.5790561Z [1m  # module.vpc.aws_route_table_association.private[1][0m will be created
2025-07-27T21:45:11.5790765Z [0m  [32m+[0m[0m resource "aws_route_table_association" "private" {
2025-07-27T21:45:11.5790914Z       [32m+[0m[0m id             = (known after apply)
2025-07-27T21:45:11.5791063Z       [32m+[0m[0m route_table_id = (known after apply)
2025-07-27T21:45:11.5791213Z       [32m+[0m[0m subnet_id      = (known after apply)
2025-07-27T21:45:11.5791279Z     }
2025-07-27T21:45:11.5791289Z 
2025-07-27T21:45:11.5791522Z [1m  # module.vpc.aws_route_table_association.private[2][0m will be created
2025-07-27T21:45:11.5791712Z [0m  [32m+[0m[0m resource "aws_route_table_association" "private" {
2025-07-27T21:45:11.5791860Z       [32m+[0m[0m id             = (known after apply)
2025-07-27T21:45:11.5792120Z       [32m+[0m[0m route_table_id = (known after apply)
2025-07-27T21:45:11.5792267Z       [32m+[0m[0m subnet_id      = (known after apply)
2025-07-27T21:45:11.5792340Z     }
2025-07-27T21:45:11.5792344Z 
2025-07-27T21:45:11.5792568Z [1m  # module.vpc.aws_route_table_association.public[0][0m will be created
2025-07-27T21:45:11.5792765Z [0m  [32m+[0m[0m resource "aws_route_table_association" "public" {
2025-07-27T21:45:11.5792906Z       [32m+[0m[0m id             = (known after apply)
2025-07-27T21:45:11.5793069Z       [32m+[0m[0m route_table_id = (known after apply)
2025-07-27T21:45:11.5793219Z       [32m+[0m[0m subnet_id      = (known after apply)
2025-07-27T21:45:11.5793288Z     }
2025-07-27T21:45:11.5793292Z 
2025-07-27T21:45:11.5793518Z [1m  # module.vpc.aws_route_table_association.public[1][0m will be created
2025-07-27T21:45:11.5793706Z [0m  [32m+[0m[0m resource "aws_route_table_association" "public" {
2025-07-27T21:45:11.5793853Z       [32m+[0m[0m id             = (known after apply)
2025-07-27T21:45:11.5794115Z       [32m+[0m[0m route_table_id = (known after apply)
2025-07-27T21:45:11.5794266Z       [32m+[0m[0m subnet_id      = (known after apply)
2025-07-27T21:45:11.5794338Z     }
2025-07-27T21:45:11.5794342Z 
2025-07-27T21:45:11.5794565Z [1m  # module.vpc.aws_route_table_association.public[2][0m will be created
2025-07-27T21:45:11.5794758Z [0m  [32m+[0m[0m resource "aws_route_table_association" "public" {
2025-07-27T21:45:11.5794900Z       [32m+[0m[0m id             = (known after apply)
2025-07-27T21:45:11.5795052Z       [32m+[0m[0m route_table_id = (known after apply)
2025-07-27T21:45:11.5795200Z       [32m+[0m[0m subnet_id      = (known after apply)
2025-07-27T21:45:11.5795269Z     }
2025-07-27T21:45:11.5795273Z 
2025-07-27T21:45:11.5795486Z [1m  # module.vpc.aws_security_group.vpc_endpoints[0m will be created
2025-07-27T21:45:11.5795670Z [0m  [32m+[0m[0m resource "aws_security_group" "vpc_endpoints" {
2025-07-27T21:45:11.5795843Z       [32m+[0m[0m arn                    = (known after apply)
2025-07-27T21:45:11.5796021Z       [32m+[0m[0m description            = "Managed by Terraform"
2025-07-27T21:45:11.5796158Z       [32m+[0m[0m egress                 = [
2025-07-27T21:45:11.5796266Z           [32m+[0m[0m {
2025-07-27T21:45:11.5796401Z               [32m+[0m[0m cidr_blocks      = [
2025-07-27T21:45:11.5796530Z                   [32m+[0m[0m "0.0.0.0/0",
2025-07-27T21:45:11.5796601Z                 ]
2025-07-27T21:45:11.5796775Z               [32m+[0m[0m description      = "All outbound traffic"
2025-07-27T21:45:11.5796903Z               [32m+[0m[0m from_port        = 0
2025-07-27T21:45:11.5797156Z               [32m+[0m[0m ipv6_cidr_blocks = []
2025-07-27T21:45:11.5797292Z               [32m+[0m[0m prefix_list_ids  = []
2025-07-27T21:45:11.5797430Z               [32m+[0m[0m protocol         = "-1"
2025-07-27T21:45:11.5797565Z               [32m+[0m[0m security_groups  = []
2025-07-27T21:45:11.5797702Z               [32m+[0m[0m self             = false
2025-07-27T21:45:11.5797834Z               [32m+[0m[0m to_port          = 0
2025-07-27T21:45:11.5797905Z             },
2025-07-27T21:45:11.5797978Z         ]
2025-07-27T21:45:11.5798144Z       [32m+[0m[0m id                     = (known after apply)
2025-07-27T21:45:11.5798273Z       [32m+[0m[0m ingress                = [
2025-07-27T21:45:11.5798379Z           [32m+[0m[0m {
2025-07-27T21:45:11.5798506Z               [32m+[0m[0m cidr_blocks      = [
2025-07-27T21:45:11.5798634Z                   [32m+[0m[0m "10.0.0.0/16",
2025-07-27T21:45:11.5798704Z                 ]
2025-07-27T21:45:11.5798866Z               [32m+[0m[0m description      = "HTTPS from VPC"
2025-07-27T21:45:11.5799005Z               [32m+[0m[0m from_port        = 443
2025-07-27T21:45:11.5799140Z               [32m+[0m[0m ipv6_cidr_blocks = []
2025-07-27T21:45:11.5799273Z               [32m+[0m[0m prefix_list_ids  = []
2025-07-27T21:45:11.5799412Z               [32m+[0m[0m protocol         = "tcp"
2025-07-27T21:45:11.5799546Z               [32m+[0m[0m security_groups  = []
2025-07-27T21:45:11.5799674Z               [32m+[0m[0m self             = false
2025-07-27T21:45:11.5799808Z               [32m+[0m[0m to_port          = 443
2025-07-27T21:45:11.5799878Z             },
2025-07-27T21:45:11.5799950Z         ]
2025-07-27T21:45:11.5800119Z       [32m+[0m[0m name                   = (known after apply)
2025-07-27T21:45:11.5800313Z       [32m+[0m[0m name_prefix            = "tasky-dev-vpc-endpoints-"
2025-07-27T21:45:11.5800481Z       [32m+[0m[0m owner_id               = (known after apply)
2025-07-27T21:45:11.5800621Z       [32m+[0m[0m revoke_rules_on_delete = false
2025-07-27T21:45:11.5800783Z       [32m+[0m[0m tags                   = (known after apply)
2025-07-27T21:45:11.5800941Z       [32m+[0m[0m tags_all               = (known after apply)
2025-07-27T21:45:11.5801105Z       [32m+[0m[0m vpc_id                 = (known after apply)
2025-07-27T21:45:11.5801259Z     }
2025-07-27T21:45:11.5801264Z 
2025-07-27T21:45:11.5801446Z [1m  # module.vpc.aws_subnet.private[0][0m will be created
2025-07-27T21:45:11.5801604Z [0m  [32m+[0m[0m resource "aws_subnet" "private" {
2025-07-27T21:45:11.5801791Z       [32m+[0m[0m arn                                            = (known after apply)
2025-07-27T21:45:11.5802092Z       [32m+[0m[0m assign_ipv6_address_on_creation                = false
2025-07-27T21:45:11.5802317Z       [32m+[0m[0m availability_zone                              = "us-east-1a"
2025-07-27T21:45:11.5802544Z       [32m+[0m[0m availability_zone_id                           = (known after apply)
2025-07-27T21:45:11.5802750Z       [32m+[0m[0m cidr_block                                     = "10.0.3.0/24"
2025-07-27T21:45:11.5802936Z       [32m+[0m[0m enable_dns64                                   = false
2025-07-27T21:45:11.5803146Z       [32m+[0m[0m enable_resource_name_dns_a_record_on_launch    = false
2025-07-27T21:45:11.5803345Z       [32m+[0m[0m enable_resource_name_dns_aaaa_record_on_launch = false
2025-07-27T21:45:11.5803530Z       [32m+[0m[0m id                                             = (known after apply)
2025-07-27T21:45:11.5803770Z       [32m+[0m[0m ipv6_cidr_block_association_id                 = (known after apply)
2025-07-27T21:45:11.5803949Z       [32m+[0m[0m ipv6_native                                    = false
2025-07-27T21:45:11.5804136Z       [32m+[0m[0m map_public_ip_on_launch                        = false
2025-07-27T21:45:11.5804330Z       [32m+[0m[0m owner_id                                       = (known after apply)
2025-07-27T21:45:11.5804725Z       [32m+[0m[0m private_dns_hostname_type_on_launch            = (known after apply)
2025-07-27T21:45:11.5804915Z       [32m+[0m[0m tags                                           = (known after apply)
2025-07-27T21:45:11.5805102Z       [32m+[0m[0m tags_all                                       = (known after apply)
2025-07-27T21:45:11.5805294Z       [32m+[0m[0m vpc_id                                         = (known after apply)
2025-07-27T21:45:11.5805362Z     }
2025-07-27T21:45:11.5805366Z 
2025-07-27T21:45:11.5805547Z [1m  # module.vpc.aws_subnet.private[1][0m will be created
2025-07-27T21:45:11.5805697Z [0m  [32m+[0m[0m resource "aws_subnet" "private" {
2025-07-27T21:45:11.5805882Z       [32m+[0m[0m arn                                            = (known after apply)
2025-07-27T21:45:11.5806075Z       [32m+[0m[0m assign_ipv6_address_on_creation                = false
2025-07-27T21:45:11.5806294Z       [32m+[0m[0m availability_zone                              = "us-east-1b"
2025-07-27T21:45:11.5806528Z       [32m+[0m[0m availability_zone_id                           = (known after apply)
2025-07-27T21:45:11.5806722Z       [32m+[0m[0m cidr_block                                     = "10.0.4.0/24"
2025-07-27T21:45:11.5806906Z       [32m+[0m[0m enable_dns64                                   = false
2025-07-27T21:45:11.5807110Z       [32m+[0m[0m enable_resource_name_dns_a_record_on_launch    = false
2025-07-27T21:45:11.5807306Z       [32m+[0m[0m enable_resource_name_dns_aaaa_record_on_launch = false
2025-07-27T21:45:11.5807490Z       [32m+[0m[0m id                                             = (known after apply)
2025-07-27T21:45:11.5807724Z       [32m+[0m[0m ipv6_cidr_block_association_id                 = (known after apply)
2025-07-27T21:45:11.5807905Z       [32m+[0m[0m ipv6_native                                    = false
2025-07-27T21:45:11.5808087Z       [32m+[0m[0m map_public_ip_on_launch                        = false
2025-07-27T21:45:11.5808289Z       [32m+[0m[0m owner_id                                       = (known after apply)
2025-07-27T21:45:11.5808533Z       [32m+[0m[0m private_dns_hostname_type_on_launch            = (known after apply)
2025-07-27T21:45:11.5808716Z       [32m+[0m[0m tags                                           = (known after apply)
2025-07-27T21:45:11.5809022Z       [32m+[0m[0m tags_all                                       = (known after apply)
2025-07-27T21:45:11.5809213Z       [32m+[0m[0m vpc_id                                         = (known after apply)
2025-07-27T21:45:11.5809290Z     }
2025-07-27T21:45:11.5809295Z 
2025-07-27T21:45:11.5809476Z [1m  # module.vpc.aws_subnet.private[2][0m will be created
2025-07-27T21:45:11.5809625Z [0m  [32m+[0m[0m resource "aws_subnet" "private" {
2025-07-27T21:45:11.5809809Z       [32m+[0m[0m arn                                            = (known after apply)
2025-07-27T21:45:11.5809999Z       [32m+[0m[0m assign_ipv6_address_on_creation                = false
2025-07-27T21:45:11.5810218Z       [32m+[0m[0m availability_zone                              = "us-east-1c"
2025-07-27T21:45:11.5810449Z       [32m+[0m[0m availability_zone_id                           = (known after apply)
2025-07-27T21:45:11.5810639Z       [32m+[0m[0m cidr_block                                     = "10.0.5.0/24"
2025-07-27T21:45:11.5810826Z       [32m+[0m[0m enable_dns64                                   = false
2025-07-27T21:45:11.5811020Z       [32m+[0m[0m enable_resource_name_dns_a_record_on_launch    = false
2025-07-27T21:45:11.5811217Z       [32m+[0m[0m enable_resource_name_dns_aaaa_record_on_launch = false
2025-07-27T21:45:11.5811394Z       [32m+[0m[0m id                                             = (known after apply)
2025-07-27T21:45:11.5811632Z       [32m+[0m[0m ipv6_cidr_block_association_id                 = (known after apply)
2025-07-27T21:45:11.5811813Z       [32m+[0m[0m ipv6_native                                    = false
2025-07-27T21:45:11.5812188Z       [32m+[0m[0m map_public_ip_on_launch                        = false
2025-07-27T21:45:11.5812393Z       [32m+[0m[0m owner_id                                       = (known after apply)
2025-07-27T21:45:11.5812633Z       [32m+[0m[0m private_dns_hostname_type_on_launch            = (known after apply)
2025-07-27T21:45:11.5812833Z       [32m+[0m[0m tags                                           = (known after apply)
2025-07-27T21:45:11.5813028Z       [32m+[0m[0m tags_all                                       = (known after apply)
2025-07-27T21:45:11.5813212Z       [32m+[0m[0m vpc_id                                         = (known after apply)
2025-07-27T21:45:11.5813283Z     }
2025-07-27T21:45:11.5813287Z 
2025-07-27T21:45:11.5813468Z [1m  # module.vpc.aws_subnet.public[0][0m will be created
2025-07-27T21:45:11.5813622Z [0m  [32m+[0m[0m resource "aws_subnet" "public" {
2025-07-27T21:45:11.5813805Z       [32m+[0m[0m arn                                            = (known after apply)
2025-07-27T21:45:11.5814012Z       [32m+[0m[0m assign_ipv6_address_on_creation                = false
2025-07-27T21:45:11.5814234Z       [32m+[0m[0m availability_zone                              = "us-east-1a"
2025-07-27T21:45:11.5814457Z       [32m+[0m[0m availability_zone_id                           = (known after apply)
2025-07-27T21:45:11.5814661Z       [32m+[0m[0m cidr_block                                     = "10.0.0.0/24"
2025-07-27T21:45:11.5814842Z       [32m+[0m[0m enable_dns64                                   = false
2025-07-27T21:45:11.5815040Z       [32m+[0m[0m enable_resource_name_dns_a_record_on_launch    = false
2025-07-27T21:45:11.5815235Z       [32m+[0m[0m enable_resource_name_dns_aaaa_record_on_launch = false
2025-07-27T21:45:11.5815409Z       [32m+[0m[0m id                                             = (known after apply)
2025-07-27T21:45:11.5815646Z       [32m+[0m[0m ipv6_cidr_block_association_id                 = (known after apply)
2025-07-27T21:45:11.5815829Z       [32m+[0m[0m ipv6_native                                    = false
2025-07-27T21:45:11.5816016Z       [32m+[0m[0m map_public_ip_on_launch                        = true
2025-07-27T21:45:11.5816209Z       [32m+[0m[0m owner_id                                       = (known after apply)
2025-07-27T21:45:11.5816561Z       [32m+[0m[0m private_dns_hostname_type_on_launch            = (known after apply)
2025-07-27T21:45:11.5816757Z       [32m+[0m[0m tags                                           = (known after apply)
2025-07-27T21:45:11.5816946Z       [32m+[0m[0m tags_all                                       = (known after apply)
2025-07-27T21:45:11.5817135Z       [32m+[0m[0m vpc_id                                         = (known after apply)
2025-07-27T21:45:11.5817201Z     }
2025-07-27T21:45:11.5817205Z 
2025-07-27T21:45:11.5817386Z [1m  # module.vpc.aws_subnet.public[1][0m will be created
2025-07-27T21:45:11.5817540Z [0m  [32m+[0m[0m resource "aws_subnet" "public" {
2025-07-27T21:45:11.5817724Z       [32m+[0m[0m arn                                            = (known after apply)
2025-07-27T21:45:11.5817916Z       [32m+[0m[0m assign_ipv6_address_on_creation                = false
2025-07-27T21:45:11.5818128Z       [32m+[0m[0m availability_zone                              = "us-east-1b"
2025-07-27T21:45:11.5818359Z       [32m+[0m[0m availability_zone_id                           = (known after apply)
2025-07-27T21:45:11.5818551Z       [32m+[0m[0m cidr_block                                     = "10.0.1.0/24"
2025-07-27T21:45:11.5818734Z       [32m+[0m[0m enable_dns64                                   = false
2025-07-27T21:45:11.5818931Z       [32m+[0m[0m enable_resource_name_dns_a_record_on_launch    = false
2025-07-27T21:45:11.5819127Z       [32m+[0m[0m enable_resource_name_dns_aaaa_record_on_launch = false
2025-07-27T21:45:11.5819305Z       [32m+[0m[0m id                                             = (known after apply)
2025-07-27T21:45:11.5819650Z       [32m+[0m[0m ipv6_cidr_block_association_id                 = (known after apply)
2025-07-27T21:45:11.5819832Z       [32m+[0m[0m ipv6_native                                    = false
2025-07-27T21:45:11.5820019Z       [32m+[0m[0m map_public_ip_on_launch                        = true
2025-07-27T21:45:11.5820216Z       [32m+[0m[0m owner_id                                       = (known after apply)
2025-07-27T21:45:11.5820458Z       [32m+[0m[0m private_dns_hostname_type_on_launch            = (known after apply)
2025-07-27T21:45:11.5820638Z       [32m+[0m[0m tags                                           = (known after apply)
2025-07-27T21:45:11.5820834Z       [32m+[0m[0m tags_all                                       = (known after apply)
2025-07-27T21:45:11.5821022Z       [32m+[0m[0m vpc_id                                         = (known after apply)
2025-07-27T21:45:11.5821089Z     }
2025-07-27T21:45:11.5821093Z 
2025-07-27T21:45:11.5821271Z [1m  # module.vpc.aws_subnet.public[2][0m will be created
2025-07-27T21:45:11.5821422Z [0m  [32m+[0m[0m resource "aws_subnet" "public" {
2025-07-27T21:45:11.5821607Z       [32m+[0m[0m arn                                            = (known after apply)
2025-07-27T21:45:11.5821796Z       [32m+[0m[0m assign_ipv6_address_on_creation                = false
2025-07-27T21:45:11.5822120Z       [32m+[0m[0m availability_zone                              = "us-east-1c"
2025-07-27T21:45:11.5822354Z       [32m+[0m[0m availability_zone_id                           = (known after apply)
2025-07-27T21:45:11.5822547Z       [32m+[0m[0m cidr_block                                     = "10.0.2.0/24"
2025-07-27T21:45:11.5822733Z       [32m+[0m[0m enable_dns64                                   = false
2025-07-27T21:45:11.5822933Z       [32m+[0m[0m enable_resource_name_dns_a_record_on_launch    = false
2025-07-27T21:45:11.5823132Z       [32m+[0m[0m enable_resource_name_dns_aaaa_record_on_launch = false
2025-07-27T21:45:11.5823319Z       [32m+[0m[0m id                                             = (known after apply)
2025-07-27T21:45:11.5823550Z       [32m+[0m[0m ipv6_cidr_block_association_id                 = (known after apply)
2025-07-27T21:45:11.5823729Z       [32m+[0m[0m ipv6_native                                    = false
2025-07-27T21:45:11.5824026Z       [32m+[0m[0m map_public_ip_on_launch                        = true
2025-07-27T21:45:11.5824229Z       [32m+[0m[0m owner_id                                       = (known after apply)
2025-07-27T21:45:11.5824467Z       [32m+[0m[0m private_dns_hostname_type_on_launch            = (known after apply)
2025-07-27T21:45:11.5824655Z       [32m+[0m[0m tags                                           = (known after apply)
2025-07-27T21:45:11.5824856Z       [32m+[0m[0m tags_all                                       = (known after apply)
2025-07-27T21:45:11.5825041Z       [32m+[0m[0m vpc_id                                         = (known after apply)
2025-07-27T21:45:11.5825118Z     }
2025-07-27T21:45:11.5825122Z 
2025-07-27T21:45:11.5825275Z [1m  # module.vpc.aws_vpc.main[0m will be created
2025-07-27T21:45:11.5825422Z [0m  [32m+[0m[0m resource "aws_vpc" "main" {
2025-07-27T21:45:11.5825609Z       [32m+[0m[0m arn                                  = (known after apply)
2025-07-27T21:45:11.5825794Z       [32m+[0m[0m cidr_block                           = "10.0.0.0/16"
2025-07-27T21:45:11.5826007Z       [32m+[0m[0m default_network_acl_id               = (known after apply)
2025-07-27T21:45:11.5826206Z       [32m+[0m[0m default_route_table_id               = (known after apply)
2025-07-27T21:45:11.5826413Z       [32m+[0m[0m default_security_group_id            = (known after apply)
2025-07-27T21:45:11.5826606Z       [32m+[0m[0m dhcp_options_id                      = (known after apply)
2025-07-27T21:45:11.5826779Z       [32m+[0m[0m enable_dns_hostnames                 = true
2025-07-27T21:45:11.5826944Z       [32m+[0m[0m enable_dns_support                   = true
2025-07-27T21:45:11.5827263Z       [32m+[0m[0m enable_network_address_usage_metrics = (known after apply)
2025-07-27T21:45:11.5827438Z       [32m+[0m[0m id                                   = (known after apply)
2025-07-27T21:45:11.5827619Z       [32m+[0m[0m instance_tenancy                     = "default"
2025-07-27T21:45:11.5827826Z       [32m+[0m[0m ipv6_association_id                  = (known after apply)
2025-07-27T21:45:11.5828021Z       [32m+[0m[0m ipv6_cidr_block                      = (known after apply)
2025-07-27T21:45:11.5828228Z       [32m+[0m[0m ipv6_cidr_block_network_border_group = (known after apply)
2025-07-27T21:45:11.5828430Z       [32m+[0m[0m main_route_table_id                  = (known after apply)
2025-07-27T21:45:11.5828612Z       [32m+[0m[0m owner_id                             = (known after apply)
2025-07-27T21:45:11.5828790Z       [32m+[0m[0m tags                                 = (known after apply)
2025-07-27T21:45:11.5828975Z       [32m+[0m[0m tags_all                             = (known after apply)
2025-07-27T21:45:11.5829047Z     }
2025-07-27T21:45:11.5829051Z 
2025-07-27T21:45:11.5829232Z [1m  # module.vpc.aws_vpc_endpoint.ec2[0m will be created
2025-07-27T21:45:11.5829394Z [0m  [32m+[0m[0m resource "aws_vpc_endpoint" "ec2" {
2025-07-27T21:45:11.5829561Z       [32m+[0m[0m arn                   = (known after apply)
2025-07-27T21:45:11.5829719Z       [32m+[0m[0m cidr_blocks           = (known after apply)
2025-07-27T21:45:11.5829882Z       [32m+[0m[0m dns_entry             = (known after apply)
2025-07-27T21:45:11.5830034Z       [32m+[0m[0m id                    = (known after apply)
2025-07-27T21:45:11.5830199Z       [32m+[0m[0m ip_address_type       = (known after apply)
2025-07-27T21:45:11.5830367Z       [32m+[0m[0m network_interface_ids = (known after apply)
2025-07-27T21:45:11.5830526Z       [32m+[0m[0m owner_id              = (known after apply)
2025-07-27T21:45:11.5830695Z       [32m+[0m[0m policy                = (known after apply)
2025-07-27T21:45:11.5830854Z       [32m+[0m[0m prefix_list_id        = (known after apply)
2025-07-27T21:45:11.5830999Z       [32m+[0m[0m private_dns_enabled   = true
2025-07-27T21:45:11.5831168Z       [32m+[0m[0m requester_managed     = (known after apply)
2025-07-27T21:45:11.5831408Z       [32m+[0m[0m route_table_ids       = (known after apply)
2025-07-27T21:45:11.5831578Z       [32m+[0m[0m security_group_ids    = (known after apply)
2025-07-27T21:45:11.5831784Z       [32m+[0m[0m service_name          = "com.amazonaws.us-east-1.ec2"
2025-07-27T21:45:11.5832048Z       [32m+[0m[0m service_region        = (known after apply)
2025-07-27T21:45:11.5832208Z       [32m+[0m[0m state                 = (known after apply)
2025-07-27T21:45:11.5832371Z       [32m+[0m[0m subnet_ids            = (known after apply)
2025-07-27T21:45:11.5832532Z       [32m+[0m[0m tags                  = (known after apply)
2025-07-27T21:45:11.5832693Z       [32m+[0m[0m tags_all              = (known after apply)
2025-07-27T21:45:11.5832856Z       [32m+[0m[0m vpc_endpoint_type     = "Interface"
2025-07-27T21:45:11.5833013Z       [32m+[0m[0m vpc_id                = (known after apply)
2025-07-27T21:45:11.5833087Z     }
2025-07-27T21:45:11.5833090Z 
2025-07-27T21:45:11.5833268Z [1m  # module.vpc.aws_vpc_endpoint.s3[0m will be created
2025-07-27T21:45:11.5833430Z [0m  [32m+[0m[0m resource "aws_vpc_endpoint" "s3" {
2025-07-27T21:45:11.5833590Z       [32m+[0m[0m arn                   = (known after apply)
2025-07-27T21:45:11.5833832Z       [32m+[0m[0m cidr_blocks           = (known after apply)
2025-07-27T21:45:11.5834133Z       [32m+[0m[0m dns_entry             = (known after apply)
2025-07-27T21:45:11.5834789Z       [32m+[0m[0m id                    = (known after apply)
2025-07-27T21:45:11.5835175Z       [32m+[0m[0m ip_address_type       = (known after apply)
2025-07-27T21:45:11.5835546Z       [32m+[0m[0m network_interface_ids = (known after apply)
2025-07-27T21:45:11.5836056Z       [32m+[0m[0m owner_id              = (known after apply)
2025-07-27T21:45:11.5836415Z       [32m+[0m[0m policy                = (known after apply)
2025-07-27T21:45:11.5836778Z       [32m+[0m[0m prefix_list_id        = (known after apply)
2025-07-27T21:45:11.5837156Z       [32m+[0m[0m private_dns_enabled   = (known after apply)
2025-07-27T21:45:11.5837527Z       [32m+[0m[0m requester_managed     = (known after apply)
2025-07-27T21:45:11.5838133Z       [32m+[0m[0m route_table_ids       = (known after apply)
2025-07-27T21:45:11.5838496Z       [32m+[0m[0m security_group_ids    = (known after apply)
2025-07-27T21:45:11.5838898Z       [32m+[0m[0m service_name          = "com.amazonaws.us-east-1.s3"
2025-07-27T21:45:11.5839299Z       [32m+[0m[0m service_region        = (known after apply)
2025-07-27T21:45:11.5839662Z       [32m+[0m[0m state                 = (known after apply)
2025-07-27T21:45:11.5840020Z       [32m+[0m[0m subnet_ids            = (known after apply)
2025-07-27T21:45:11.5840641Z       [32m+[0m[0m tags                  = (known after apply)
2025-07-27T21:45:11.5841196Z       [32m+[0m[0m tags_all              = (known after apply)
2025-07-27T21:45:11.5841549Z       [32m+[0m[0m vpc_endpoint_type     = "Gateway"
2025-07-27T21:45:11.5842027Z       [32m+[0m[0m vpc_id                = (known after apply)
2025-07-27T21:45:11.5842341Z     }
2025-07-27T21:45:11.5842445Z 
2025-07-27T21:45:11.5842604Z [1mPlan:[0m 58 to add, 0 to change, 0 to destroy.
2025-07-27T21:45:11.5842941Z [0m
2025-07-27T21:45:11.5843138Z Changes to Outputs:
2025-07-27T21:45:11.5843464Z   [32m+[0m[0m application_access_instructions           = <<-EOT
2025-07-27T21:45:11.5843791Z         To access the Tasky application:
2025-07-27T21:45:11.5844045Z             
2025-07-27T21:45:11.5844236Z         1. Configure kubectl:
2025-07-27T21:45:11.5844605Z            aws eks update-kubeconfig --region us-east-1 --name tasky-dev-v15-eks-cluster
2025-07-27T21:45:11.5844980Z             
2025-07-27T21:45:11.5845178Z         2. Get the application URL:
2025-07-27T21:45:11.5845455Z            kubectl get ingress tasky-ingress -n tasky
2025-07-27T21:45:11.5845724Z                
2025-07-27T21:45:11.5845926Z         3. Or get direct URL:
2025-07-27T21:45:11.5846547Z            echo "http://$(kubectl get ingress tasky-ingress -n tasky -o jsonpath='{.status.loadBalancer.ingress[0].hostname}')"
2025-07-27T21:45:11.5847032Z                
2025-07-27T21:45:11.5847235Z         4. Custom domain (if configured):
2025-07-27T21:45:11.5847520Z            http://ideatasky.ryanmcvey.me
2025-07-27T21:45:11.5847772Z                
2025-07-27T21:45:11.5848116Z         Note: The ALB is managed by Kubernetes AWS Load Balancer Controller, not Terraform directly.
2025-07-27T21:45:11.5848508Z     EOT
2025-07-27T21:45:11.5849099Z   [32m+[0m[0m application_url_command                   = "kubectl get ingress tasky-ingress -n tasky -o jsonpath='{.status.loadBalancer.ingress[0].hostname}'"
2025-07-27T21:45:11.5849749Z   [32m+[0m[0m aws_region                                = "us-east-1"
2025-07-27T21:45:11.5850200Z   [32m+[0m[0m eks_aws_load_balancer_controller_role_arn = (known after apply)
2025-07-27T21:45:11.5850670Z   [32m+[0m[0m eks_cluster_endpoint                      = (known after apply)
2025-07-27T21:45:11.5851193Z   [32m+[0m[0m eks_cluster_name                          = "tasky-dev-v15-eks-cluster"
2025-07-27T21:45:11.5852018Z   [32m+[0m[0m eks_cluster_security_group_id             = (known after apply)
2025-07-27T21:45:11.5852497Z   [32m+[0m[0m eks_node_group_security_group_id          = (known after apply)
2025-07-27T21:45:11.5852943Z   [32m+[0m[0m jwt_secret                                = (sensitive value)
2025-07-27T21:45:11.5853577Z   [32m+[0m[0m kubectl_config_command                    = "aws eks update-kubeconfig --region us-east-1 --name tasky-dev-v15-eks-cluster"
2025-07-27T21:45:11.5854240Z   [32m+[0m[0m mongodb_cloudwatch_logs                   = "/aws/ec2/tasky-dev-v15/mongodb"
2025-07-27T21:45:11.5854888Z   [32m+[0m[0m mongodb_connection_string                 = (sensitive value)
2025-07-27T21:45:11.5855335Z   [32m+[0m[0m mongodb_database_name                     = "go-mongodb"
2025-07-27T21:45:11.5855784Z   [32m+[0m[0m mongodb_instance_id                       = (known after apply)
2025-07-27T21:45:11.5856229Z   [32m+[0m[0m mongodb_password                          = (sensitive value)
2025-07-27T21:45:11.5856678Z   [32m+[0m[0m mongodb_private_ip                        = (known after apply)
2025-07-27T21:45:11.5857132Z   [32m+[0m[0m mongodb_security_group_id                 = (known after apply)
2025-07-27T21:45:11.5857564Z   [32m+[0m[0m mongodb_troubleshooting                   = {
2025-07-27T21:45:11.5857939Z       [32m+[0m[0m ssm_connect        = (known after apply)
2025-07-27T21:45:11.5858441Z       [32m+[0m[0m status_check       = "Run '/opt/mongodb-backup/status-check.sh' on the instance via SSM"
2025-07-27T21:45:11.5858924Z       [32m+[0m[0m tail_mongodb_log   = (known after apply)
2025-07-27T21:45:11.5859290Z       [32m+[0m[0m tail_mongodb_setup = (known after apply)
2025-07-27T21:45:11.5859646Z       [32m+[0m[0m tail_user_data     = (known after apply)
2025-07-27T21:45:11.5860004Z       [32m+[0m[0m view_cloud_init    = (known after apply)
2025-07-27T21:45:11.5860557Z       [32m+[0m[0m view_logs          = "aws logs describe-log-streams --log-group-name '/aws/ec2/tasky-dev-v15/mongodb'"
2025-07-27T21:45:11.5860985Z     }
2025-07-27T21:45:11.5861293Z   [32m+[0m[0m mongodb_username                          = (sensitive value)
2025-07-27T21:45:11.5861752Z   [32m+[0m[0m s3_backup_bucket_name                     = (known after apply)
2025-07-27T21:45:11.5862315Z   [32m+[0m[0m s3_backup_public_url                      = (known after apply)
2025-07-27T21:45:11.5862767Z   [32m+[0m[0m s3_backup_public_url_latest_db            = (known after apply)
2025-07-27T21:45:11.5863205Z   [32m+[0m[0m vpc_id                                    = (known after apply)
2025-07-27T21:45:11.5863504Z [90m
2025-07-27T21:45:11.5863828Z ─────────────────────────────────────────────────────────────────────────────[0m
2025-07-27T21:45:11.5864057Z 
2025-07-27T21:45:11.5864150Z Saved the plan to: tfplan
2025-07-27T21:45:11.5864299Z 
2025-07-27T21:45:11.5864611Z To perform exactly these actions, run the following command to apply:
2025-07-27T21:45:11.5864969Z     terraform apply "tfplan"
2025-07-27T21:45:11.7023183Z ✅ No changes detected. Infrastructure is up to date.
2025-07-27T21:45:11.7066529Z ##[group]Run terraform apply -auto-approve tfplan
2025-07-27T21:45:11.7066916Z [36;1mterraform apply -auto-approve tfplan[0m
2025-07-27T21:45:11.7094062Z shell: /usr/bin/bash -e {0}
2025-07-27T21:45:11.7094304Z env:
2025-07-27T21:45:11.7094484Z   TF_VERSION: 1.7.5
2025-07-27T21:45:11.7094689Z   AWS_REGION: us-east-1
2025-07-27T21:45:11.7094906Z   PROJECT_NAME: tasky
2025-07-27T21:45:11.7095120Z   ENVIRONMENT: dev
2025-07-27T21:45:11.7095338Z   STACK_VERSION: v15
2025-07-27T21:45:11.7095547Z   AWS_DEFAULT_REGION: us-east-1
2025-07-27T21:45:11.7095874Z   AWS_ACCESS_KEY_ID: ***
2025-07-27T21:45:11.7096184Z   AWS_SECRET_ACCESS_KEY: ***
2025-07-27T21:45:11.7101086Z   AWS_SESSION_TOKEN: ***
2025-07-27T21:45:11.7101433Z   TERRAFORM_CLI_PATH: /home/runner/work/_temp/e800c029-1fbc-4bd5-96cf-f5bfd4c335ff
2025-07-27T21:45:11.7101806Z ##[endgroup]
2025-07-27T21:45:15.1109271Z [0m[1mmodule.s3_backup.random_string.bucket_suffix: Creating...[0m[0m
2025-07-27T21:45:15.1126419Z [0m[1mmodule.s3_backup.random_string.bucket_suffix: Creation complete after 0s [id=yrifp9yw][0m
2025-07-27T21:45:15.5705071Z [0m[1mmodule.eks.aws_iam_role.eks_node_group: Creating...[0m[0m
2025-07-27T21:45:15.5706434Z [0m[1mmodule.mongodb_ec2.aws_cloudwatch_log_group.mongodb: Creating...[0m[0m
2025-07-27T21:45:15.5709491Z [0m[1mmodule.eks.aws_iam_role.eks_cluster: Creating...[0m[0m
2025-07-27T21:45:15.5710345Z [0m[1mmodule.mongodb_ec2.aws_iam_role.mongodb: Creating...[0m[0m
2025-07-27T21:45:15.5713007Z [0m[1mmodule.eks.aws_iam_policy.aws_load_balancer_controller: Creating...[0m[0m
2025-07-27T21:45:15.5743179Z [0m[1mmodule.s3_backup.aws_s3_bucket.backup: Creating...[0m[0m
2025-07-27T21:45:15.5744972Z [0m[1mmodule.vpc.aws_vpc.main: Creating...[0m[0m
2025-07-27T21:45:16.1969459Z [0m[1mmodule.eks.aws_iam_policy.aws_load_balancer_controller: Creation complete after 0s [id=arn:aws:iam::152451250193:policy/tasky-dev-v15-AWSLoadBalancerControllerPolicy][0m
2025-07-27T21:45:16.2083960Z [0m[1mmodule.mongodb_ec2.aws_cloudwatch_log_group.mongodb: Creation complete after 0s [id=/aws/ec2/tasky-dev-v15/mongodb][0m
2025-07-27T21:45:16.2931505Z [0m[1mmodule.mongodb_ec2.aws_iam_role.mongodb: Creation complete after 0s [id=tasky-dev-v15-mongodb-role][0m
2025-07-27T21:45:16.2953369Z [0m[1mmodule.mongodb_ec2.aws_iam_role_policy_attachment.mongodb_admin: Creating...[0m[0m
2025-07-27T21:45:16.2959716Z [0m[1mmodule.mongodb_ec2.aws_iam_instance_profile.mongodb: Creating...[0m[0m
2025-07-27T21:45:16.2978149Z [0m[1mmodule.eks.aws_iam_role.eks_node_group: Creation complete after 0s [id=tasky-dev-v15-eks-node-group-role][0m
2025-07-27T21:45:16.2995512Z [0m[1mmodule.eks.aws_iam_role_policy_attachment.eks_worker_node_policy: Creating...[0m[0m
2025-07-27T21:45:16.2998089Z [0m[1mmodule.eks.aws_iam_role_policy_attachment.eks_container_registry_policy: Creating...[0m[0m
2025-07-27T21:45:16.3033606Z [0m[1mmodule.eks.aws_iam_role_policy_attachment.eks_cni_policy: Creating...[0m[0m
2025-07-27T21:45:16.3495713Z [0m[1mmodule.eks.aws_iam_role.eks_cluster: Creation complete after 0s [id=tasky-dev-v15-eks-cluster-role][0m
2025-07-27T21:45:16.3510740Z [0m[1mmodule.eks.aws_iam_role_policy_attachment.eks_cluster_policy: Creating...[0m[0m
2025-07-27T21:45:16.6358405Z [0m[1mmodule.eks.aws_iam_role_policy_attachment.eks_worker_node_policy: Creation complete after 1s [id=tasky-dev-v15-eks-node-group-role-20250727214516478200000002][0m
2025-07-27T21:45:16.6414666Z [0m[1mmodule.eks.aws_iam_role_policy_attachment.eks_container_registry_policy: Creation complete after 1s [id=tasky-dev-v15-eks-node-group-role-20250727214516533700000003][0m
2025-07-27T21:45:16.6671297Z [0m[1mmodule.mongodb_ec2.aws_iam_role_policy_attachment.mongodb_admin: Creation complete after 1s [id=tasky-dev-v15-mongodb-role-20250727214516466600000001][0m
2025-07-27T21:45:16.7071192Z [0m[1mmodule.eks.aws_iam_role_policy_attachment.eks_cni_policy: Creation complete after 1s [id=tasky-dev-v15-eks-node-group-role-20250727214516606800000004][0m
2025-07-27T21:45:16.7589556Z [0m[1mmodule.eks.aws_iam_role_policy_attachment.eks_cluster_policy: Creation complete after 1s [id=tasky-dev-v15-eks-cluster-role-20250727214516646300000005][0m
2025-07-27T21:45:17.5951486Z [0m[1mmodule.s3_backup.aws_s3_bucket.backup: Creation complete after 2s [id=tasky-dev-v15-mongodb-backup-yrifp9yw][0m
2025-07-27T21:45:17.5977414Z [0m[1mmodule.s3_backup.aws_s3_bucket_public_access_block.backup: Creating...[0m[0m
2025-07-27T21:45:17.5994077Z [0m[1mmodule.s3_backup.aws_s3_bucket_versioning.backup: Creating...[0m[0m
2025-07-27T21:45:17.6120574Z [0m[1mmodule.s3_backup.aws_s3_bucket_lifecycle_configuration.backup: Creating...[0m[0m
2025-07-27T21:45:17.9230544Z [0m[1mmodule.s3_backup.aws_s3_bucket_public_access_block.backup: Creation complete after 0s [id=tasky-dev-v15-mongodb-backup-yrifp9yw][0m
2025-07-27T21:45:17.9257856Z [0m[1mmodule.s3_backup.aws_s3_bucket_policy.backup_public_read: Creating...[0m[0m
2025-07-27T21:45:18.3283582Z [0m[1mmodule.s3_backup.aws_s3_bucket_policy.backup_public_read: Creation complete after 0s [id=tasky-dev-v15-mongodb-backup-yrifp9yw][0m
2025-07-27T21:45:19.4795847Z [0m[1mmodule.s3_backup.aws_s3_bucket_versioning.backup: Creation complete after 1s [id=tasky-dev-v15-mongodb-backup-yrifp9yw][0m
2025-07-27T21:45:22.5285292Z [0m[1mmodule.mongodb_ec2.aws_iam_instance_profile.mongodb: Creation complete after 7s [id=tasky-dev-v15-mongodb-profile][0m
2025-07-27T21:45:25.5749764Z [0m[1mmodule.vpc.aws_vpc.main: Still creating... [10s elapsed][0m[0m
2025-07-27T21:45:27.6129452Z [0m[1mmodule.s3_backup.aws_s3_bucket_lifecycle_configuration.backup: Still creating... [10s elapsed][0m[0m
2025-07-27T21:45:28.2045288Z [0m[1mmodule.vpc.aws_vpc.main: Creation complete after 12s [id=vpc-06d7e8abc257ade7d][0m
2025-07-27T21:45:28.2091720Z [0m[1mmodule.vpc.aws_subnet.private[2]: Creating...[0m[0m
2025-07-27T21:45:28.2104932Z [0m[1mmodule.vpc.aws_internet_gateway.main: Creating...[0m[0m
2025-07-27T21:45:28.2106558Z [0m[1mmodule.vpc.aws_subnet.private[1]: Creating...[0m[0m
2025-07-27T21:45:28.2107440Z [0m[1mmodule.vpc.aws_subnet.private[0]: Creating...[0m[0m
2025-07-27T21:45:28.2141252Z [0m[1mmodule.vpc.aws_security_group.vpc_endpoints: Creating...[0m[0m
2025-07-27T21:45:28.2142356Z [0m[1mmodule.mongodb_ec2.aws_security_group.mongodb: Creating...[0m[0m
2025-07-27T21:45:29.0027356Z [0m[1mmodule.vpc.aws_internet_gateway.main: Creation complete after 1s [id=igw-0df52f5f4eaa9fa52][0m
2025-07-27T21:45:29.0086995Z [0m[1mmodule.vpc.aws_subnet.public[2]: Creating...[0m[0m
2025-07-27T21:45:29.0088160Z [0m[1mmodule.vpc.aws_subnet.public[0]: Creating...[0m[0m
2025-07-27T21:45:29.0088941Z [0m[1mmodule.vpc.aws_subnet.public[1]: Creating...[0m[0m
2025-07-27T21:45:29.0089716Z [0m[1mmodule.vpc.aws_route_table.public: Creating...[0m[0m
2025-07-27T21:45:29.1865078Z [0m[1mmodule.vpc.aws_subnet.private[0]: Creation complete after 1s [id=subnet-05452d32f8733225f][0m
2025-07-27T21:45:29.1884328Z [0m[1mmodule.vpc.aws_subnet.private[2]: Creation complete after 1s [id=subnet-05dffe3ec5b3eb045][0m
2025-07-27T21:45:29.1903549Z [0m[1mmodule.vpc.aws_eip.nat[1]: Creating...[0m[0m
2025-07-27T21:45:29.1920243Z [0m[1mmodule.vpc.aws_eip.nat[0]: Creating...[0m[0m
2025-07-27T21:45:29.2104121Z [0m[1mmodule.vpc.aws_subnet.private[1]: Creation complete after 1s [id=subnet-0dcd07fd2ca3c694c][0m
2025-07-27T21:45:29.2133541Z [0m[1mmodule.vpc.aws_eip.nat[2]: Creating...[0m[0m
2025-07-27T21:45:30.2107008Z [0m[1mmodule.vpc.aws_eip.nat[1]: Creation complete after 1s [id=eipalloc-0e574a5830179e363][0m
2025-07-27T21:45:30.2177783Z [0m[1mmodule.vpc.aws_eip.nat[2]: Creation complete after 1s [id=eipalloc-0d92ae92bf4b35daa][0m
2025-07-27T21:45:30.2360207Z [0m[1mmodule.vpc.aws_eip.nat[0]: Creation complete after 1s [id=eipalloc-0adfe506839d9b37c][0m
2025-07-27T21:45:30.4075384Z [0m[1mmodule.vpc.aws_route_table.public: Creation complete after 1s [id=rtb-074a27ae53273d2fb][0m
2025-07-27T21:45:31.6531672Z [0m[1mmodule.mongodb_ec2.aws_security_group.mongodb: Creation complete after 4s [id=sg-0d50ad8c30884761d][0m
2025-07-27T21:45:31.6603076Z [0m[1mmodule.eks.aws_security_group.eks_additional: Creating...[0m[0m
2025-07-27T21:45:31.6646948Z [0m[1mmodule.mongodb_ec2.aws_instance.mongodb: Creating...[0m[0m
2025-07-27T21:45:31.6726367Z [0m[1mmodule.vpc.aws_security_group.vpc_endpoints: Creation complete after 4s [id=sg-0c297764b69053ee6][0m
2025-07-27T21:45:31.6770168Z [0m[1mmodule.vpc.aws_vpc_endpoint.ec2: Creating...[0m[0m
2025-07-27T21:45:34.4658416Z [0m[1mmodule.eks.aws_security_group.eks_additional: Creation complete after 2s [id=sg-0684a88aacaf64aef][0m
2025-07-27T21:45:34.4682194Z [0m[1mmodule.eks.aws_security_group_rule.mongodb_from_eks_additional: Creating...[0m[0m
2025-07-27T21:45:35.2561528Z [0m[1mmodule.eks.aws_security_group_rule.mongodb_from_eks_additional: Creation complete after 1s [id=sgrule-994926147][0m
2025-07-27T21:45:37.6133383Z [0m[1mmodule.s3_backup.aws_s3_bucket_lifecycle_configuration.backup: Still creating... [20s elapsed][0m[0m
2025-07-27T21:45:39.0083113Z [0m[1mmodule.vpc.aws_subnet.public[0]: Still creating... [10s elapsed][0m[0m
2025-07-27T21:45:39.0084226Z [0m[1mmodule.vpc.aws_subnet.public[2]: Still creating... [10s elapsed][0m[0m
2025-07-27T21:45:39.0085047Z [0m[1mmodule.vpc.aws_subnet.public[1]: Still creating... [10s elapsed][0m[0m
2025-07-27T21:45:40.1644620Z [0m[1mmodule.vpc.aws_subnet.public[0]: Creation complete after 11s [id=subnet-088d5e91c0100f12c][0m
2025-07-27T21:45:41.6659955Z [0m[1mmodule.mongodb_ec2.aws_instance.mongodb: Still creating... [10s elapsed][0m[0m
2025-07-27T21:45:41.6780167Z [0m[1mmodule.vpc.aws_vpc_endpoint.ec2: Still creating... [10s elapsed][0m[0m
2025-07-27T21:45:42.3683581Z [0m[1mmodule.vpc.aws_subnet.public[1]: Creation complete after 13s [id=subnet-0cc7d38b99265cab9][0m
2025-07-27T21:45:42.7528411Z [0m[1mmodule.vpc.aws_subnet.public[2]: Creation complete after 14s [id=subnet-0c69c9460e86ae220][0m
2025-07-27T21:45:42.7586701Z [0m[1mmodule.vpc.aws_route_table_association.public[1]: Creating...[0m[0m
2025-07-27T21:45:42.7592873Z [0m[1mmodule.vpc.aws_route_table_association.public[2]: Creating...[0m[0m
2025-07-27T21:45:42.7615323Z [0m[1mmodule.vpc.aws_route_table_association.public[0]: Creating...[0m[0m
2025-07-27T21:45:42.7616211Z [0m[1mmodule.vpc.aws_nat_gateway.main[2]: Creating...[0m[0m
2025-07-27T21:45:42.7617018Z [0m[1mmodule.vpc.aws_nat_gateway.main[1]: Creating...[0m[0m
2025-07-27T21:45:42.7617793Z [0m[1mmodule.vpc.aws_nat_gateway.main[0]: Creating...[0m[0m
2025-07-27T21:45:42.7665703Z [0m[1mmodule.eks.aws_eks_cluster.main: Creating...[0m[0m
2025-07-27T21:45:43.2918512Z [0m[1mmodule.vpc.aws_route_table_association.public[1]: Creation complete after 0s [id=rtbassoc-0a109ce36f81e16b9][0m
2025-07-27T21:45:43.2965227Z [0m[1mmodule.vpc.aws_route_table_association.public[2]: Creation complete after 0s [id=rtbassoc-08f7c6e53f99db280][0m
2025-07-27T21:45:43.3481116Z [0m[1mmodule.vpc.aws_route_table_association.public[0]: Creation complete after 0s [id=rtbassoc-04a349d28df3531f6][0m
2025-07-27T21:45:45.3909754Z [0m[1mmodule.mongodb_ec2.aws_instance.mongodb: Creation complete after 13s [id=i-0c6648c451a4b3a81][0m
2025-07-27T21:45:47.6141231Z [0m[1mmodule.s3_backup.aws_s3_bucket_lifecycle_configuration.backup: Still creating... [30s elapsed][0m[0m
2025-07-27T21:45:51.6786183Z [0m[1mmodule.vpc.aws_vpc_endpoint.ec2: Still creating... [20s elapsed][0m[0m
2025-07-27T21:45:52.7610553Z [0m[1mmodule.vpc.aws_nat_gateway.main[2]: Still creating... [10s elapsed][0m[0m
2025-07-27T21:45:52.7620314Z [0m[1mmodule.vpc.aws_nat_gateway.main[0]: Still creating... [10s elapsed][0m[0m
2025-07-27T21:45:52.7621161Z [0m[1mmodule.vpc.aws_nat_gateway.main[1]: Still creating... [10s elapsed][0m[0m
2025-07-27T21:45:52.7672451Z [0m[1mmodule.eks.aws_eks_cluster.main: Still creating... [10s elapsed][0m[0m
2025-07-27T21:45:57.6147095Z [0m[1mmodule.s3_backup.aws_s3_bucket_lifecycle_configuration.backup: Still creating... [40s elapsed][0m[0m
2025-07-27T21:46:01.6795882Z [0m[1mmodule.vpc.aws_vpc_endpoint.ec2: Still creating... [30s elapsed][0m[0m
2025-07-27T21:46:02.7620289Z [0m[1mmodule.vpc.aws_nat_gateway.main[2]: Still creating... [20s elapsed][0m[0m
2025-07-27T21:46:02.7629356Z [0m[1mmodule.vpc.aws_nat_gateway.main[0]: Still creating... [20s elapsed][0m[0m
2025-07-27T21:46:02.7629991Z [0m[1mmodule.vpc.aws_nat_gateway.main[1]: Still creating... [20s elapsed][0m[0m
2025-07-27T21:46:02.7681372Z [0m[1mmodule.eks.aws_eks_cluster.main: Still creating... [20s elapsed][0m[0m
2025-07-27T21:46:07.6149512Z [0m[1mmodule.s3_backup.aws_s3_bucket_lifecycle_configuration.backup: Still creating... [50s elapsed][0m[0m
2025-07-27T21:46:11.6798217Z [0m[1mmodule.vpc.aws_vpc_endpoint.ec2: Still creating... [40s elapsed][0m[0m
2025-07-27T21:46:12.7622414Z [0m[1mmodule.vpc.aws_nat_gateway.main[2]: Still creating... [30s elapsed][0m[0m
2025-07-27T21:46:12.7631295Z [0m[1mmodule.vpc.aws_nat_gateway.main[1]: Still creating... [30s elapsed][0m[0m
2025-07-27T21:46:12.7632301Z [0m[1mmodule.vpc.aws_nat_gateway.main[0]: Still creating... [30s elapsed][0m[0m
2025-07-27T21:46:12.7682672Z [0m[1mmodule.eks.aws_eks_cluster.main: Still creating... [30s elapsed][0m[0m
2025-07-27T21:46:14.4739703Z [0m[1mmodule.s3_backup.aws_s3_bucket_lifecycle_configuration.backup: Creation complete after 56s [id=tasky-dev-v15-mongodb-backup-yrifp9yw][0m
2025-07-27T21:46:15.0719343Z [0m[1mmodule.vpc.aws_vpc_endpoint.ec2: Creation complete after 43s [id=vpce-03ea04e954def0219][0m
2025-07-27T21:46:22.7626311Z [0m[1mmodule.vpc.aws_nat_gateway.main[2]: Still creating... [40s elapsed][0m[0m
2025-07-27T21:46:22.7635230Z [0m[1mmodule.vpc.aws_nat_gateway.main[0]: Still creating... [40s elapsed][0m[0m
2025-07-27T21:46:22.7636241Z [0m[1mmodule.vpc.aws_nat_gateway.main[1]: Still creating... [40s elapsed][0m[0m
2025-07-27T21:46:22.7687025Z [0m[1mmodule.eks.aws_eks_cluster.main: Still creating... [40s elapsed][0m[0m
2025-07-27T21:46:32.7632742Z [0m[1mmodule.vpc.aws_nat_gateway.main[2]: Still creating... [50s elapsed][0m[0m
2025-07-27T21:46:32.7642476Z [0m[1mmodule.vpc.aws_nat_gateway.main[1]: Still creating... [50s elapsed][0m[0m
2025-07-27T21:46:32.7643378Z [0m[1mmodule.vpc.aws_nat_gateway.main[0]: Still creating... [50s elapsed][0m[0m
2025-07-27T21:46:32.7693481Z [0m[1mmodule.eks.aws_eks_cluster.main: Still creating... [50s elapsed][0m[0m
2025-07-27T21:46:42.7640276Z [0m[1mmodule.vpc.aws_nat_gateway.main[2]: Still creating... [1m0s elapsed][0m[0m
2025-07-27T21:46:42.7649768Z [0m[1mmodule.vpc.aws_nat_gateway.main[0]: Still creating... [1m0s elapsed][0m[0m
2025-07-27T21:46:42.7650349Z [0m[1mmodule.vpc.aws_nat_gateway.main[1]: Still creating... [1m0s elapsed][0m[0m
2025-07-27T21:46:42.7701217Z [0m[1mmodule.eks.aws_eks_cluster.main: Still creating... [1m0s elapsed][0m[0m
2025-07-27T21:46:52.7642839Z [0m[1mmodule.vpc.aws_nat_gateway.main[2]: Still creating... [1m10s elapsed][0m[0m
2025-07-27T21:46:52.7652138Z [0m[1mmodule.vpc.aws_nat_gateway.main[0]: Still creating... [1m10s elapsed][0m[0m
2025-07-27T21:46:52.7652822Z [0m[1mmodule.vpc.aws_nat_gateway.main[1]: Still creating... [1m10s elapsed][0m[0m
2025-07-27T21:46:52.7704353Z [0m[1mmodule.eks.aws_eks_cluster.main: Still creating... [1m10s elapsed][0m[0m
2025-07-27T21:47:02.7650676Z [0m[1mmodule.vpc.aws_nat_gateway.main[2]: Still creating... [1m20s elapsed][0m[0m
2025-07-27T21:47:02.7660230Z [0m[1mmodule.vpc.aws_nat_gateway.main[0]: Still creating... [1m20s elapsed][0m[0m
2025-07-27T21:47:02.7661126Z [0m[1mmodule.vpc.aws_nat_gateway.main[1]: Still creating... [1m20s elapsed][0m[0m
2025-07-27T21:47:02.7711444Z [0m[1mmodule.eks.aws_eks_cluster.main: Still creating... [1m20s elapsed][0m[0m
2025-07-27T21:47:07.3787282Z [0m[1mmodule.vpc.aws_nat_gateway.main[0]: Creation complete after 1m24s [id=nat-07958282c8a67b48a][0m
2025-07-27T21:47:12.7655520Z [0m[1mmodule.vpc.aws_nat_gateway.main[2]: Still creating... [1m30s elapsed][0m[0m
2025-07-27T21:47:12.7664222Z [0m[1mmodule.vpc.aws_nat_gateway.main[1]: Still creating... [1m30s elapsed][0m[0m
2025-07-27T21:47:12.7716165Z [0m[1mmodule.eks.aws_eks_cluster.main: Still creating... [1m30s elapsed][0m[0m
2025-07-27T21:47:17.5343534Z [0m[1mmodule.vpc.aws_nat_gateway.main[2]: Creation complete after 1m35s [id=nat-0d5d317b1789bd49e][0m
2025-07-27T21:47:22.7674089Z [0m[1mmodule.vpc.aws_nat_gateway.main[1]: Still creating... [1m40s elapsed][0m[0m
2025-07-27T21:47:22.7724263Z [0m[1mmodule.eks.aws_eks_cluster.main: Still creating... [1m40s elapsed][0m[0m
2025-07-27T21:47:32.7676064Z [0m[1mmodule.vpc.aws_nat_gateway.main[1]: Still creating... [1m50s elapsed][0m[0m
2025-07-27T21:47:32.7725999Z [0m[1mmodule.eks.aws_eks_cluster.main: Still creating... [1m50s elapsed][0m[0m
2025-07-27T21:47:42.7683849Z [0m[1mmodule.vpc.aws_nat_gateway.main[1]: Still creating... [2m0s elapsed][0m[0m
2025-07-27T21:47:42.7734170Z [0m[1mmodule.eks.aws_eks_cluster.main: Still creating... [2m0s elapsed][0m[0m
2025-07-27T21:47:47.7964663Z [0m[1mmodule.vpc.aws_nat_gateway.main[1]: Creation complete after 2m5s [id=nat-0e415bb2e309c466a][0m
2025-07-27T21:47:48.4055944Z [0m[1mmodule.vpc.aws_route_table.private[1]: Creating...[0m[0m
2025-07-27T21:47:48.4056831Z [0m[1mmodule.vpc.aws_route_table.private[0]: Creating...[0m[0m
2025-07-27T21:47:48.4057631Z [0m[1mmodule.vpc.aws_route_table.private[2]: Creating...[0m[0m
2025-07-27T21:47:49.8150724Z [0m[1mmodule.vpc.aws_route_table.private[2]: Creation complete after 2s [id=rtb-04fc62b0a7e559a54][0m
2025-07-27T21:47:49.8163521Z [0m[1mmodule.vpc.aws_route_table.private[0]: Creation complete after 2s [id=rtb-0573dd0ea404c989f][0m
2025-07-27T21:47:49.8174363Z [0m[1mmodule.vpc.aws_route_table.private[1]: Creation complete after 2s [id=rtb-067f24e498a8f5891][0m
2025-07-27T21:47:49.8208441Z [0m[1mmodule.vpc.aws_route_table_association.private[2]: Creating...[0m[0m
2025-07-27T21:47:49.8209554Z [0m[1mmodule.vpc.aws_route_table_association.private[1]: Creating...[0m[0m
2025-07-27T21:47:49.8221659Z [0m[1mmodule.vpc.aws_route_table_association.private[0]: Creating...[0m[0m
2025-07-27T21:47:49.8244484Z [0m[1mmodule.vpc.aws_vpc_endpoint.s3: Creating...[0m[0m
2025-07-27T21:47:50.3488691Z [0m[1mmodule.vpc.aws_route_table_association.private[2]: Creation complete after 0s [id=rtbassoc-04b72006f17fa9e75][0m
2025-07-27T21:47:50.3792412Z [0m[1mmodule.vpc.aws_route_table_association.private[1]: Creation complete after 0s [id=rtbassoc-0d00b5df60c9630da][0m
2025-07-27T21:47:50.3952598Z [0m[1mmodule.vpc.aws_route_table_association.private[0]: Creation complete after 0s [id=rtbassoc-0fa66a361801bff3d][0m
2025-07-27T21:47:52.7745534Z [0m[1mmodule.eks.aws_eks_cluster.main: Still creating... [2m10s elapsed][0m[0m
2025-07-27T21:47:56.5061621Z [0m[1mmodule.vpc.aws_vpc_endpoint.s3: Creation complete after 7s [id=vpce-0f7f21da4a82da00d][0m
2025-07-27T21:48:02.7748586Z [0m[1mmodule.eks.aws_eks_cluster.main: Still creating... [2m20s elapsed][0m[0m
2025-07-27T21:48:12.7753977Z [0m[1mmodule.eks.aws_eks_cluster.main: Still creating... [2m30s elapsed][0m[0m
2025-07-27T21:48:22.7760572Z [0m[1mmodule.eks.aws_eks_cluster.main: Still creating... [2m40s elapsed][0m[0m
2025-07-27T21:48:32.7766380Z [0m[1mmodule.eks.aws_eks_cluster.main: Still creating... [2m50s elapsed][0m[0m
2025-07-27T21:48:42.7767627Z [0m[1mmodule.eks.aws_eks_cluster.main: Still creating... [3m0s elapsed][0m[0m
2025-07-27T21:48:52.7769823Z [0m[1mmodule.eks.aws_eks_cluster.main: Still creating... [3m10s elapsed][0m[0m
2025-07-27T21:49:02.7776614Z [0m[1mmodule.eks.aws_eks_cluster.main: Still creating... [3m20s elapsed][0m[0m
2025-07-27T21:49:12.7785834Z [0m[1mmodule.eks.aws_eks_cluster.main: Still creating... [3m30s elapsed][0m[0m
2025-07-27T21:49:22.7795196Z [0m[1mmodule.eks.aws_eks_cluster.main: Still creating... [3m40s elapsed][0m[0m
2025-07-27T21:49:32.7799918Z [0m[1mmodule.eks.aws_eks_cluster.main: Still creating... [3m50s elapsed][0m[0m
2025-07-27T21:49:42.7809647Z [0m[1mmodule.eks.aws_eks_cluster.main: Still creating... [4m0s elapsed][0m[0m
2025-07-27T21:49:52.7815649Z [0m[1mmodule.eks.aws_eks_cluster.main: Still creating... [4m10s elapsed][0m[0m
2025-07-27T21:50:02.7821566Z [0m[1mmodule.eks.aws_eks_cluster.main: Still creating... [4m20s elapsed][0m[0m
2025-07-27T21:50:12.7826924Z [0m[1mmodule.eks.aws_eks_cluster.main: Still creating... [4m30s elapsed][0m[0m
2025-07-27T21:50:22.7828700Z [0m[1mmodule.eks.aws_eks_cluster.main: Still creating... [4m40s elapsed][0m[0m
2025-07-27T21:50:32.7836918Z [0m[1mmodule.eks.aws_eks_cluster.main: Still creating... [4m50s elapsed][0m[0m
2025-07-27T21:50:42.7845254Z [0m[1mmodule.eks.aws_eks_cluster.main: Still creating... [5m0s elapsed][0m[0m
2025-07-27T21:50:52.7847871Z [0m[1mmodule.eks.aws_eks_cluster.main: Still creating... [5m10s elapsed][0m[0m
2025-07-27T21:51:02.7848790Z [0m[1mmodule.eks.aws_eks_cluster.main: Still creating... [5m20s elapsed][0m[0m
2025-07-27T21:51:12.7855441Z [0m[1mmodule.eks.aws_eks_cluster.main: Still creating... [5m30s elapsed][0m[0m
2025-07-27T21:51:22.7857978Z [0m[1mmodule.eks.aws_eks_cluster.main: Still creating... [5m40s elapsed][0m[0m
2025-07-27T21:51:32.7860787Z [0m[1mmodule.eks.aws_eks_cluster.main: Still creating... [5m50s elapsed][0m[0m
2025-07-27T21:51:42.7865792Z [0m[1mmodule.eks.aws_eks_cluster.main: Still creating... [6m0s elapsed][0m[0m
2025-07-27T21:51:52.7873048Z [0m[1mmodule.eks.aws_eks_cluster.main: Still creating... [6m10s elapsed][0m[0m
2025-07-27T21:52:02.7879853Z [0m[1mmodule.eks.aws_eks_cluster.main: Still creating... [6m20s elapsed][0m[0m
2025-07-27T21:52:12.7885583Z [0m[1mmodule.eks.aws_eks_cluster.main: Still creating... [6m30s elapsed][0m[0m
2025-07-27T21:52:22.7893985Z [0m[1mmodule.eks.aws_eks_cluster.main: Still creating... [6m40s elapsed][0m[0m
2025-07-27T21:52:32.7896123Z [0m[1mmodule.eks.aws_eks_cluster.main: Still creating... [6m50s elapsed][0m[0m
2025-07-27T21:52:42.7907197Z [0m[1mmodule.eks.aws_eks_cluster.main: Still creating... [7m0s elapsed][0m[0m
2025-07-27T21:52:52.7911734Z [0m[1mmodule.eks.aws_eks_cluster.main: Still creating... [7m10s elapsed][0m[0m
2025-07-27T21:53:02.7917135Z [0m[1mmodule.eks.aws_eks_cluster.main: Still creating... [7m20s elapsed][0m[0m
2025-07-27T21:53:12.7920580Z [0m[1mmodule.eks.aws_eks_cluster.main: Still creating... [7m30s elapsed][0m[0m
2025-07-27T21:53:22.7924769Z [0m[1mmodule.eks.aws_eks_cluster.main: Still creating... [7m40s elapsed][0m[0m
2025-07-27T21:53:32.7928732Z [0m[1mmodule.eks.aws_eks_cluster.main: Still creating... [7m50s elapsed][0m[0m
2025-07-27T21:53:42.7933742Z [0m[1mmodule.eks.aws_eks_cluster.main: Still creating... [8m0s elapsed][0m[0m
2025-07-27T21:53:52.7935496Z [0m[1mmodule.eks.aws_eks_cluster.main: Still creating... [8m10s elapsed][0m[0m
2025-07-27T21:54:02.7942746Z [0m[1mmodule.eks.aws_eks_cluster.main: Still creating... [8m20s elapsed][0m[0m
2025-07-27T21:54:12.7951471Z [0m[1mmodule.eks.aws_eks_cluster.main: Still creating... [8m30s elapsed][0m[0m
2025-07-27T21:54:22.7957618Z [0m[1mmodule.eks.aws_eks_cluster.main: Still creating... [8m40s elapsed][0m[0m
2025-07-27T21:54:32.7964930Z [0m[1mmodule.eks.aws_eks_cluster.main: Still creating... [8m50s elapsed][0m[0m
2025-07-27T21:54:42.7973058Z [0m[1mmodule.eks.aws_eks_cluster.main: Still creating... [9m0s elapsed][0m[0m
2025-07-27T21:54:52.7978805Z [0m[1mmodule.eks.aws_eks_cluster.main: Still creating... [9m10s elapsed][0m[0m
2025-07-27T21:55:02.7984541Z [0m[1mmodule.eks.aws_eks_cluster.main: Still creating... [9m20s elapsed][0m[0m
2025-07-27T21:55:12.7986017Z [0m[1mmodule.eks.aws_eks_cluster.main: Still creating... [9m30s elapsed][0m[0m
2025-07-27T21:55:22.7987868Z [0m[1mmodule.eks.aws_eks_cluster.main: Still creating... [9m40s elapsed][0m[0m
2025-07-27T21:55:32.7990313Z [0m[1mmodule.eks.aws_eks_cluster.main: Still creating... [9m50s elapsed][0m[0m
2025-07-27T21:55:42.7998274Z [0m[1mmodule.eks.aws_eks_cluster.main: Still creating... [10m0s elapsed][0m[0m
2025-07-27T21:55:51.8056590Z [0m[1mmodule.eks.aws_eks_cluster.main: Creation complete after 10m9s [id=tasky-dev-v15-eks-cluster][0m
2025-07-27T21:55:52.6805080Z [0m[1mmodule.eks.data.tls_certificate.eks: Reading...[0m[0m
2025-07-27T21:55:52.6806573Z [0m[1mmodule.eks.aws_security_group_rule.mongodb_from_eks_cluster: Creating...[0m[0m
2025-07-27T21:55:52.6808058Z [0m[1mmodule.eks.aws_eks_addon.ebs_csi: Creating...[0m[0m
2025-07-27T21:55:52.6850838Z [0m[1mmodule.eks.aws_eks_addon.vpc_cni: Creating...[0m[0m
2025-07-27T21:55:52.6851684Z [0m[1mmodule.eks.aws_eks_addon.kube_proxy: Creating...[0m[0m
2025-07-27T21:55:52.6862136Z [0m[1mmodule.eks.aws_eks_node_group.main: Creating...[0m[0m
2025-07-27T21:55:52.9519911Z [0m[1mmodule.eks.data.tls_certificate.eks: Read complete after 0s [id=922877a0975ad078a65b8ff11ebc47b8311945c7][0m
2025-07-27T21:55:52.9572334Z [0m[1mmodule.eks.aws_iam_openid_connect_provider.eks: Creating...[0m[0m
2025-07-27T21:55:53.4556037Z [0m[1mmodule.eks.aws_iam_openid_connect_provider.eks: Creation complete after 0s [id=arn:aws:iam::152451250193:oidc-provider/oidc.eks.us-east-1.amazonaws.com/id/8B0554D074971B437EEE22A456BFFE7B][0m
2025-07-27T21:55:53.4575597Z [0m[1mmodule.eks.data.aws_iam_policy_document.aws_load_balancer_controller_assume_role_policy: Reading...[0m[0m
2025-07-27T21:55:53.4590598Z [0m[1mmodule.eks.data.aws_iam_policy_document.aws_load_balancer_controller_assume_role_policy: Read complete after 0s [id=2884120737][0m
2025-07-27T21:55:53.4622289Z [0m[1mmodule.eks.aws_iam_role.aws_load_balancer_controller: Creating...[0m[0m
2025-07-27T21:55:53.7005169Z [0m[1mmodule.eks.aws_security_group_rule.mongodb_from_eks_cluster: Creation complete after 1s [id=sgrule-3912829605][0m
2025-07-27T21:55:53.9674730Z [0m[1mmodule.eks.aws_iam_role.aws_load_balancer_controller: Creation complete after 1s [id=tasky-dev-v15-aws-load-balancer-controller][0m
2025-07-27T21:55:53.9693869Z [0m[1mmodule.eks.aws_iam_role_policy_attachment.aws_load_balancer_controller_attach: Creating...[0m[0m
2025-07-27T21:55:54.2366929Z [0m[1mmodule.eks.aws_iam_role_policy_attachment.aws_load_balancer_controller_attach: Creation complete after 0s [id=tasky-dev-v15-aws-load-balancer-controller-20250727215554142700000017][0m
2025-07-27T21:56:02.6826418Z [0m[1mmodule.eks.aws_eks_addon.ebs_csi: Still creating... [10s elapsed][0m[0m
2025-07-27T21:56:02.6857325Z [0m[1mmodule.eks.aws_eks_node_group.main: Still creating... [10s elapsed][0m[0m
2025-07-27T21:56:02.6858039Z [0m[1mmodule.eks.aws_eks_addon.vpc_cni: Still creating... [10s elapsed][0m[0m
2025-07-27T21:56:02.6858647Z [0m[1mmodule.eks.aws_eks_addon.kube_proxy: Still creating... [10s elapsed][0m[0m
2025-07-27T21:56:07.3720920Z [0m[1mmodule.eks.aws_eks_addon.vpc_cni: Creation complete after 14s [id=tasky-dev-v15-eks-cluster:vpc-cni][0m
2025-07-27T21:56:12.6827734Z [0m[1mmodule.eks.aws_eks_addon.ebs_csi: Still creating... [20s elapsed][0m[0m
2025-07-27T21:56:12.6868028Z [0m[1mmodule.eks.aws_eks_node_group.main: Still creating... [20s elapsed][0m[0m
2025-07-27T21:56:12.6868875Z [0m[1mmodule.eks.aws_eks_addon.kube_proxy: Still creating... [20s elapsed][0m[0m
2025-07-27T21:56:22.6829317Z [0m[1mmodule.eks.aws_eks_addon.ebs_csi: Still creating... [30s elapsed][0m[0m
2025-07-27T21:56:22.6869346Z [0m[1mmodule.eks.aws_eks_addon.kube_proxy: Still creating... [30s elapsed][0m[0m
2025-07-27T21:56:22.6870347Z [0m[1mmodule.eks.aws_eks_node_group.main: Still creating... [30s elapsed][0m[0m
2025-07-27T21:56:32.6836870Z [0m[1mmodule.eks.aws_eks_addon.ebs_csi: Still creating... [40s elapsed][0m[0m
2025-07-27T21:56:32.6876522Z [0m[1mmodule.eks.aws_eks_node_group.main: Still creating... [40s elapsed][0m[0m
2025-07-27T21:56:32.6877310Z [0m[1mmodule.eks.aws_eks_addon.kube_proxy: Still creating... [40s elapsed][0m[0m
2025-07-27T21:56:42.6838769Z [0m[1mmodule.eks.aws_eks_addon.ebs_csi: Still creating... [50s elapsed][0m[0m
2025-07-27T21:56:42.6879670Z [0m[1mmodule.eks.aws_eks_node_group.main: Still creating... [50s elapsed][0m[0m
2025-07-27T21:56:42.6880465Z [0m[1mmodule.eks.aws_eks_addon.kube_proxy: Still creating... [50s elapsed][0m[0m
2025-07-27T21:56:52.6843744Z [0m[1mmodule.eks.aws_eks_addon.ebs_csi: Still creating... [1m0s elapsed][0m[0m
2025-07-27T21:56:52.6885379Z [0m[1mmodule.eks.aws_eks_node_group.main: Still creating... [1m0s elapsed][0m[0m
2025-07-27T21:56:52.6886041Z [0m[1mmodule.eks.aws_eks_addon.kube_proxy: Still creating... [1m0s elapsed][0m[0m
2025-07-27T21:57:02.6846384Z [0m[1mmodule.eks.aws_eks_addon.ebs_csi: Still creating... [1m10s elapsed][0m[0m
2025-07-27T21:57:02.6886961Z [0m[1mmodule.eks.aws_eks_node_group.main: Still creating... [1m10s elapsed][0m[0m
2025-07-27T21:57:02.6887740Z [0m[1mmodule.eks.aws_eks_addon.kube_proxy: Still creating... [1m10s elapsed][0m[0m
2025-07-27T21:57:12.6847598Z [0m[1mmodule.eks.aws_eks_addon.ebs_csi: Still creating... [1m20s elapsed][0m[0m
2025-07-27T21:57:12.6887917Z [0m[1mmodule.eks.aws_eks_addon.kube_proxy: Still creating... [1m20s elapsed][0m[0m
2025-07-27T21:57:12.6888781Z [0m[1mmodule.eks.aws_eks_node_group.main: Still creating... [1m20s elapsed][0m[0m
2025-07-27T21:57:22.6855808Z [0m[1mmodule.eks.aws_eks_addon.ebs_csi: Still creating... [1m30s elapsed][0m[0m
2025-07-27T21:57:22.6896081Z [0m[1mmodule.eks.aws_eks_node_group.main: Still creating... [1m30s elapsed][0m[0m
2025-07-27T21:57:22.6897090Z [0m[1mmodule.eks.aws_eks_addon.kube_proxy: Still creating... [1m30s elapsed][0m[0m
2025-07-27T21:57:32.6861669Z [0m[1mmodule.eks.aws_eks_addon.ebs_csi: Still creating... [1m40s elapsed][0m[0m
2025-07-27T21:57:32.6902221Z [0m[1mmodule.eks.aws_eks_addon.kube_proxy: Still creating... [1m40s elapsed][0m[0m
2025-07-27T21:57:32.6903232Z [0m[1mmodule.eks.aws_eks_node_group.main: Still creating... [1m40s elapsed][0m[0m
2025-07-27T21:57:39.9075888Z [0m[1mmodule.eks.aws_eks_node_group.main: Creation complete after 1m47s [id=tasky-dev-v15-eks-cluster:tasky-dev-v15-eks-nodes][0m
2025-07-27T21:57:40.6505898Z [0m[1mmodule.eks.aws_eks_addon.coredns: Creating...[0m[0m
2025-07-27T21:57:42.6873299Z [0m[1mmodule.eks.aws_eks_addon.ebs_csi: Still creating... [1m50s elapsed][0m[0m
2025-07-27T21:57:42.6913112Z [0m[1mmodule.eks.aws_eks_addon.kube_proxy: Still creating... [1m50s elapsed][0m[0m
2025-07-27T21:57:50.6516312Z [0m[1mmodule.eks.aws_eks_addon.coredns: Still creating... [10s elapsed][0m[0m
2025-07-27T21:57:52.6878586Z [0m[1mmodule.eks.aws_eks_addon.ebs_csi: Still creating... [2m0s elapsed][0m[0m
2025-07-27T21:57:52.6919220Z [0m[1mmodule.eks.aws_eks_addon.kube_proxy: Still creating... [2m0s elapsed][0m[0m
2025-07-27T21:58:00.6521884Z [0m[1mmodule.eks.aws_eks_addon.coredns: Still creating... [20s elapsed][0m[0m
2025-07-27T21:58:02.6884161Z [0m[1mmodule.eks.aws_eks_addon.ebs_csi: Still creating... [2m10s elapsed][0m[0m
2025-07-27T21:58:02.6923825Z [0m[1mmodule.eks.aws_eks_addon.kube_proxy: Still creating... [2m10s elapsed][0m[0m
2025-07-27T21:58:10.6523646Z [0m[1mmodule.eks.aws_eks_addon.coredns: Still creating... [30s elapsed][0m[0m
2025-07-27T21:58:12.6885873Z [0m[1mmodule.eks.aws_eks_addon.ebs_csi: Still creating... [2m20s elapsed][0m[0m
2025-07-27T21:58:12.6933136Z [0m[1mmodule.eks.aws_eks_addon.kube_proxy: Still creating... [2m20s elapsed][0m[0m
2025-07-27T21:58:20.6528184Z [0m[1mmodule.eks.aws_eks_addon.coredns: Still creating... [40s elapsed][0m[0m
2025-07-27T21:58:22.6890040Z [0m[1mmodule.eks.aws_eks_addon.ebs_csi: Still creating... [2m30s elapsed][0m[0m
2025-07-27T21:58:22.6930437Z [0m[1mmodule.eks.aws_eks_addon.kube_proxy: Still creating... [2m30s elapsed][0m[0m
2025-07-27T21:58:25.9310637Z [0m[1mmodule.eks.aws_eks_addon.coredns: Creation complete after 45s [id=tasky-dev-v15-eks-cluster:coredns][0m
2025-07-27T21:58:32.6896063Z [0m[1mmodule.eks.aws_eks_addon.ebs_csi: Still creating... [2m40s elapsed][0m[0m
2025-07-27T21:58:32.6936967Z [0m[1mmodule.eks.aws_eks_addon.kube_proxy: Still creating... [2m40s elapsed][0m[0m
2025-07-27T21:58:42.6905753Z [0m[1mmodule.eks.aws_eks_addon.ebs_csi: Still creating... [2m50s elapsed][0m[0m
2025-07-27T21:58:42.6946302Z [0m[1mmodule.eks.aws_eks_addon.kube_proxy: Still creating... [2m50s elapsed][0m[0m
2025-07-27T21:58:52.6910588Z [0m[1mmodule.eks.aws_eks_addon.ebs_csi: Still creating... [3m0s elapsed][0m[0m
2025-07-27T21:58:52.6950683Z [0m[1mmodule.eks.aws_eks_addon.kube_proxy: Still creating... [3m0s elapsed][0m[0m
2025-07-27T21:59:00.9168287Z [0m[1mmodule.eks.aws_eks_addon.kube_proxy: Creation complete after 3m8s [id=tasky-dev-v15-eks-cluster:kube-proxy][0m
2025-07-27T21:59:02.6913139Z [0m[1mmodule.eks.aws_eks_addon.ebs_csi: Still creating... [3m10s elapsed][0m[0m
2025-07-27T21:59:12.6921874Z [0m[1mmodule.eks.aws_eks_addon.ebs_csi: Still creating... [3m20s elapsed][0m[0m
2025-07-27T21:59:21.4271556Z [0m[1mmodule.eks.aws_eks_addon.ebs_csi: Creation complete after 3m28s [id=tasky-dev-v15-eks-cluster:aws-ebs-csi-driver][0m
2025-07-27T21:59:22.2055168Z [0m[1m[32m
2025-07-27T21:59:22.2055816Z Apply complete! Resources: 58 added, 0 changed, 0 destroyed.
2025-07-27T21:59:22.2056536Z [0m[0m[1m[32m
2025-07-27T21:59:22.2056866Z Outputs:
2025-07-27T21:59:22.2057010Z 
2025-07-27T21:59:22.2057297Z [0mapplication_access_instructions = <<EOT
2025-07-27T21:59:22.2057897Z To access the Tasky application:
2025-07-27T21:59:22.2058397Z     
2025-07-27T21:59:22.2059267Z 1. Configure kubectl:
2025-07-27T21:59:22.2059864Z    aws eks update-kubeconfig --region us-east-1 --name tasky-dev-v15-eks-cluster
2025-07-27T21:59:22.2060504Z     
2025-07-27T21:59:22.2060812Z 2. Get the application URL:
2025-07-27T21:59:22.2061156Z    kubectl get ingress tasky-ingress -n tasky
2025-07-27T21:59:22.2061449Z        
2025-07-27T21:59:22.2061641Z 3. Or get direct URL:
2025-07-27T21:59:22.2062480Z    echo "http://$(kubectl get ingress tasky-ingress -n tasky -o jsonpath='{.status.loadBalancer.ingress[0].hostname}')"
2025-07-27T21:59:22.2063041Z        
2025-07-27T21:59:22.2063249Z 4. Custom domain (if configured):
2025-07-27T21:59:22.2063538Z    http://ideatasky.ryanmcvey.me
2025-07-27T21:59:22.2063803Z        
2025-07-27T21:59:22.2064179Z Note: The ALB is managed by Kubernetes AWS Load Balancer Controller, not Terraform directly.
2025-07-27T21:59:22.2064547Z 
2025-07-27T21:59:22.2064623Z EOT
2025-07-27T21:59:22.2065128Z application_url_command = "kubectl get ingress tasky-ingress -n tasky -o jsonpath='{.status.loadBalancer.ingress[0].hostname}'"
2025-07-27T21:59:22.2065721Z aws_region = "us-east-1"
2025-07-27T21:59:22.2066284Z eks_aws_load_balancer_controller_role_arn = "arn:aws:iam::152451250193:role/tasky-dev-v15-aws-load-balancer-controller"
2025-07-27T21:59:22.2067093Z eks_cluster_endpoint = "https://8B0554D074971B437EEE22A456BFFE7B.gr7.us-east-1.eks.amazonaws.com"
2025-07-27T21:59:22.2067638Z eks_cluster_name = "tasky-dev-v15-eks-cluster"
2025-07-27T21:59:22.2067997Z eks_cluster_security_group_id = "sg-09f1a1e12544a73d1"
2025-07-27T21:59:22.2068388Z eks_node_group_security_group_id = "sg-0684a88aacaf64aef"
2025-07-27T21:59:22.2068724Z jwt_secret = <sensitive>
2025-07-27T21:59:22.2069204Z kubectl_config_command = "aws eks update-kubeconfig --region us-east-1 --name tasky-dev-v15-eks-cluster"
2025-07-27T21:59:22.2069786Z mongodb_cloudwatch_logs = "/aws/ec2/tasky-dev-v15/mongodb"
2025-07-27T21:59:22.2070142Z mongodb_connection_string = <sensitive>
2025-07-27T21:59:22.2070417Z mongodb_database_name = "go-mongodb"
2025-07-27T21:59:22.2070684Z mongodb_instance_id = "i-0c6648c451a4b3a81"
2025-07-27T21:59:22.2070950Z mongodb_password = <sensitive>
2025-07-27T21:59:22.2071185Z mongodb_private_ip = "10.0.3.165"
2025-07-27T21:59:22.2071453Z mongodb_security_group_id = "sg-0d50ad8c30884761d"
2025-07-27T21:59:22.2071740Z mongodb_troubleshooting = {
2025-07-27T21:59:22.2072271Z   "ssm_connect" = "aws ssm start-session --target i-0c6648c451a4b3a81"
2025-07-27T21:59:22.2072904Z   "status_check" = "Run '/opt/mongodb-backup/status-check.sh' on the instance via SSM"
2025-07-27T21:59:22.2073564Z   "tail_mongodb_log" = "aws logs tail '/aws/ec2/tasky-dev-v15/mongodb' --log-stream-names 'i-0c6648c451a4b3a81/mongod.log' --follow"
2025-07-27T21:59:22.2074364Z   "tail_mongodb_setup" = "aws logs tail '/aws/ec2/tasky-dev-v15/mongodb' --log-stream-names 'i-0c6648c451a4b3a81/mongodb-setup.log' --follow"
2025-07-27T21:59:22.2075147Z   "tail_user_data" = "aws logs tail '/aws/ec2/tasky-dev-v15/mongodb' --log-stream-names 'i-0c6648c451a4b3a81/user-data.log' --follow"
2025-07-27T21:59:22.2075916Z   "view_cloud_init" = "aws logs tail '/aws/ec2/tasky-dev-v15/mongodb' --log-stream-names 'i-0c6648c451a4b3a81/cloud-init-output.log' --follow"
2025-07-27T21:59:22.2076593Z   "view_logs" = "aws logs describe-log-streams --log-group-name '/aws/ec2/tasky-dev-v15/mongodb'"
2025-07-27T21:59:22.2076986Z }
2025-07-27T21:59:22.2077164Z mongodb_username = <sensitive>
2025-07-27T21:59:22.2077479Z s3_backup_bucket_name = "tasky-dev-v15-mongodb-backup-yrifp9yw"
2025-07-27T21:59:22.2077971Z s3_backup_public_url = "https://tasky-dev-v15-mongodb-backup-yrifp9yw.s3.amazonaws.com"
2025-07-27T21:59:22.2078645Z s3_backup_public_url_latest_db = "https://tasky-dev-v15-mongodb-backup-yrifp9yw.s3.amazonaws.com/backups/latest.tar.gz"
2025-07-27T21:59:22.2079165Z vpc_id = "vpc-06d7e8abc257ade7d"
2025-07-27T21:59:22.2202366Z ##[group]Run echo "eks_cluster_name=$(terraform output -raw eks_cluster_name)" >> $GITHUB_OUTPUT
2025-07-27T21:59:22.2203189Z [36;1mecho "eks_cluster_name=$(terraform output -raw eks_cluster_name)" >> $GITHUB_OUTPUT[0m
2025-07-27T21:59:22.2203803Z [36;1mecho "application_url_command=$(terraform output -raw application_url_command)" >> $GITHUB_OUTPUT[0m
2025-07-27T21:59:22.2204408Z [36;1mecho "s3_backup_url=$(terraform output -raw s3_backup_public_url)" >> $GITHUB_OUTPUT[0m
2025-07-27T21:59:22.2205012Z [36;1mecho "s3_backup_latest_url=$(terraform output -raw s3_backup_public_url_latest_db)" >> $GITHUB_OUTPUT[0m
2025-07-27T21:59:22.2205612Z [36;1mecho "mongodb_private_ip=$(terraform output -raw mongodb_private_ip)" >> $GITHUB_OUTPUT[0m
2025-07-27T21:59:22.2233355Z shell: /usr/bin/bash -e {0}
2025-07-27T21:59:22.2233592Z env:
2025-07-27T21:59:22.2233773Z   TF_VERSION: 1.7.5
2025-07-27T21:59:22.2233980Z   AWS_REGION: us-east-1
2025-07-27T21:59:22.2234242Z   PROJECT_NAME: tasky
2025-07-27T21:59:22.2234453Z   ENVIRONMENT: dev
2025-07-27T21:59:22.2234647Z   STACK_VERSION: v15
2025-07-27T21:59:22.2234859Z   AWS_DEFAULT_REGION: us-east-1
2025-07-27T21:59:22.2235196Z   AWS_ACCESS_KEY_ID: ***
2025-07-27T21:59:22.2235500Z   AWS_SECRET_ACCESS_KEY: ***
2025-07-27T21:59:22.2240456Z   AWS_SESSION_TOKEN: ***
2025-07-27T21:59:22.2240812Z   TERRAFORM_CLI_PATH: /home/runner/work/_temp/e800c029-1fbc-4bd5-96cf-f5bfd4c335ff
2025-07-27T21:59:22.2241188Z ##[endgroup]
2025-07-27T21:59:32.0542801Z ##[group]Run echo "## 🚀 Infrastructure Deployment Summary" >> $GITHUB_STEP_SUMMARY
2025-07-27T21:59:32.0543355Z [36;1mecho "## 🚀 Infrastructure Deployment Summary" >> $GITHUB_STEP_SUMMARY[0m
2025-07-27T21:59:32.0543727Z [36;1mecho "" >> $GITHUB_STEP_SUMMARY[0m
2025-07-27T21:59:32.0544096Z [36;1mecho "### ✅ Infrastructure Components Deployed:" >> $GITHUB_STEP_SUMMARY[0m
2025-07-27T21:59:32.0544581Z [36;1mecho "- **EKS Cluster**: tasky-dev-v15-eks-cluster" >> $GITHUB_STEP_SUMMARY[0m
2025-07-27T21:59:32.0545030Z [36;1mecho "- **MongoDB Private IP**: 10.0.3.165" >> $GITHUB_STEP_SUMMARY[0m
2025-07-27T21:59:32.0545647Z [36;1mecho "- **S3 Backup Bucket**: https://tasky-dev-v15-mongodb-backup-yrifp9yw.s3.amazonaws.com" >> $GITHUB_STEP_SUMMARY[0m
2025-07-27T21:59:32.0546541Z [36;1mecho "- **Latest Backup URL**: https://tasky-dev-v15-mongodb-backup-yrifp9yw.s3.amazonaws.com/backups/latest.tar.gz" >> $GITHUB_STEP_SUMMARY[0m
2025-07-27T21:59:32.0547186Z [36;1mecho "" >> $GITHUB_STEP_SUMMARY[0m
2025-07-27T21:59:32.0547510Z [36;1mecho "### 📋 Next Steps:" >> $GITHUB_STEP_SUMMARY[0m
2025-07-27T21:59:32.0548113Z [36;1mecho "1. **Configure kubectl**: \`aws eks update-kubeconfig --region us-east-1 --name tasky-dev-v15-eks-cluster\`" >> $GITHUB_STEP_SUMMARY[0m
2025-07-27T21:59:32.0548816Z [36;1mecho "2. **Application deployment** will start automatically..." >> $GITHUB_STEP_SUMMARY[0m
2025-07-27T21:59:32.0576008Z shell: /usr/bin/bash -e {0}
2025-07-27T21:59:32.0576248Z env:
2025-07-27T21:59:32.0576428Z   TF_VERSION: 1.7.5
2025-07-27T21:59:32.0576637Z   AWS_REGION: us-east-1
2025-07-27T21:59:32.0576855Z   PROJECT_NAME: tasky
2025-07-27T21:59:32.0577077Z   ENVIRONMENT: dev
2025-07-27T21:59:32.0577271Z   STACK_VERSION: v15
2025-07-27T21:59:32.0577491Z   AWS_DEFAULT_REGION: us-east-1
2025-07-27T21:59:32.0577823Z   AWS_ACCESS_KEY_ID: ***
2025-07-27T21:59:32.0578133Z   AWS_SECRET_ACCESS_KEY: ***
2025-07-27T21:59:32.0583294Z   AWS_SESSION_TOKEN: ***
2025-07-27T21:59:32.0583665Z   TERRAFORM_CLI_PATH: /home/runner/work/_temp/e800c029-1fbc-4bd5-96cf-f5bfd4c335ff
2025-07-27T21:59:32.0584035Z ##[endgroup]
2025-07-27T21:59:32.0708151Z Post job cleanup.
2025-07-27T21:59:32.1907226Z Post job cleanup.
2025-07-27T21:59:32.2835656Z [command]/usr/bin/git version
2025-07-27T21:59:32.2876541Z git version 2.50.1
2025-07-27T21:59:32.2920617Z Temporarily overriding HOME='/home/runner/work/_temp/9ad6c800-0a80-491b-86e7-02c88fb5e9d3' before making global git config changes
2025-07-27T21:59:32.2921859Z Adding repository directory to the temporary git global config as a safe directory
2025-07-27T21:59:32.2932876Z [command]/usr/bin/git config --global --add safe.directory /home/runner/work/tasky-pivot-for-insight/tasky-pivot-for-insight
2025-07-27T21:59:32.2967480Z [command]/usr/bin/git config --local --name-only --get-regexp core\.sshCommand
2025-07-27T21:59:32.3000267Z [command]/usr/bin/git submodule foreach --recursive sh -c "git config --local --name-only --get-regexp 'core\.sshCommand' && git config --local --unset-all 'core.sshCommand' || :"
2025-07-27T21:59:32.3223608Z [command]/usr/bin/git config --local --name-only --get-regexp http\.https\:\/\/github\.com\/\.extraheader
2025-07-27T21:59:32.3243708Z http.https://github.com/.extraheader
2025-07-27T21:59:32.3256615Z [command]/usr/bin/git config --local --unset-all http.https://github.com/.extraheader
2025-07-27T21:59:32.3288189Z [command]/usr/bin/git submodule foreach --recursive sh -c "git config --local --name-only --get-regexp 'http\.https\:\/\/github\.com\/\.extraheader' && git config --local --unset-all 'http.https://github.com/.extraheader' || :"
2025-07-27T21:59:32.3623969Z Evaluate and set job outputs
2025-07-27T21:59:32.3629933Z Set output 'eks_cluster_name'
2025-07-27T21:59:32.3631850Z Set output 'application_url_command'
2025-07-27T21:59:32.3632987Z Set output 's3_backup_url'
2025-07-27T21:59:32.3633511Z Set output 's3_backup_latest_url'
2025-07-27T21:59:32.3633835Z Set output 'mongodb_private_ip'
2025-07-27T21:59:32.3634540Z Cleaning up orphan processes